// !$*UTF8*$!
{
	archiveVersion = 1;
	classes = {
	};
	objectVersion = 56;
	objects = {

/* Begin PBXBuildFile section */
		A71FC0A72AEBA3F000875CBF /* ChooseFormulationViewController.swift in Sources */ = {isa = PBXBuildFile; fileRef = A71FC0A52AEBA3F000875CBF /* ChooseFormulationViewController.swift */; };
		A71FC0A82AEBA3F000875CBF /* ChooseFormulationViewController.xib in Resources */ = {isa = PBXBuildFile; fileRef = A71FC0A62AEBA3F000875CBF /* ChooseFormulationViewController.xib */; };
		A71FC0B42AEBCF8A00875CBF /* AddDeviceViewController.swift in Sources */ = {isa = PBXBuildFile; fileRef = A71FC0B22AEBCF8A00875CBF /* AddDeviceViewController.swift */; };
		A71FC0B52AEBCF8A00875CBF /* AddDeviceViewController.xib in Resources */ = {isa = PBXBuildFile; fileRef = A71FC0B32AEBCF8A00875CBF /* AddDeviceViewController.xib */; };
		A71FC0D92AF2519300875CBF /* DeleteDeviceViewController.swift in Sources */ = {isa = PBXBuildFile; fileRef = A71FC0D72AF2519300875CBF /* DeleteDeviceViewController.swift */; };
		A71FC0DA2AF2519300875CBF /* DeleteDeviceViewController.xib in Resources */ = {isa = PBXBuildFile; fileRef = A71FC0D82AF2519300875CBF /* DeleteDeviceViewController.xib */; };
		A72C07022AFA266F005395DB /* RegisterFormulaViewController.swift in Sources */ = {isa = PBXBuildFile; fileRef = A72C07002AFA266F005395DB /* RegisterFormulaViewController.swift */; };
		A72C07032AFA266F005395DB /* RegisterFormulaViewController.xib in Resources */ = {isa = PBXBuildFile; fileRef = A72C07012AFA266F005395DB /* RegisterFormulaViewController.xib */; };
		A72C07052AFA2C72005395DB /* GoogleSignIn in Frameworks */ = {isa = PBXBuildFile; productRef = A72C07042AFA2C72005395DB /* GoogleSignIn */; };
		A72C07072AFA2C72005395DB /* GoogleSignInSwift in Frameworks */ = {isa = PBXBuildFile; productRef = A72C07062AFA2C72005395DB /* GoogleSignInSwift */; };
		A72C07092AFA2D0B005395DB /* FirebaseAnalytics in Frameworks */ = {isa = PBXBuildFile; productRef = A72C07082AFA2D0B005395DB /* FirebaseAnalytics */; };
		A72C070B2AFA2D0B005395DB /* FirebaseAnalyticsSwift in Frameworks */ = {isa = PBXBuildFile; productRef = A72C070A2AFA2D0B005395DB /* FirebaseAnalyticsSwift */; };
		A72C070D2AFA2D0B005395DB /* FirebaseAuth in Frameworks */ = {isa = PBXBuildFile; productRef = A72C070C2AFA2D0B005395DB /* FirebaseAuth */; };
		A72C070F2AFA2D0B005395DB /* FirebaseAuthCombine-Community in Frameworks */ = {isa = PBXBuildFile; productRef = A72C070E2AFA2D0B005395DB /* FirebaseAuthCombine-Community */; };
		A72C07112AFA2D0B005395DB /* FirebaseCrashlytics in Frameworks */ = {isa = PBXBuildFile; productRef = A72C07102AFA2D0B005395DB /* FirebaseCrashlytics */; };
		A72C07132AFA2D0B005395DB /* FirebaseDatabase in Frameworks */ = {isa = PBXBuildFile; productRef = A72C07122AFA2D0B005395DB /* FirebaseDatabase */; };
		A72C07152AFA2D0B005395DB /* FirebaseDatabaseSwift in Frameworks */ = {isa = PBXBuildFile; productRef = A72C07142AFA2D0B005395DB /* FirebaseDatabaseSwift */; };
		A72C07172AFA2D0B005395DB /* FirebaseFirestore in Frameworks */ = {isa = PBXBuildFile; productRef = A72C07162AFA2D0B005395DB /* FirebaseFirestore */; };
		A72C07192AFA2D0B005395DB /* FirebaseMessaging in Frameworks */ = {isa = PBXBuildFile; productRef = A72C07182AFA2D0B005395DB /* FirebaseMessaging */; };
		A72C071B2AFA2D3A005395DB /* Alamofire in Frameworks */ = {isa = PBXBuildFile; productRef = A72C071A2AFA2D3A005395DB /* Alamofire */; };
		A72C071D2AFA2D5F005395DB /* DGCharts in Frameworks */ = {isa = PBXBuildFile; productRef = A72C071C2AFA2D5F005395DB /* DGCharts */; };
		A756C1C92AF8DFDE004E58A0 /* FormulaSettingViewController.swift in Sources */ = {isa = PBXBuildFile; fileRef = A756C1C72AF8DFDE004E58A0 /* FormulaSettingViewController.swift */; };
		A756C1CA2AF8DFDE004E58A0 /* FormulaSettingViewController.xib in Resources */ = {isa = PBXBuildFile; fileRef = A756C1C82AF8DFDE004E58A0 /* FormulaSettingViewController.xib */; };
		A756C1CE2AF8F29F004E58A0 /* FormulaTableViewCell.swift in Sources */ = {isa = PBXBuildFile; fileRef = A756C1CC2AF8F29F004E58A0 /* FormulaTableViewCell.swift */; };
		A756C1CF2AF8F29F004E58A0 /* FormulaTableViewCell.xib in Resources */ = {isa = PBXBuildFile; fileRef = A756C1CD2AF8F29F004E58A0 /* FormulaTableViewCell.xib */; };
		A756C1D32AFA110E004E58A0 /* AddNewFormulaViewController.swift in Sources */ = {isa = PBXBuildFile; fileRef = A756C1D12AFA110E004E58A0 /* AddNewFormulaViewController.swift */; };
		A756C1D42AFA110E004E58A0 /* AddNewFormulaViewController.xib in Resources */ = {isa = PBXBuildFile; fileRef = A756C1D22AFA110E004E58A0 /* AddNewFormulaViewController.xib */; };
		A756C1DA2AFA183E004E58A0 /* PlantEmptyViewController.swift in Sources */ = {isa = PBXBuildFile; fileRef = A756C1D82AFA183E004E58A0 /* PlantEmptyViewController.swift */; };
		A756C1DB2AFA183E004E58A0 /* PlantEmptyViewController.xib in Resources */ = {isa = PBXBuildFile; fileRef = A756C1D92AFA183E004E58A0 /* PlantEmptyViewController.xib */; };
		A756C1E02AFA1864004E58A0 /* PlantSearchViewController.swift in Sources */ = {isa = PBXBuildFile; fileRef = A756C1DE2AFA1864004E58A0 /* PlantSearchViewController.swift */; };
		A756C1E12AFA1864004E58A0 /* PlantSearchViewController.xib in Resources */ = {isa = PBXBuildFile; fileRef = A756C1DF2AFA1864004E58A0 /* PlantSearchViewController.xib */; };
		A756C1E52AFA2028004E58A0 /* PlantSearchTableViewCell.swift in Sources */ = {isa = PBXBuildFile; fileRef = A756C1E32AFA2028004E58A0 /* PlantSearchTableViewCell.swift */; };
		A756C1E62AFA2028004E58A0 /* PlantSearchTableViewCell.xib in Resources */ = {isa = PBXBuildFile; fileRef = A756C1E42AFA2028004E58A0 /* PlantSearchTableViewCell.xib */; };
		A79DB2C22AF39230003D768A /* SuccessDeleteDeviceViewController.swift in Sources */ = {isa = PBXBuildFile; fileRef = A79DB2C02AF39230003D768A /* SuccessDeleteDeviceViewController.swift */; };
		A79DB2C32AF39230003D768A /* SuccessDeleteDeviceViewController.xib in Resources */ = {isa = PBXBuildFile; fileRef = A79DB2C12AF39230003D768A /* SuccessDeleteDeviceViewController.xib */; };
		A79DB2C62AF39786003D768A /* SaveSuccessViewController.swift in Sources */ = {isa = PBXBuildFile; fileRef = A79DB2C42AF39786003D768A /* SaveSuccessViewController.swift */; };
		A79DB2C72AF39786003D768A /* SaveSuccessViewController.xib in Resources */ = {isa = PBXBuildFile; fileRef = A79DB2C52AF39786003D768A /* SaveSuccessViewController.xib */; };
		A7D78E162AE92822006577AE /* LocalizationStoryboard.swift in Sources */ = {isa = PBXBuildFile; fileRef = A7D78E152AE92822006577AE /* LocalizationStoryboard.swift */; };
		A7D78E1F2AEA6CA6006577AE /* GrowthStepViewController.swift in Sources */ = {isa = PBXBuildFile; fileRef = A7D78E1D2AEA6CA6006577AE /* GrowthStepViewController.swift */; };
		A7D78E202AEA6CA6006577AE /* GrowthStepViewController.xib in Resources */ = {isa = PBXBuildFile; fileRef = A7D78E1E2AEA6CA6006577AE /* GrowthStepViewController.xib */; };
		A7E23C572AE922E80065F24F /* EditDeviceViewController.swift in Sources */ = {isa = PBXBuildFile; fileRef = A7E23C552AE922E80065F24F /* EditDeviceViewController.swift */; };
		A7E23C582AE922E80065F24F /* EditDeviceViewController.xib in Resources */ = {isa = PBXBuildFile; fileRef = A7E23C562AE922E80065F24F /* EditDeviceViewController.xib */; };
		D60225902AEFA84700F3800F /* Date+Extension.swift in Sources */ = {isa = PBXBuildFile; fileRef = D602258F2AEFA84700F3800F /* Date+Extension.swift */; };
		D602259E2AEFB0D700F3800F /* CustomFieldView.swift in Sources */ = {isa = PBXBuildFile; fileRef = D60225952AEFB0D700F3800F /* CustomFieldView.swift */; };
		D602259F2AEFB0D700F3800F /* CustomGrowthStepView.swift in Sources */ = {isa = PBXBuildFile; fileRef = D60225962AEFB0D700F3800F /* CustomGrowthStepView.swift */; };
		D60225A02AEFB0D700F3800F /* BottomSheetView.swift in Sources */ = {isa = PBXBuildFile; fileRef = D60225972AEFB0D700F3800F /* BottomSheetView.swift */; };
		D60225A12AEFB0D700F3800F /* CustomMyChoiceView.swift in Sources */ = {isa = PBXBuildFile; fileRef = D60225982AEFB0D700F3800F /* CustomMyChoiceView.swift */; };
		D60225A22AEFB0D700F3800F /* CustomChooseFormulationView.swift in Sources */ = {isa = PBXBuildFile; fileRef = D60225992AEFB0D700F3800F /* CustomChooseFormulationView.swift */; };
		D60225A32AEFB0D700F3800F /* CustomSearchItemCell.xib in Resources */ = {isa = PBXBuildFile; fileRef = D602259B2AEFB0D700F3800F /* CustomSearchItemCell.xib */; };
		D60225A42AEFB0D700F3800F /* CustomSearchItemCell.swift in Sources */ = {isa = PBXBuildFile; fileRef = D602259C2AEFB0D700F3800F /* CustomSearchItemCell.swift */; };
		D60225AA2AEFB3DD00F3800F /* HeaderTableViewCell.swift in Sources */ = {isa = PBXBuildFile; fileRef = D60225A92AEFB3DD00F3800F /* HeaderTableViewCell.swift */; };
		D60225AB2AEFB42200F3800F /* CustomFieldViewModel.swift in Sources */ = {isa = PBXBuildFile; fileRef = D60225942AEFB0D700F3800F /* CustomFieldViewModel.swift */; };
		D60225AF2AEFB62900F3800F /* ConnectWifiViewController.swift in Sources */ = {isa = PBXBuildFile; fileRef = D60225AD2AEFB62900F3800F /* ConnectWifiViewController.swift */; };
		D60225B02AEFB62900F3800F /* ConnectWifiViewController.xib in Resources */ = {isa = PBXBuildFile; fileRef = D60225AE2AEFB62900F3800F /* ConnectWifiViewController.xib */; };
		D608922A2AEA760200A1C530 /* OnboardingViewController.swift in Sources */ = {isa = PBXBuildFile; fileRef = D60892282AEA760200A1C530 /* OnboardingViewController.swift */; };
		D608922B2AEA760200A1C530 /* OnboardingViewController.xib in Resources */ = {isa = PBXBuildFile; fileRef = D60892292AEA760200A1C530 /* OnboardingViewController.xib */; };
		D608922D2AEA7A8300A1C530 /* GradientView.swift in Sources */ = {isa = PBXBuildFile; fileRef = D608922C2AEA7A8300A1C530 /* GradientView.swift */; };
		D60950402AEF890000DD5FDD /* HistoryGraphTableViewCell.swift in Sources */ = {isa = PBXBuildFile; fileRef = D609503E2AEF890000DD5FDD /* HistoryGraphTableViewCell.swift */; };
		D60950412AEF890000DD5FDD /* HistoryGraphTableViewCell.xib in Resources */ = {isa = PBXBuildFile; fileRef = D609503F2AEF890000DD5FDD /* HistoryGraphTableViewCell.xib */; };
		D614AA4B2AF403F700B5BED7 /* ScanQRViewController.xib in Resources */ = {isa = PBXBuildFile; fileRef = D614AA492AF403F700B5BED7 /* ScanQRViewController.xib */; };
		D614AA4C2AF403F700B5BED7 /* ScanQRViewController.swift in Sources */ = {isa = PBXBuildFile; fileRef = D614AA4A2AF403F700B5BED7 /* ScanQRViewController.swift */; };
		D614AA4E2AF4043100B5BED7 /* CustomMyChoiceView.swift in Sources */ = {isa = PBXBuildFile; fileRef = D614AA4D2AF4043100B5BED7 /* CustomMyChoiceView.swift */; };
		D6239CD22AF22BEF0097E8D1 /* AlertView.xib in Resources */ = {isa = PBXBuildFile; fileRef = D6239CD12AF22BEF0097E8D1 /* AlertView.xib */; };
		D6239CD42AF22C940097E8D1 /* AlertView.swift in Sources */ = {isa = PBXBuildFile; fileRef = D6239CD32AF22C940097E8D1 /* AlertView.swift */; };
		D630F5002AD8112A00A355D0 /* DMSans-MediumItalic.ttf in Resources */ = {isa = PBXBuildFile; fileRef = D630F4EE2AD8112900A355D0 /* DMSans-MediumItalic.ttf */; };
		D630F5022AD8112A00A355D0 /* DMSans-BoldItalic.ttf in Resources */ = {isa = PBXBuildFile; fileRef = D630F4F02AD8112A00A355D0 /* DMSans-BoldItalic.ttf */; };
		D630F5032AD8112A00A355D0 /* DMSans-Thin.ttf in Resources */ = {isa = PBXBuildFile; fileRef = D630F4F12AD8112A00A355D0 /* DMSans-Thin.ttf */; };
		D630F5042AD8112A00A355D0 /* DMSans-Bold.ttf in Resources */ = {isa = PBXBuildFile; fileRef = D630F4F22AD8112A00A355D0 /* DMSans-Bold.ttf */; };
		D630F5052AD8112A00A355D0 /* DMSans-SemiBold.ttf in Resources */ = {isa = PBXBuildFile; fileRef = D630F4F32AD8112A00A355D0 /* DMSans-SemiBold.ttf */; };
		D630F5062AD8112A00A355D0 /* DMSans-Italic.ttf in Resources */ = {isa = PBXBuildFile; fileRef = D630F4F42AD8112A00A355D0 /* DMSans-Italic.ttf */; };
		D630F5082AD8112A00A355D0 /* DMSans-Black.ttf in Resources */ = {isa = PBXBuildFile; fileRef = D630F4F62AD8112A00A355D0 /* DMSans-Black.ttf */; };
		D630F5092AD8112A00A355D0 /* DMSans-Regular.ttf in Resources */ = {isa = PBXBuildFile; fileRef = D630F4F72AD8112A00A355D0 /* DMSans-Regular.ttf */; };
		D630F50A2AD8112A00A355D0 /* DMSans-BlackItalic.ttf in Resources */ = {isa = PBXBuildFile; fileRef = D630F4F82AD8112A00A355D0 /* DMSans-BlackItalic.ttf */; };
		D630F50B2AD8112A00A355D0 /* DMSans-ThinItalic.ttf in Resources */ = {isa = PBXBuildFile; fileRef = D630F4F92AD8112A00A355D0 /* DMSans-ThinItalic.ttf */; };
		D630F50C2AD8112A00A355D0 /* DMSans-Light.ttf in Resources */ = {isa = PBXBuildFile; fileRef = D630F4FA2AD8112A00A355D0 /* DMSans-Light.ttf */; };
		D630F50D2AD8112A00A355D0 /* DMSans-LightItalic.ttf in Resources */ = {isa = PBXBuildFile; fileRef = D630F4FB2AD8112A00A355D0 /* DMSans-LightItalic.ttf */; };
		D630F50F2AD8112A00A355D0 /* DMSans-SemiBoldItalic.ttf in Resources */ = {isa = PBXBuildFile; fileRef = D630F4FD2AD8112A00A355D0 /* DMSans-SemiBoldItalic.ttf */; };
		D630F5112AD8112A00A355D0 /* DMSans-Medium.ttf in Resources */ = {isa = PBXBuildFile; fileRef = D630F4FF2AD8112A00A355D0 /* DMSans-Medium.ttf */; };
		D640E2022AC7A32D007E993F /* Box.swift in Sources */ = {isa = PBXBuildFile; fileRef = D640E2012AC7A32D007E993F /* Box.swift */; };
		D64547092AEA96FE0077DA04 /* SignInViewController.swift in Sources */ = {isa = PBXBuildFile; fileRef = D64547072AEA96FE0077DA04 /* SignInViewController.swift */; };
		D645470A2AEA96FE0077DA04 /* SignInViewController.xib in Resources */ = {isa = PBXBuildFile; fileRef = D64547082AEA96FE0077DA04 /* SignInViewController.xib */; };
		D646B4562AE902CA00BE78EC /* DevicesViewModel.swift in Sources */ = {isa = PBXBuildFile; fileRef = D646B4552AE902CA00BE78EC /* DevicesViewModel.swift */; };
		D65C58832AE26D2F00FE8D1E /* String+Extension.swift in Sources */ = {isa = PBXBuildFile; fileRef = D65C58822AE26D2F00FE8D1E /* String+Extension.swift */; };
		D68003EB2ADB838D00AAED95 /* Localizable.xcstrings in Resources */ = {isa = PBXBuildFile; fileRef = D68003EA2ADB838D00AAED95 /* Localizable.xcstrings */; };
		D681D5722AE68CD3005A0BAC /* DevicesViewController.swift in Sources */ = {isa = PBXBuildFile; fileRef = D681D5702AE68CD3005A0BAC /* DevicesViewController.swift */; };
		D681D5732AE68CD3005A0BAC /* DevicesViewController.xib in Resources */ = {isa = PBXBuildFile; fileRef = D681D5712AE68CD3005A0BAC /* DevicesViewController.xib */; };
		D681D5772AE68D0E005A0BAC /* DevicesItemTableViewCell.swift in Sources */ = {isa = PBXBuildFile; fileRef = D681D5752AE68D0E005A0BAC /* DevicesItemTableViewCell.swift */; };
		D681D5782AE68D0E005A0BAC /* DevicesItemTableViewCell.xib in Resources */ = {isa = PBXBuildFile; fileRef = D681D5762AE68D0E005A0BAC /* DevicesItemTableViewCell.xib */; };
		D68D4E732AF5E99600F61B1E /* NotificationItemTableViewCell.swift in Sources */ = {isa = PBXBuildFile; fileRef = D68D4E712AF5E99600F61B1E /* NotificationItemTableViewCell.swift */; };
		D68D4E742AF5E99600F61B1E /* NotificationItemTableViewCell.xib in Resources */ = {isa = PBXBuildFile; fileRef = D68D4E722AF5E99600F61B1E /* NotificationItemTableViewCell.xib */; };
		D68D4E782AF5F7F400F61B1E /* CustomLoadingCell.swift in Sources */ = {isa = PBXBuildFile; fileRef = D68D4E762AF5F7F400F61B1E /* CustomLoadingCell.swift */; };
		D68D4E792AF5F7F400F61B1E /* CustomLoadingCell.xib in Resources */ = {isa = PBXBuildFile; fileRef = D68D4E772AF5F7F400F61B1E /* CustomLoadingCell.xib */; };
		D68D4E7D2AF5FA4200F61B1E /* ProfileViewController.swift in Sources */ = {isa = PBXBuildFile; fileRef = D68D4E7B2AF5FA4200F61B1E /* ProfileViewController.swift */; };
		D68D4E7E2AF5FA4200F61B1E /* ProfileViewController.xib in Resources */ = {isa = PBXBuildFile; fileRef = D68D4E7C2AF5FA4200F61B1E /* ProfileViewController.xib */; };
		D68D4E872AF6B66900F61B1E /* AuthenticationDataSource.swift in Sources */ = {isa = PBXBuildFile; fileRef = D68D4E862AF6B66900F61B1E /* AuthenticationDataSource.swift */; };
		D68D4E8A2AF6B83900F61B1E /* AuthenticationProtocol.swift in Sources */ = {isa = PBXBuildFile; fileRef = D68D4E892AF6B83900F61B1E /* AuthenticationProtocol.swift */; };
		D68D4E8C2AF6B88100F61B1E /* AuthenticationRepository.swift in Sources */ = {isa = PBXBuildFile; fileRef = D68D4E8B2AF6B88100F61B1E /* AuthenticationRepository.swift */; };
		D68D4E8E2AF6BFD500F61B1E /* GoogleService-Info.plist in Resources */ = {isa = PBXBuildFile; fileRef = D68D4E8D2AF6BFD500F61B1E /* GoogleService-Info.plist */; };
		D6917A2E2AEA9E6B00CD7F5C /* UITextField+Extensions.swift in Sources */ = {isa = PBXBuildFile; fileRef = D6917A2D2AEA9E6B00CD7F5C /* UITextField+Extensions.swift */; };
		D6917A322AEAB4F800CD7F5C /* SignUpViewController.swift in Sources */ = {isa = PBXBuildFile; fileRef = D6917A302AEAB4F800CD7F5C /* SignUpViewController.swift */; };
		D6917A332AEAB4F800CD7F5C /* SignUpViewController.xib in Resources */ = {isa = PBXBuildFile; fileRef = D6917A312AEAB4F800CD7F5C /* SignUpViewController.xib */; };
		D69D171F2AEEC80100A5347C /* NotificationViewController.swift in Sources */ = {isa = PBXBuildFile; fileRef = D69D171D2AEEC80100A5347C /* NotificationViewController.swift */; };
		D69D17202AEEC80100A5347C /* NotificationViewController.xib in Resources */ = {isa = PBXBuildFile; fileRef = D69D171E2AEEC80100A5347C /* NotificationViewController.xib */; };
		D69D17222AEECA9800A5347C /* BaseResponse.swift in Sources */ = {isa = PBXBuildFile; fileRef = D69D17212AEECA9800A5347C /* BaseResponse.swift */; };
		D69D17252AEED5A100A5347C /* DetailDeviceViewController.swift in Sources */ = {isa = PBXBuildFile; fileRef = D69D17232AEED5A100A5347C /* DetailDeviceViewController.swift */; };
		D69D17262AEED5A100A5347C /* DetailDeviceViewController.xib in Resources */ = {isa = PBXBuildFile; fileRef = D69D17242AEED5A100A5347C /* DetailDeviceViewController.xib */; };
		D69D172B2AEF600900A5347C /* HeaderTableViewCell.xib in Resources */ = {isa = PBXBuildFile; fileRef = D69D17292AEF600900A5347C /* HeaderTableViewCell.xib */; };
		D69D172E2AEF805600A5347C /* DetailDeviceAlertTableViewCell.swift in Sources */ = {isa = PBXBuildFile; fileRef = D69D172C2AEF805600A5347C /* DetailDeviceAlertTableViewCell.swift */; };
		D69D172F2AEF805600A5347C /* DetailDeviceAlertTableViewCell.xib in Resources */ = {isa = PBXBuildFile; fileRef = D69D172D2AEF805600A5347C /* DetailDeviceAlertTableViewCell.xib */; };
		D6A8ABBD2AEEADD800D6466B /* HydrospaceAPIDataSource.swift in Sources */ = {isa = PBXBuildFile; fileRef = D6A8ABBC2AEEADD800D6466B /* HydrospaceAPIDataSource.swift */; };
		D6A8ABBF2AEEBE6500D6466B /* NotificationResponse.swift in Sources */ = {isa = PBXBuildFile; fileRef = D6A8ABBE2AEEBE6500D6466B /* NotificationResponse.swift */; };
		D6A8ABC22AEEC0B900D6466B /* NotificationRepository.swift in Sources */ = {isa = PBXBuildFile; fileRef = D6A8ABC12AEEC0B900D6466B /* NotificationRepository.swift */; };
		D6A8ABC42AEEC0C100D6466B /* NotificationRepositoryProtocol.swift in Sources */ = {isa = PBXBuildFile; fileRef = D6A8ABC32AEEC0C100D6466B /* NotificationRepositoryProtocol.swift */; };
		D6A8ABC62AEEC0D400D6466B /* NotificationModel.swift in Sources */ = {isa = PBXBuildFile; fileRef = D6A8ABC52AEEC0D400D6466B /* NotificationModel.swift */; };
		D6AC85722ACFF7700033B665 /* MainViewController.swift in Sources */ = {isa = PBXBuildFile; fileRef = D6AC85712ACFF7700033B665 /* MainViewController.swift */; };
		D6AC85742ACFFA000033B665 /* MainViewController.xib in Resources */ = {isa = PBXBuildFile; fileRef = D6AC85732ACFFA000033B665 /* MainViewController.xib */; };
		D6AC857F2ACFFD2F0033B665 /* NotificationViewModel.swift in Sources */ = {isa = PBXBuildFile; fileRef = D6AC857E2ACFFD2F0033B665 /* NotificationViewModel.swift */; };
		D6AC85832ACFFD7E0033B665 /* FormulaSettingViewModel.swift in Sources */ = {isa = PBXBuildFile; fileRef = D6AC85822ACFFD7E0033B665 /* FormulaSettingViewModel.swift */; };
		D6B607662AEFEEFC007D45C1 /* DetailDeviceViewModel.swift in Sources */ = {isa = PBXBuildFile; fileRef = D6B607652AEFEEFC007D45C1 /* DetailDeviceViewModel.swift */; };
		D6BD3B712AD0CAB6005B85C3 /* DeviceResponse.swift in Sources */ = {isa = PBXBuildFile; fileRef = D6BD3B702AD0CAB6005B85C3 /* DeviceResponse.swift */; };
		D6BD3B732AD0CB39005B85C3 /* HydrospaceRTDBDataSource.swift in Sources */ = {isa = PBXBuildFile; fileRef = D6BD3B722AD0CB39005B85C3 /* HydrospaceRTDBDataSource.swift */; };
		D6BD3B752AD1223C005B85C3 /* HydrospaceRepository.swift in Sources */ = {isa = PBXBuildFile; fileRef = D6BD3B742AD1223C005B85C3 /* HydrospaceRepository.swift */; };
		D6BD3B772AD1224E005B85C3 /* HydrospaceRepositoryProtocol.swift in Sources */ = {isa = PBXBuildFile; fileRef = D6BD3B762AD1224E005B85C3 /* HydrospaceRepositoryProtocol.swift */; };
		D6BD3B792AD123C4005B85C3 /* DeviceModel.swift in Sources */ = {isa = PBXBuildFile; fileRef = D6BD3B782AD123C3005B85C3 /* DeviceModel.swift */; };
		D6CF2CC62AF4CB7700BC6225 /* SignUpViewModel.swift in Sources */ = {isa = PBXBuildFile; fileRef = D6CF2CC52AF4CB7700BC6225 /* SignUpViewModel.swift */; };
		D6CF2CCA2AF4E01800BC6225 /* SignInViewModel.swift in Sources */ = {isa = PBXBuildFile; fileRef = D6CF2CC92AF4E01800BC6225 /* SignInViewModel.swift */; };
		D6D010252AC6C60800EC51FB /* AppDelegate.swift in Sources */ = {isa = PBXBuildFile; fileRef = D6D010242AC6C60800EC51FB /* AppDelegate.swift */; };
		D6D010272AC6C60800EC51FB /* SceneDelegate.swift in Sources */ = {isa = PBXBuildFile; fileRef = D6D010262AC6C60800EC51FB /* SceneDelegate.swift */; };
		D6D0102E2AC6C60900EC51FB /* Assets.xcassets in Resources */ = {isa = PBXBuildFile; fileRef = D6D0102D2AC6C60900EC51FB /* Assets.xcassets */; };
		D6D010312AC6C60900EC51FB /* LaunchScreen.storyboard in Resources */ = {isa = PBXBuildFile; fileRef = D6D0102F2AC6C60900EC51FB /* LaunchScreen.storyboard */; };
		D6D0103C2AC6C60900EC51FB /* GreenovationTests.swift in Sources */ = {isa = PBXBuildFile; fileRef = D6D0103B2AC6C60900EC51FB /* GreenovationTests.swift */; };
		D6D010462AC6C60900EC51FB /* GreenovationUITests.swift in Sources */ = {isa = PBXBuildFile; fileRef = D6D010452AC6C60900EC51FB /* GreenovationUITests.swift */; };
		D6D010482AC6C60900EC51FB /* GreenovationUITestsLaunchTests.swift in Sources */ = {isa = PBXBuildFile; fileRef = D6D010472AC6C60900EC51FB /* GreenovationUITestsLaunchTests.swift */; };
		D6DFD64E2AE7DEE200215428 /* View+Extension.swift in Sources */ = {isa = PBXBuildFile; fileRef = D6DFD64D2AE7DEE200215428 /* View+Extension.swift */; };
		D6F463942AF38CE600814C7D /* AlertLargeView.swift in Sources */ = {isa = PBXBuildFile; fileRef = D6F463932AF38CE600814C7D /* AlertLargeView.swift */; };
		D6F463962AF38CFF00814C7D /* AlertLargeView.xib in Resources */ = {isa = PBXBuildFile; fileRef = D6F463952AF38CFF00814C7D /* AlertLargeView.xib */; };
/* End PBXBuildFile section */

/* Begin PBXContainerItemProxy section */
		D6D010382AC6C60900EC51FB /* PBXContainerItemProxy */ = {
			isa = PBXContainerItemProxy;
			containerPortal = D6D010192AC6C60800EC51FB /* Project object */;
			proxyType = 1;
			remoteGlobalIDString = D6D010202AC6C60800EC51FB;
			remoteInfo = "Base Project";
		};
		D6D010422AC6C60900EC51FB /* PBXContainerItemProxy */ = {
			isa = PBXContainerItemProxy;
			containerPortal = D6D010192AC6C60800EC51FB /* Project object */;
			proxyType = 1;
			remoteGlobalIDString = D6D010202AC6C60800EC51FB;
			remoteInfo = "Base Project";
		};
/* End PBXContainerItemProxy section */

/* Begin PBXCopyFilesBuildPhase section */
		D60225B42AEFC5EA00F3800F /* Embed Frameworks */ = {
			isa = PBXCopyFilesBuildPhase;
			buildActionMask = 2147483647;
			dstPath = "";
			dstSubfolderSpec = 10;
			files = (
			);
			name = "Embed Frameworks";
			runOnlyForDeploymentPostprocessing = 0;
		};
/* End PBXCopyFilesBuildPhase section */

/* Begin PBXFileReference section */
		A71FC0A52AEBA3F000875CBF /* ChooseFormulationViewController.swift */ = {isa = PBXFileReference; lastKnownFileType = sourcecode.swift; path = ChooseFormulationViewController.swift; sourceTree = "<group>"; };
		A71FC0A62AEBA3F000875CBF /* ChooseFormulationViewController.xib */ = {isa = PBXFileReference; lastKnownFileType = file.xib; path = ChooseFormulationViewController.xib; sourceTree = "<group>"; };
		A71FC0B22AEBCF8A00875CBF /* AddDeviceViewController.swift */ = {isa = PBXFileReference; lastKnownFileType = sourcecode.swift; path = AddDeviceViewController.swift; sourceTree = "<group>"; };
		A71FC0B32AEBCF8A00875CBF /* AddDeviceViewController.xib */ = {isa = PBXFileReference; lastKnownFileType = file.xib; path = AddDeviceViewController.xib; sourceTree = "<group>"; };
		A71FC0D72AF2519300875CBF /* DeleteDeviceViewController.swift */ = {isa = PBXFileReference; lastKnownFileType = sourcecode.swift; path = DeleteDeviceViewController.swift; sourceTree = "<group>"; };
		A71FC0D82AF2519300875CBF /* DeleteDeviceViewController.xib */ = {isa = PBXFileReference; lastKnownFileType = file.xib; path = DeleteDeviceViewController.xib; sourceTree = "<group>"; };
		A72C07002AFA266F005395DB /* RegisterFormulaViewController.swift */ = {isa = PBXFileReference; lastKnownFileType = sourcecode.swift; path = RegisterFormulaViewController.swift; sourceTree = "<group>"; };
		A72C07012AFA266F005395DB /* RegisterFormulaViewController.xib */ = {isa = PBXFileReference; lastKnownFileType = file.xib; path = RegisterFormulaViewController.xib; sourceTree = "<group>"; };
		A756C1C72AF8DFDE004E58A0 /* FormulaSettingViewController.swift */ = {isa = PBXFileReference; lastKnownFileType = sourcecode.swift; path = FormulaSettingViewController.swift; sourceTree = "<group>"; };
		A756C1C82AF8DFDE004E58A0 /* FormulaSettingViewController.xib */ = {isa = PBXFileReference; lastKnownFileType = file.xib; path = FormulaSettingViewController.xib; sourceTree = "<group>"; };
		A756C1CC2AF8F29F004E58A0 /* FormulaTableViewCell.swift */ = {isa = PBXFileReference; lastKnownFileType = sourcecode.swift; path = FormulaTableViewCell.swift; sourceTree = "<group>"; };
		A756C1CD2AF8F29F004E58A0 /* FormulaTableViewCell.xib */ = {isa = PBXFileReference; lastKnownFileType = file.xib; path = FormulaTableViewCell.xib; sourceTree = "<group>"; };
		A756C1D12AFA110E004E58A0 /* AddNewFormulaViewController.swift */ = {isa = PBXFileReference; lastKnownFileType = sourcecode.swift; path = AddNewFormulaViewController.swift; sourceTree = "<group>"; };
		A756C1D22AFA110E004E58A0 /* AddNewFormulaViewController.xib */ = {isa = PBXFileReference; lastKnownFileType = file.xib; path = AddNewFormulaViewController.xib; sourceTree = "<group>"; };
		A756C1D82AFA183E004E58A0 /* PlantEmptyViewController.swift */ = {isa = PBXFileReference; lastKnownFileType = sourcecode.swift; path = PlantEmptyViewController.swift; sourceTree = "<group>"; };
		A756C1D92AFA183E004E58A0 /* PlantEmptyViewController.xib */ = {isa = PBXFileReference; lastKnownFileType = file.xib; path = PlantEmptyViewController.xib; sourceTree = "<group>"; };
		A756C1DE2AFA1864004E58A0 /* PlantSearchViewController.swift */ = {isa = PBXFileReference; lastKnownFileType = sourcecode.swift; path = PlantSearchViewController.swift; sourceTree = "<group>"; };
		A756C1DF2AFA1864004E58A0 /* PlantSearchViewController.xib */ = {isa = PBXFileReference; lastKnownFileType = file.xib; path = PlantSearchViewController.xib; sourceTree = "<group>"; };
		A756C1E32AFA2028004E58A0 /* PlantSearchTableViewCell.swift */ = {isa = PBXFileReference; lastKnownFileType = sourcecode.swift; path = PlantSearchTableViewCell.swift; sourceTree = "<group>"; };
		A756C1E42AFA2028004E58A0 /* PlantSearchTableViewCell.xib */ = {isa = PBXFileReference; lastKnownFileType = file.xib; path = PlantSearchTableViewCell.xib; sourceTree = "<group>"; };
		A79DB2C02AF39230003D768A /* SuccessDeleteDeviceViewController.swift */ = {isa = PBXFileReference; lastKnownFileType = sourcecode.swift; path = SuccessDeleteDeviceViewController.swift; sourceTree = "<group>"; };
		A79DB2C12AF39230003D768A /* SuccessDeleteDeviceViewController.xib */ = {isa = PBXFileReference; lastKnownFileType = file.xib; path = SuccessDeleteDeviceViewController.xib; sourceTree = "<group>"; };
		A79DB2C42AF39786003D768A /* SaveSuccessViewController.swift */ = {isa = PBXFileReference; lastKnownFileType = sourcecode.swift; path = SaveSuccessViewController.swift; sourceTree = "<group>"; };
		A79DB2C52AF39786003D768A /* SaveSuccessViewController.xib */ = {isa = PBXFileReference; lastKnownFileType = file.xib; path = SaveSuccessViewController.xib; sourceTree = "<group>"; };
		A7D78E152AE92822006577AE /* LocalizationStoryboard.swift */ = {isa = PBXFileReference; lastKnownFileType = sourcecode.swift; name = LocalizationStoryboard.swift; path = Greenovation/Utils/LocalizationStoryboard.swift; sourceTree = SOURCE_ROOT; };
		A7D78E1D2AEA6CA6006577AE /* GrowthStepViewController.swift */ = {isa = PBXFileReference; lastKnownFileType = sourcecode.swift; path = GrowthStepViewController.swift; sourceTree = "<group>"; };
		A7D78E1E2AEA6CA6006577AE /* GrowthStepViewController.xib */ = {isa = PBXFileReference; lastKnownFileType = file.xib; path = GrowthStepViewController.xib; sourceTree = "<group>"; };
		A7E23C552AE922E80065F24F /* EditDeviceViewController.swift */ = {isa = PBXFileReference; lastKnownFileType = sourcecode.swift; path = EditDeviceViewController.swift; sourceTree = "<group>"; };
		A7E23C562AE922E80065F24F /* EditDeviceViewController.xib */ = {isa = PBXFileReference; lastKnownFileType = file.xib; path = EditDeviceViewController.xib; sourceTree = "<group>"; };
		D602258F2AEFA84700F3800F /* Date+Extension.swift */ = {isa = PBXFileReference; lastKnownFileType = sourcecode.swift; path = "Date+Extension.swift"; sourceTree = "<group>"; };
		D60225942AEFB0D700F3800F /* CustomFieldViewModel.swift */ = {isa = PBXFileReference; fileEncoding = 4; lastKnownFileType = sourcecode.swift; path = CustomFieldViewModel.swift; sourceTree = "<group>"; };
		D60225952AEFB0D700F3800F /* CustomFieldView.swift */ = {isa = PBXFileReference; fileEncoding = 4; lastKnownFileType = sourcecode.swift; path = CustomFieldView.swift; sourceTree = "<group>"; };
		D60225962AEFB0D700F3800F /* CustomGrowthStepView.swift */ = {isa = PBXFileReference; fileEncoding = 4; lastKnownFileType = sourcecode.swift; path = CustomGrowthStepView.swift; sourceTree = "<group>"; };
		D60225972AEFB0D700F3800F /* BottomSheetView.swift */ = {isa = PBXFileReference; fileEncoding = 4; lastKnownFileType = sourcecode.swift; path = BottomSheetView.swift; sourceTree = "<group>"; };
		D60225982AEFB0D700F3800F /* CustomMyChoiceView.swift */ = {isa = PBXFileReference; fileEncoding = 4; lastKnownFileType = sourcecode.swift; path = CustomMyChoiceView.swift; sourceTree = "<group>"; };
		D60225992AEFB0D700F3800F /* CustomChooseFormulationView.swift */ = {isa = PBXFileReference; fileEncoding = 4; lastKnownFileType = sourcecode.swift; path = CustomChooseFormulationView.swift; sourceTree = "<group>"; };
		D602259B2AEFB0D700F3800F /* CustomSearchItemCell.xib */ = {isa = PBXFileReference; fileEncoding = 4; lastKnownFileType = file.xib; path = CustomSearchItemCell.xib; sourceTree = "<group>"; };
		D602259C2AEFB0D700F3800F /* CustomSearchItemCell.swift */ = {isa = PBXFileReference; fileEncoding = 4; lastKnownFileType = sourcecode.swift; path = CustomSearchItemCell.swift; sourceTree = "<group>"; };
		D60225A92AEFB3DD00F3800F /* HeaderTableViewCell.swift */ = {isa = PBXFileReference; fileEncoding = 4; lastKnownFileType = sourcecode.swift; path = HeaderTableViewCell.swift; sourceTree = "<group>"; };
		D60225AD2AEFB62900F3800F /* ConnectWifiViewController.swift */ = {isa = PBXFileReference; lastKnownFileType = sourcecode.swift; path = ConnectWifiViewController.swift; sourceTree = "<group>"; };
		D60225AE2AEFB62900F3800F /* ConnectWifiViewController.xib */ = {isa = PBXFileReference; lastKnownFileType = file.xib; path = ConnectWifiViewController.xib; sourceTree = "<group>"; };
		D60892282AEA760200A1C530 /* OnboardingViewController.swift */ = {isa = PBXFileReference; lastKnownFileType = sourcecode.swift; path = OnboardingViewController.swift; sourceTree = "<group>"; };
		D60892292AEA760200A1C530 /* OnboardingViewController.xib */ = {isa = PBXFileReference; lastKnownFileType = file.xib; path = OnboardingViewController.xib; sourceTree = "<group>"; };
		D608922C2AEA7A8300A1C530 /* GradientView.swift */ = {isa = PBXFileReference; lastKnownFileType = sourcecode.swift; path = GradientView.swift; sourceTree = "<group>"; };
		D609503E2AEF890000DD5FDD /* HistoryGraphTableViewCell.swift */ = {isa = PBXFileReference; lastKnownFileType = sourcecode.swift; path = HistoryGraphTableViewCell.swift; sourceTree = "<group>"; };
		D609503F2AEF890000DD5FDD /* HistoryGraphTableViewCell.xib */ = {isa = PBXFileReference; lastKnownFileType = file.xib; path = HistoryGraphTableViewCell.xib; sourceTree = "<group>"; };
		D614AA492AF403F700B5BED7 /* ScanQRViewController.xib */ = {isa = PBXFileReference; fileEncoding = 4; lastKnownFileType = file.xib; path = ScanQRViewController.xib; sourceTree = "<group>"; };
		D614AA4A2AF403F700B5BED7 /* ScanQRViewController.swift */ = {isa = PBXFileReference; fileEncoding = 4; lastKnownFileType = sourcecode.swift; path = ScanQRViewController.swift; sourceTree = "<group>"; };
		D614AA4D2AF4043100B5BED7 /* CustomMyChoiceView.swift */ = {isa = PBXFileReference; fileEncoding = 4; lastKnownFileType = sourcecode.swift; path = CustomMyChoiceView.swift; sourceTree = "<group>"; };
		D6239CD12AF22BEF0097E8D1 /* AlertView.xib */ = {isa = PBXFileReference; lastKnownFileType = file.xib; path = AlertView.xib; sourceTree = "<group>"; };
		D6239CD32AF22C940097E8D1 /* AlertView.swift */ = {isa = PBXFileReference; lastKnownFileType = sourcecode.swift; path = AlertView.swift; sourceTree = "<group>"; };
		D630F4EE2AD8112900A355D0 /* DMSans-MediumItalic.ttf */ = {isa = PBXFileReference; lastKnownFileType = file; path = "DMSans-MediumItalic.ttf"; sourceTree = "<group>"; };
		D630F4F02AD8112A00A355D0 /* DMSans-BoldItalic.ttf */ = {isa = PBXFileReference; lastKnownFileType = file; path = "DMSans-BoldItalic.ttf"; sourceTree = "<group>"; };
		D630F4F12AD8112A00A355D0 /* DMSans-Thin.ttf */ = {isa = PBXFileReference; lastKnownFileType = file; path = "DMSans-Thin.ttf"; sourceTree = "<group>"; };
		D630F4F22AD8112A00A355D0 /* DMSans-Bold.ttf */ = {isa = PBXFileReference; lastKnownFileType = file; path = "DMSans-Bold.ttf"; sourceTree = "<group>"; };
		D630F4F32AD8112A00A355D0 /* DMSans-SemiBold.ttf */ = {isa = PBXFileReference; lastKnownFileType = file; path = "DMSans-SemiBold.ttf"; sourceTree = "<group>"; };
		D630F4F42AD8112A00A355D0 /* DMSans-Italic.ttf */ = {isa = PBXFileReference; lastKnownFileType = file; path = "DMSans-Italic.ttf"; sourceTree = "<group>"; };
		D630F4F62AD8112A00A355D0 /* DMSans-Black.ttf */ = {isa = PBXFileReference; lastKnownFileType = file; path = "DMSans-Black.ttf"; sourceTree = "<group>"; };
		D630F4F72AD8112A00A355D0 /* DMSans-Regular.ttf */ = {isa = PBXFileReference; lastKnownFileType = file; path = "DMSans-Regular.ttf"; sourceTree = "<group>"; };
		D630F4F82AD8112A00A355D0 /* DMSans-BlackItalic.ttf */ = {isa = PBXFileReference; lastKnownFileType = file; path = "DMSans-BlackItalic.ttf"; sourceTree = "<group>"; };
		D630F4F92AD8112A00A355D0 /* DMSans-ThinItalic.ttf */ = {isa = PBXFileReference; lastKnownFileType = file; path = "DMSans-ThinItalic.ttf"; sourceTree = "<group>"; };
		D630F4FA2AD8112A00A355D0 /* DMSans-Light.ttf */ = {isa = PBXFileReference; lastKnownFileType = file; path = "DMSans-Light.ttf"; sourceTree = "<group>"; };
		D630F4FB2AD8112A00A355D0 /* DMSans-LightItalic.ttf */ = {isa = PBXFileReference; lastKnownFileType = file; path = "DMSans-LightItalic.ttf"; sourceTree = "<group>"; };
		D630F4FD2AD8112A00A355D0 /* DMSans-SemiBoldItalic.ttf */ = {isa = PBXFileReference; lastKnownFileType = file; path = "DMSans-SemiBoldItalic.ttf"; sourceTree = "<group>"; };
		D630F4FF2AD8112A00A355D0 /* DMSans-Medium.ttf */ = {isa = PBXFileReference; lastKnownFileType = file; path = "DMSans-Medium.ttf"; sourceTree = "<group>"; };
		D640E2012AC7A32D007E993F /* Box.swift */ = {isa = PBXFileReference; lastKnownFileType = sourcecode.swift; path = Box.swift; sourceTree = "<group>"; };
		D64547072AEA96FE0077DA04 /* SignInViewController.swift */ = {isa = PBXFileReference; lastKnownFileType = sourcecode.swift; path = SignInViewController.swift; sourceTree = "<group>"; };
		D64547082AEA96FE0077DA04 /* SignInViewController.xib */ = {isa = PBXFileReference; lastKnownFileType = file.xib; path = SignInViewController.xib; sourceTree = "<group>"; };
		D646B4552AE902CA00BE78EC /* DevicesViewModel.swift */ = {isa = PBXFileReference; lastKnownFileType = sourcecode.swift; path = DevicesViewModel.swift; sourceTree = "<group>"; };
		D65C58822AE26D2F00FE8D1E /* String+Extension.swift */ = {isa = PBXFileReference; lastKnownFileType = sourcecode.swift; path = "String+Extension.swift"; sourceTree = "<group>"; };
		D68003EA2ADB838D00AAED95 /* Localizable.xcstrings */ = {isa = PBXFileReference; lastKnownFileType = text.json.xcstrings; path = Localizable.xcstrings; sourceTree = "<group>"; };
		D681D5702AE68CD3005A0BAC /* DevicesViewController.swift */ = {isa = PBXFileReference; lastKnownFileType = sourcecode.swift; path = DevicesViewController.swift; sourceTree = "<group>"; };
		D681D5712AE68CD3005A0BAC /* DevicesViewController.xib */ = {isa = PBXFileReference; lastKnownFileType = file.xib; path = DevicesViewController.xib; sourceTree = "<group>"; };
		D681D5752AE68D0E005A0BAC /* DevicesItemTableViewCell.swift */ = {isa = PBXFileReference; lastKnownFileType = sourcecode.swift; path = DevicesItemTableViewCell.swift; sourceTree = "<group>"; };
		D681D5762AE68D0E005A0BAC /* DevicesItemTableViewCell.xib */ = {isa = PBXFileReference; lastKnownFileType = file.xib; path = DevicesItemTableViewCell.xib; sourceTree = "<group>"; };
		D68D4E712AF5E99600F61B1E /* NotificationItemTableViewCell.swift */ = {isa = PBXFileReference; lastKnownFileType = sourcecode.swift; path = NotificationItemTableViewCell.swift; sourceTree = "<group>"; };
		D68D4E722AF5E99600F61B1E /* NotificationItemTableViewCell.xib */ = {isa = PBXFileReference; lastKnownFileType = file.xib; path = NotificationItemTableViewCell.xib; sourceTree = "<group>"; };
		D68D4E762AF5F7F400F61B1E /* CustomLoadingCell.swift */ = {isa = PBXFileReference; lastKnownFileType = sourcecode.swift; path = CustomLoadingCell.swift; sourceTree = "<group>"; };
		D68D4E772AF5F7F400F61B1E /* CustomLoadingCell.xib */ = {isa = PBXFileReference; lastKnownFileType = file.xib; path = CustomLoadingCell.xib; sourceTree = "<group>"; };
		D68D4E7B2AF5FA4200F61B1E /* ProfileViewController.swift */ = {isa = PBXFileReference; lastKnownFileType = sourcecode.swift; path = ProfileViewController.swift; sourceTree = "<group>"; };
		D68D4E7C2AF5FA4200F61B1E /* ProfileViewController.xib */ = {isa = PBXFileReference; lastKnownFileType = file.xib; path = ProfileViewController.xib; sourceTree = "<group>"; };
		D68D4E862AF6B66900F61B1E /* AuthenticationDataSource.swift */ = {isa = PBXFileReference; lastKnownFileType = sourcecode.swift; path = AuthenticationDataSource.swift; sourceTree = "<group>"; };
		D68D4E892AF6B83900F61B1E /* AuthenticationProtocol.swift */ = {isa = PBXFileReference; lastKnownFileType = sourcecode.swift; path = AuthenticationProtocol.swift; sourceTree = "<group>"; };
		D68D4E8B2AF6B88100F61B1E /* AuthenticationRepository.swift */ = {isa = PBXFileReference; lastKnownFileType = sourcecode.swift; path = AuthenticationRepository.swift; sourceTree = "<group>"; };
		D68D4E8D2AF6BFD500F61B1E /* GoogleService-Info.plist */ = {isa = PBXFileReference; fileEncoding = 4; lastKnownFileType = text.plist.xml; path = "GoogleService-Info.plist"; sourceTree = "<group>"; };
		D6917A2D2AEA9E6B00CD7F5C /* UITextField+Extensions.swift */ = {isa = PBXFileReference; lastKnownFileType = sourcecode.swift; path = "UITextField+Extensions.swift"; sourceTree = "<group>"; };
		D6917A302AEAB4F800CD7F5C /* SignUpViewController.swift */ = {isa = PBXFileReference; lastKnownFileType = sourcecode.swift; path = SignUpViewController.swift; sourceTree = "<group>"; };
		D6917A312AEAB4F800CD7F5C /* SignUpViewController.xib */ = {isa = PBXFileReference; lastKnownFileType = file.xib; path = SignUpViewController.xib; sourceTree = "<group>"; };
		D69D171D2AEEC80100A5347C /* NotificationViewController.swift */ = {isa = PBXFileReference; lastKnownFileType = sourcecode.swift; path = NotificationViewController.swift; sourceTree = "<group>"; };
		D69D171E2AEEC80100A5347C /* NotificationViewController.xib */ = {isa = PBXFileReference; lastKnownFileType = file.xib; path = NotificationViewController.xib; sourceTree = "<group>"; };
		D69D17212AEECA9800A5347C /* BaseResponse.swift */ = {isa = PBXFileReference; lastKnownFileType = sourcecode.swift; path = BaseResponse.swift; sourceTree = "<group>"; };
		D69D17232AEED5A100A5347C /* DetailDeviceViewController.swift */ = {isa = PBXFileReference; lastKnownFileType = sourcecode.swift; name = DetailDeviceViewController.swift; path = Greenovation/Data/Network/Responses/DetailDeviceViewController.swift; sourceTree = SOURCE_ROOT; };
		D69D17242AEED5A100A5347C /* DetailDeviceViewController.xib */ = {isa = PBXFileReference; lastKnownFileType = file.xib; name = DetailDeviceViewController.xib; path = Greenovation/Data/Network/Responses/DetailDeviceViewController.xib; sourceTree = SOURCE_ROOT; };
		D69D17292AEF600900A5347C /* HeaderTableViewCell.xib */ = {isa = PBXFileReference; lastKnownFileType = file.xib; path = HeaderTableViewCell.xib; sourceTree = "<group>"; };
		D69D172C2AEF805600A5347C /* DetailDeviceAlertTableViewCell.swift */ = {isa = PBXFileReference; lastKnownFileType = sourcecode.swift; path = DetailDeviceAlertTableViewCell.swift; sourceTree = "<group>"; };
		D69D172D2AEF805600A5347C /* DetailDeviceAlertTableViewCell.xib */ = {isa = PBXFileReference; lastKnownFileType = file.xib; path = DetailDeviceAlertTableViewCell.xib; sourceTree = "<group>"; };
		D6A8ABBC2AEEADD800D6466B /* HydrospaceAPIDataSource.swift */ = {isa = PBXFileReference; lastKnownFileType = sourcecode.swift; path = HydrospaceAPIDataSource.swift; sourceTree = "<group>"; };
		D6A8ABBE2AEEBE6500D6466B /* NotificationResponse.swift */ = {isa = PBXFileReference; lastKnownFileType = sourcecode.swift; path = NotificationResponse.swift; sourceTree = "<group>"; };
		D6A8ABC12AEEC0B900D6466B /* NotificationRepository.swift */ = {isa = PBXFileReference; lastKnownFileType = sourcecode.swift; path = NotificationRepository.swift; sourceTree = "<group>"; };
		D6A8ABC32AEEC0C100D6466B /* NotificationRepositoryProtocol.swift */ = {isa = PBXFileReference; lastKnownFileType = sourcecode.swift; path = NotificationRepositoryProtocol.swift; sourceTree = "<group>"; };
		D6A8ABC52AEEC0D400D6466B /* NotificationModel.swift */ = {isa = PBXFileReference; lastKnownFileType = sourcecode.swift; path = NotificationModel.swift; sourceTree = "<group>"; };
		D6AC85712ACFF7700033B665 /* MainViewController.swift */ = {isa = PBXFileReference; lastKnownFileType = sourcecode.swift; path = MainViewController.swift; sourceTree = "<group>"; };
		D6AC85732ACFFA000033B665 /* MainViewController.xib */ = {isa = PBXFileReference; lastKnownFileType = file.xib; path = MainViewController.xib; sourceTree = "<group>"; };
		D6AC857E2ACFFD2F0033B665 /* NotificationViewModel.swift */ = {isa = PBXFileReference; lastKnownFileType = sourcecode.swift; path = NotificationViewModel.swift; sourceTree = "<group>"; };
		D6AC85822ACFFD7E0033B665 /* FormulaSettingViewModel.swift */ = {isa = PBXFileReference; lastKnownFileType = sourcecode.swift; path = FormulaSettingViewModel.swift; sourceTree = "<group>"; };
		D6B607652AEFEEFC007D45C1 /* DetailDeviceViewModel.swift */ = {isa = PBXFileReference; lastKnownFileType = sourcecode.swift; path = DetailDeviceViewModel.swift; sourceTree = "<group>"; };
		D6BD3B702AD0CAB6005B85C3 /* DeviceResponse.swift */ = {isa = PBXFileReference; lastKnownFileType = sourcecode.swift; path = DeviceResponse.swift; sourceTree = "<group>"; };
		D6BD3B722AD0CB39005B85C3 /* HydrospaceRTDBDataSource.swift */ = {isa = PBXFileReference; lastKnownFileType = sourcecode.swift; path = HydrospaceRTDBDataSource.swift; sourceTree = "<group>"; };
		D6BD3B742AD1223C005B85C3 /* HydrospaceRepository.swift */ = {isa = PBXFileReference; lastKnownFileType = sourcecode.swift; path = HydrospaceRepository.swift; sourceTree = "<group>"; };
		D6BD3B762AD1224E005B85C3 /* HydrospaceRepositoryProtocol.swift */ = {isa = PBXFileReference; lastKnownFileType = sourcecode.swift; path = HydrospaceRepositoryProtocol.swift; sourceTree = "<group>"; };
		D6BD3B782AD123C3005B85C3 /* DeviceModel.swift */ = {isa = PBXFileReference; lastKnownFileType = sourcecode.swift; path = DeviceModel.swift; sourceTree = "<group>"; };
		D6CF2CC52AF4CB7700BC6225 /* SignUpViewModel.swift */ = {isa = PBXFileReference; lastKnownFileType = sourcecode.swift; path = SignUpViewModel.swift; sourceTree = "<group>"; };
		D6CF2CC92AF4E01800BC6225 /* SignInViewModel.swift */ = {isa = PBXFileReference; lastKnownFileType = sourcecode.swift; path = SignInViewModel.swift; sourceTree = "<group>"; };
		D6D010212AC6C60800EC51FB /* Greenovation.app */ = {isa = PBXFileReference; explicitFileType = wrapper.application; includeInIndex = 0; path = Greenovation.app; sourceTree = BUILT_PRODUCTS_DIR; };
		D6D010242AC6C60800EC51FB /* AppDelegate.swift */ = {isa = PBXFileReference; lastKnownFileType = sourcecode.swift; path = AppDelegate.swift; sourceTree = "<group>"; };
		D6D010262AC6C60800EC51FB /* SceneDelegate.swift */ = {isa = PBXFileReference; lastKnownFileType = sourcecode.swift; path = SceneDelegate.swift; sourceTree = "<group>"; };
		D6D0102D2AC6C60900EC51FB /* Assets.xcassets */ = {isa = PBXFileReference; lastKnownFileType = folder.assetcatalog; path = Assets.xcassets; sourceTree = "<group>"; };
		D6D010302AC6C60900EC51FB /* Base */ = {isa = PBXFileReference; lastKnownFileType = file.storyboard; name = Base; path = Base.lproj/LaunchScreen.storyboard; sourceTree = "<group>"; };
		D6D010322AC6C60900EC51FB /* Info.plist */ = {isa = PBXFileReference; lastKnownFileType = text.plist.xml; path = Info.plist; sourceTree = "<group>"; };
		D6D010372AC6C60900EC51FB /* GreenovationTests.xctest */ = {isa = PBXFileReference; explicitFileType = wrapper.cfbundle; includeInIndex = 0; path = GreenovationTests.xctest; sourceTree = BUILT_PRODUCTS_DIR; };
		D6D0103B2AC6C60900EC51FB /* GreenovationTests.swift */ = {isa = PBXFileReference; lastKnownFileType = sourcecode.swift; path = GreenovationTests.swift; sourceTree = "<group>"; };
		D6D010412AC6C60900EC51FB /* GreenovationUITests.xctest */ = {isa = PBXFileReference; explicitFileType = wrapper.cfbundle; includeInIndex = 0; path = GreenovationUITests.xctest; sourceTree = BUILT_PRODUCTS_DIR; };
		D6D010452AC6C60900EC51FB /* GreenovationUITests.swift */ = {isa = PBXFileReference; lastKnownFileType = sourcecode.swift; path = GreenovationUITests.swift; sourceTree = "<group>"; };
		D6D010472AC6C60900EC51FB /* GreenovationUITestsLaunchTests.swift */ = {isa = PBXFileReference; lastKnownFileType = sourcecode.swift; path = GreenovationUITestsLaunchTests.swift; sourceTree = "<group>"; };
		D6DFD64D2AE7DEE200215428 /* View+Extension.swift */ = {isa = PBXFileReference; lastKnownFileType = sourcecode.swift; path = "View+Extension.swift"; sourceTree = "<group>"; };
		D6E50C1D2ACD60DF00375F9A /* Greenovation.entitlements */ = {isa = PBXFileReference; lastKnownFileType = text.plist.entitlements; path = Greenovation.entitlements; sourceTree = "<group>"; };
		D6F463932AF38CE600814C7D /* AlertLargeView.swift */ = {isa = PBXFileReference; lastKnownFileType = sourcecode.swift; path = AlertLargeView.swift; sourceTree = "<group>"; };
		D6F463952AF38CFF00814C7D /* AlertLargeView.xib */ = {isa = PBXFileReference; lastKnownFileType = file.xib; path = AlertLargeView.xib; sourceTree = "<group>"; };
/* End PBXFileReference section */

/* Begin PBXFrameworksBuildPhase section */
		D6D0101E2AC6C60800EC51FB /* Frameworks */ = {
			isa = PBXFrameworksBuildPhase;
			buildActionMask = 2147483647;
			files = (
				A72C071D2AFA2D5F005395DB /* DGCharts in Frameworks */,
				A72C070B2AFA2D0B005395DB /* FirebaseAnalyticsSwift in Frameworks */,
				A72C070F2AFA2D0B005395DB /* FirebaseAuthCombine-Community in Frameworks */,
				A72C070D2AFA2D0B005395DB /* FirebaseAuth in Frameworks */,
				A72C07172AFA2D0B005395DB /* FirebaseFirestore in Frameworks */,
				A72C07152AFA2D0B005395DB /* FirebaseDatabaseSwift in Frameworks */,
				A72C07112AFA2D0B005395DB /* FirebaseCrashlytics in Frameworks */,
				A72C07052AFA2C72005395DB /* GoogleSignIn in Frameworks */,
				A72C07072AFA2C72005395DB /* GoogleSignInSwift in Frameworks */,
				A72C07132AFA2D0B005395DB /* FirebaseDatabase in Frameworks */,
				A72C071B2AFA2D3A005395DB /* Alamofire in Frameworks */,
				A72C07192AFA2D0B005395DB /* FirebaseMessaging in Frameworks */,
				A72C07092AFA2D0B005395DB /* FirebaseAnalytics in Frameworks */,
			);
			runOnlyForDeploymentPostprocessing = 0;
		};
		D6D010342AC6C60900EC51FB /* Frameworks */ = {
			isa = PBXFrameworksBuildPhase;
			buildActionMask = 2147483647;
			files = (
			);
			runOnlyForDeploymentPostprocessing = 0;
		};
		D6D0103E2AC6C60900EC51FB /* Frameworks */ = {
			isa = PBXFrameworksBuildPhase;
			buildActionMask = 2147483647;
			files = (
			);
			runOnlyForDeploymentPostprocessing = 0;
		};
/* End PBXFrameworksBuildPhase section */

/* Begin PBXGroup section */
		A71FC0A22AEBA3B700875CBF /* Choose Formulation Bottom Sheet */ = {
			isa = PBXGroup;
			children = (
				A71FC0A52AEBA3F000875CBF /* ChooseFormulationViewController.swift */,
				A71FC0A62AEBA3F000875CBF /* ChooseFormulationViewController.xib */,
			);
			path = "Choose Formulation Bottom Sheet";
			sourceTree = "<group>";
		};
		A71FC0B12AEBCF7A00875CBF /* Add Device */ = {
			isa = PBXGroup;
			children = (
				D60225AC2AEFB5E000F3800F /* Add Device - Connect Wifi */,
				D614AA442AF4013C00B5BED7 /* Add Devices */,
				A7D78E1B2AEA6C62006577AE /* Bottom Sheet */,
				A71FC0B22AEBCF8A00875CBF /* AddDeviceViewController.swift */,
				A71FC0B32AEBCF8A00875CBF /* AddDeviceViewController.xib */,
			);
			path = "Add Device";
			sourceTree = "<group>";
		};
		A71FC0C72AF232BC00875CBF /* Components */ = {
			isa = PBXGroup;
			children = (
				A71FC0CE2AF2510200875CBF /* SaveSuccessView */,
				A71FC0CD2AF250E100875CBF /* SuccessDeleteDeviceView */,
				A71FC0CC2AF250D600875CBF /* DeleteDeviceView */,
			);
			path = Components;
			sourceTree = "<group>";
		};
		A71FC0CC2AF250D600875CBF /* DeleteDeviceView */ = {
			isa = PBXGroup;
			children = (
				A71FC0D72AF2519300875CBF /* DeleteDeviceViewController.swift */,
				A71FC0D82AF2519300875CBF /* DeleteDeviceViewController.xib */,
			);
			path = DeleteDeviceView;
			sourceTree = "<group>";
		};
		A71FC0CD2AF250E100875CBF /* SuccessDeleteDeviceView */ = {
			isa = PBXGroup;
			children = (
				A79DB2C02AF39230003D768A /* SuccessDeleteDeviceViewController.swift */,
				A79DB2C12AF39230003D768A /* SuccessDeleteDeviceViewController.xib */,
			);
			path = SuccessDeleteDeviceView;
			sourceTree = "<group>";
		};
		A71FC0CE2AF2510200875CBF /* SaveSuccessView */ = {
			isa = PBXGroup;
			children = (
				A79DB2C42AF39786003D768A /* SaveSuccessViewController.swift */,
				A79DB2C52AF39786003D768A /* SaveSuccessViewController.xib */,
			);
			path = SaveSuccessView;
			sourceTree = "<group>";
		};
		A72C06FF2AFA2660005395DB /* Register Formula */ = {
			isa = PBXGroup;
			children = (
				A72C07002AFA266F005395DB /* RegisterFormulaViewController.swift */,
				A72C07012AFA266F005395DB /* RegisterFormulaViewController.xib */,
			);
			path = "Register Formula";
			sourceTree = "<group>";
		};
		A756C1CB2AF8F270004E58A0 /* Components */ = {
			isa = PBXGroup;
			children = (
				A756C1CC2AF8F29F004E58A0 /* FormulaTableViewCell.swift */,
				A756C1CD2AF8F29F004E58A0 /* FormulaTableViewCell.xib */,
			);
			path = Components;
			sourceTree = "<group>";
		};
		A756C1D02AFA10F7004E58A0 /* Add Formula */ = {
			isa = PBXGroup;
			children = (
				A756C1D52AFA1111004E58A0 /* Components */,
				A756C1D12AFA110E004E58A0 /* AddNewFormulaViewController.swift */,
				A756C1D22AFA110E004E58A0 /* AddNewFormulaViewController.xib */,
			);
			path = "Add Formula";
			sourceTree = "<group>";
		};
		A756C1D52AFA1111004E58A0 /* Components */ = {
			isa = PBXGroup;
			children = (
				A756C1D72AFA112E004E58A0 /* Search Plant */,
				A756C1D62AFA1118004E58A0 /* Search Plant Empty */,
			);
			path = Components;
			sourceTree = "<group>";
		};
		A756C1D62AFA1118004E58A0 /* Search Plant Empty */ = {
			isa = PBXGroup;
			children = (
				A756C1D82AFA183E004E58A0 /* PlantEmptyViewController.swift */,
				A756C1D92AFA183E004E58A0 /* PlantEmptyViewController.xib */,
			);
			path = "Search Plant Empty";
			sourceTree = "<group>";
		};
		A756C1D72AFA112E004E58A0 /* Search Plant */ = {
			isa = PBXGroup;
			children = (
				A756C1E22AFA2008004E58A0 /* Search Table View Cell */,
				A756C1DE2AFA1864004E58A0 /* PlantSearchViewController.swift */,
				A756C1DF2AFA1864004E58A0 /* PlantSearchViewController.xib */,
			);
			path = "Search Plant";
			sourceTree = "<group>";
		};
		A756C1E22AFA2008004E58A0 /* Search Table View Cell */ = {
			isa = PBXGroup;
			children = (
				A756C1E32AFA2028004E58A0 /* PlantSearchTableViewCell.swift */,
				A756C1E42AFA2028004E58A0 /* PlantSearchTableViewCell.xib */,
			);
			path = "Search Table View Cell";
			sourceTree = "<group>";
		};
		A7D78E1B2AEA6C62006577AE /* Bottom Sheet */ = {
			isa = PBXGroup;
			children = (
				A71FC0A22AEBA3B700875CBF /* Choose Formulation Bottom Sheet */,
				A7D78E1C2AEA6C87006577AE /* Growth Step Bottom Sheet */,
			);
			path = "Bottom Sheet";
			sourceTree = "<group>";
		};
		A7D78E1C2AEA6C87006577AE /* Growth Step Bottom Sheet */ = {
			isa = PBXGroup;
			children = (
				A7D78E1D2AEA6CA6006577AE /* GrowthStepViewController.swift */,
				A7D78E1E2AEA6CA6006577AE /* GrowthStepViewController.xib */,
			);
			path = "Growth Step Bottom Sheet";
			sourceTree = "<group>";
		};
		A7E23C522AE922B00065F24F /* Edit Device */ = {
			isa = PBXGroup;
			children = (
				A71FC0C72AF232BC00875CBF /* Components */,
				A7E23C552AE922E80065F24F /* EditDeviceViewController.swift */,
				A7E23C562AE922E80065F24F /* EditDeviceViewController.xib */,
			);
			path = "Edit Device";
			sourceTree = "<group>";
		};
		D60225922AEFB0D700F3800F /* Components */ = {
			isa = PBXGroup;
			children = (
				D614AA4D2AF4043100B5BED7 /* CustomMyChoiceView.swift */,
				D60225932AEFB0D700F3800F /* Custom Field View */,
				D60225962AEFB0D700F3800F /* CustomGrowthStepView.swift */,
				D60225972AEFB0D700F3800F /* BottomSheetView.swift */,
				D60225982AEFB0D700F3800F /* CustomMyChoiceView.swift */,
				D60225992AEFB0D700F3800F /* CustomChooseFormulationView.swift */,
				D602259A2AEFB0D700F3800F /* CustomCell */,
			);
			path = Components;
			sourceTree = "<group>";
		};
		D60225932AEFB0D700F3800F /* Custom Field View */ = {
			isa = PBXGroup;
			children = (
				D60225942AEFB0D700F3800F /* CustomFieldViewModel.swift */,
				D60225952AEFB0D700F3800F /* CustomFieldView.swift */,
			);
			path = "Custom Field View";
			sourceTree = "<group>";
		};
		D602259A2AEFB0D700F3800F /* CustomCell */ = {
			isa = PBXGroup;
			children = (
				D602259B2AEFB0D700F3800F /* CustomSearchItemCell.xib */,
				D602259C2AEFB0D700F3800F /* CustomSearchItemCell.swift */,
			);
			path = CustomCell;
			sourceTree = "<group>";
		};
		D60225AC2AEFB5E000F3800F /* Add Device - Connect Wifi */ = {
			isa = PBXGroup;
			children = (
				D60225AD2AEFB62900F3800F /* ConnectWifiViewController.swift */,
				D60225AE2AEFB62900F3800F /* ConnectWifiViewController.xib */,
			);
			path = "Add Device - Connect Wifi";
			sourceTree = "<group>";
		};
		D60892272AEA75EE00A1C530 /* Onboarding */ = {
			isa = PBXGroup;
			children = (
				D60892282AEA760200A1C530 /* OnboardingViewController.swift */,
				D60892292AEA760200A1C530 /* OnboardingViewController.xib */,
			);
			path = Onboarding;
			sourceTree = "<group>";
		};
		D614AA442AF4013C00B5BED7 /* Add Devices */ = {
			isa = PBXGroup;
			children = (
				D614AA4A2AF403F700B5BED7 /* ScanQRViewController.swift */,
				D614AA492AF403F700B5BED7 /* ScanQRViewController.xib */,
			);
			path = "Add Devices";
			sourceTree = "<group>";
		};
		D6239CD52AF234330097E8D1 /* Custom Views */ = {
			isa = PBXGroup;
			children = (
				D68D4E752AF5F7E100F61B1E /* Loading */,
				D6239CD62AF2343E0097E8D1 /* Alerts */,
			);
			path = "Custom Views";
			sourceTree = "<group>";
		};
		D6239CD62AF2343E0097E8D1 /* Alerts */ = {
			isa = PBXGroup;
			children = (
				D6239CD32AF22C940097E8D1 /* AlertView.swift */,
				D6239CD12AF22BEF0097E8D1 /* AlertView.xib */,
				D6F463932AF38CE600814C7D /* AlertLargeView.swift */,
				D6F463952AF38CFF00814C7D /* AlertLargeView.xib */,
			);
			path = Alerts;
			sourceTree = "<group>";
		};
		D630F4ED2AD8111700A355D0 /* Fonts */ = {
			isa = PBXGroup;
			children = (
				D630F4F62AD8112A00A355D0 /* DMSans-Black.ttf */,
				D630F4F82AD8112A00A355D0 /* DMSans-BlackItalic.ttf */,
				D630F4F22AD8112A00A355D0 /* DMSans-Bold.ttf */,
				D630F4F02AD8112A00A355D0 /* DMSans-BoldItalic.ttf */,
				D630F4F42AD8112A00A355D0 /* DMSans-Italic.ttf */,
				D630F4FA2AD8112A00A355D0 /* DMSans-Light.ttf */,
				D630F4FB2AD8112A00A355D0 /* DMSans-LightItalic.ttf */,
				D630F4FF2AD8112A00A355D0 /* DMSans-Medium.ttf */,
				D630F4EE2AD8112900A355D0 /* DMSans-MediumItalic.ttf */,
				D630F4F72AD8112A00A355D0 /* DMSans-Regular.ttf */,
				D630F4F32AD8112A00A355D0 /* DMSans-SemiBold.ttf */,
				D630F4FD2AD8112A00A355D0 /* DMSans-SemiBoldItalic.ttf */,
				D630F4F12AD8112A00A355D0 /* DMSans-Thin.ttf */,
				D630F4F92AD8112A00A355D0 /* DMSans-ThinItalic.ttf */,
			);
			path = Fonts;
			sourceTree = "<group>";
		};
		D640E1E92AC730F2007E993F /* Data */ = {
			isa = PBXGroup;
			children = (
				D640E1EC2AC732DF007E993F /* Local */,
				D640E1EB2AC732DA007E993F /* Network */,
			);
			path = Data;
			sourceTree = "<group>";
		};
		D640E1EA2AC730F6007E993F /* Domain */ = {
			isa = PBXGroup;
			children = (
				D640E1EE2AC732F3007E993F /* Models */,
				D640E1EF2AC732F7007E993F /* Repository */,
			);
			path = Domain;
			sourceTree = "<group>";
		};
		D640E1EB2AC732DA007E993F /* Network */ = {
			isa = PBXGroup;
			children = (
				D640E1F52AC7387A007E993F /* Responses */,
				D68D4E862AF6B66900F61B1E /* AuthenticationDataSource.swift */,
				D6BD3B722AD0CB39005B85C3 /* HydrospaceRTDBDataSource.swift */,
				D6A8ABBC2AEEADD800D6466B /* HydrospaceAPIDataSource.swift */,
			);
			path = Network;
			sourceTree = "<group>";
		};
		D640E1EC2AC732DF007E993F /* Local */ = {
			isa = PBXGroup;
			children = (
			);
			path = Local;
			sourceTree = "<group>";
		};
		D640E1EE2AC732F3007E993F /* Models */ = {
			isa = PBXGroup;
			children = (
				D6BD3B782AD123C3005B85C3 /* DeviceModel.swift */,
				D6A8ABC52AEEC0D400D6466B /* NotificationModel.swift */,
			);
			path = Models;
			sourceTree = "<group>";
		};
		D640E1EF2AC732F7007E993F /* Repository */ = {
			isa = PBXGroup;
			children = (
				D68D4E882AF6B82800F61B1E /* Authentication */,
				D6A8ABC02AEEC0AD00D6466B /* Notifications */,
				D6BD3B762AD1224E005B85C3 /* HydrospaceRepositoryProtocol.swift */,
				D6BD3B742AD1223C005B85C3 /* HydrospaceRepository.swift */,
			);
			path = Repository;
			sourceTree = "<group>";
		};
		D640E1F52AC7387A007E993F /* Responses */ = {
			isa = PBXGroup;
			children = (
				D6BD3B702AD0CAB6005B85C3 /* DeviceResponse.swift */,
				D6A8ABBE2AEEBE6500D6466B /* NotificationResponse.swift */,
				D69D17212AEECA9800A5347C /* BaseResponse.swift */,
			);
			path = Responses;
			sourceTree = "<group>";
		};
		D640E2002AC7A322007E993F /* Utils */ = {
			isa = PBXGroup;
			children = (
				D6239CD52AF234330097E8D1 /* Custom Views */,
				D60225922AEFB0D700F3800F /* Components */,
				D608922C2AEA7A8300A1C530 /* GradientView.swift */,
				D640E2012AC7A32D007E993F /* Box.swift */,
				D65C58822AE26D2F00FE8D1E /* String+Extension.swift */,
				D6DFD64D2AE7DEE200215428 /* View+Extension.swift */,
				A7D78E152AE92822006577AE /* LocalizationStoryboard.swift */,
				D6917A2D2AEA9E6B00CD7F5C /* UITextField+Extensions.swift */,
				D602258F2AEFA84700F3800F /* Date+Extension.swift */,
			);
			path = Utils;
			sourceTree = "<group>";
		};
		D681D56F2AE68CB3005A0BAC /* Devices */ = {
			isa = PBXGroup;
			children = (
				D681D5742AE68CF6005A0BAC /* Components */,
				D681D5702AE68CD3005A0BAC /* DevicesViewController.swift */,
				D681D5712AE68CD3005A0BAC /* DevicesViewController.xib */,
				D646B4552AE902CA00BE78EC /* DevicesViewModel.swift */,
			);
			path = Devices;
			sourceTree = "<group>";
		};
		D681D5742AE68CF6005A0BAC /* Components */ = {
			isa = PBXGroup;
			children = (
				D681D5752AE68D0E005A0BAC /* DevicesItemTableViewCell.swift */,
				D681D5762AE68D0E005A0BAC /* DevicesItemTableViewCell.xib */,
			);
			path = Components;
			sourceTree = "<group>";
		};
		D68D4E702AF5E91800F61B1E /* Components */ = {
			isa = PBXGroup;
			children = (
				D68D4E712AF5E99600F61B1E /* NotificationItemTableViewCell.swift */,
				D68D4E722AF5E99600F61B1E /* NotificationItemTableViewCell.xib */,
			);
			path = Components;
			sourceTree = "<group>";
		};
		D68D4E752AF5F7E100F61B1E /* Loading */ = {
			isa = PBXGroup;
			children = (
				D68D4E762AF5F7F400F61B1E /* CustomLoadingCell.swift */,
				D68D4E772AF5F7F400F61B1E /* CustomLoadingCell.xib */,
			);
			path = Loading;
			sourceTree = "<group>";
		};
		D68D4E7A2AF5FA3300F61B1E /* Profile */ = {
			isa = PBXGroup;
			children = (
				D68D4E7B2AF5FA4200F61B1E /* ProfileViewController.swift */,
				D68D4E7C2AF5FA4200F61B1E /* ProfileViewController.xib */,
			);
			path = Profile;
			sourceTree = "<group>";
		};
		D68D4E882AF6B82800F61B1E /* Authentication */ = {
			isa = PBXGroup;
			children = (
				D68D4E892AF6B83900F61B1E /* AuthenticationProtocol.swift */,
				D68D4E8B2AF6B88100F61B1E /* AuthenticationRepository.swift */,
			);
			path = Authentication;
			sourceTree = "<group>";
		};
		D6917A2F2AEAB4E400CD7F5C /* Sign Up */ = {
			isa = PBXGroup;
			children = (
				D6917A302AEAB4F800CD7F5C /* SignUpViewController.swift */,
				D6917A312AEAB4F800CD7F5C /* SignUpViewController.xib */,
				D6CF2CC52AF4CB7700BC6225 /* SignUpViewModel.swift */,
			);
			path = "Sign Up";
			sourceTree = "<group>";
		};
		D69D17272AEF5FE700A5347C /* Components */ = {
			isa = PBXGroup;
			children = (
				D60225A92AEFB3DD00F3800F /* HeaderTableViewCell.swift */,
				D69D17292AEF600900A5347C /* HeaderTableViewCell.xib */,
				D69D172C2AEF805600A5347C /* DetailDeviceAlertTableViewCell.swift */,
				D69D172D2AEF805600A5347C /* DetailDeviceAlertTableViewCell.xib */,
				D609503E2AEF890000DD5FDD /* HistoryGraphTableViewCell.swift */,
				D609503F2AEF890000DD5FDD /* HistoryGraphTableViewCell.xib */,
			);
			path = Components;
			sourceTree = "<group>";
		};
		D6A8ABC02AEEC0AD00D6466B /* Notifications */ = {
			isa = PBXGroup;
			children = (
				D6A8ABC12AEEC0B900D6466B /* NotificationRepository.swift */,
				D6A8ABC32AEEC0C100D6466B /* NotificationRepositoryProtocol.swift */,
			);
			path = Notifications;
			sourceTree = "<group>";
		};
		D6AC85702ACFF4860033B665 /* Main */ = {
			isa = PBXGroup;
			children = (
				D68D4E7A2AF5FA3300F61B1E /* Profile */,
				D681D56F2AE68CB3005A0BAC /* Devices */,
				D6AC857B2ACFFD0C0033B665 /* FormulaSetting */,
				D6AC857A2ACFFD060033B665 /* Notification */,
				D6AC85712ACFF7700033B665 /* MainViewController.swift */,
				D6AC85732ACFFA000033B665 /* MainViewController.xib */,
			);
			path = Main;
			sourceTree = "<group>";
		};
		D6AC857A2ACFFD060033B665 /* Notification */ = {
			isa = PBXGroup;
			children = (
				D68D4E702AF5E91800F61B1E /* Components */,
				D69D171D2AEEC80100A5347C /* NotificationViewController.swift */,
				D69D171E2AEEC80100A5347C /* NotificationViewController.xib */,
				D6AC857E2ACFFD2F0033B665 /* NotificationViewModel.swift */,
			);
			path = Notification;
			sourceTree = "<group>";
		};
		D6AC857B2ACFFD0C0033B665 /* FormulaSetting */ = {
			isa = PBXGroup;
			children = (
				A756C1CB2AF8F270004E58A0 /* Components */,
				D6AC85822ACFFD7E0033B665 /* FormulaSettingViewModel.swift */,
				A756C1C72AF8DFDE004E58A0 /* FormulaSettingViewController.swift */,
				A756C1C82AF8DFDE004E58A0 /* FormulaSettingViewController.xib */,
			);
			path = FormulaSetting;
			sourceTree = "<group>";
		};
		D6AC85862AD013B80033B665 /* Detail Device */ = {
			isa = PBXGroup;
			children = (
				D69D17272AEF5FE700A5347C /* Components */,
				D69D17232AEED5A100A5347C /* DetailDeviceViewController.swift */,
				D69D17242AEED5A100A5347C /* DetailDeviceViewController.xib */,
				D6B607652AEFEEFC007D45C1 /* DetailDeviceViewModel.swift */,
			);
			path = "Detail Device";
			sourceTree = "<group>";
		};
		D6BB280D2AEA81250084FD00 /* Sign In */ = {
			isa = PBXGroup;
			children = (
				D64547072AEA96FE0077DA04 /* SignInViewController.swift */,
				D64547082AEA96FE0077DA04 /* SignInViewController.xib */,
				D6CF2CC92AF4E01800BC6225 /* SignInViewModel.swift */,
			);
			path = "Sign In";
			sourceTree = "<group>";
		};
		D6D010182AC6C60800EC51FB = {
			isa = PBXGroup;
			children = (
				D6D010232AC6C60800EC51FB /* Greenovation */,
				D6D0103A2AC6C60900EC51FB /* GreenovationTests */,
				D6D010442AC6C60900EC51FB /* GreenovationUITests */,
				D6D010222AC6C60800EC51FB /* Products */,
			);
			sourceTree = "<group>";
		};
		D6D010222AC6C60800EC51FB /* Products */ = {
			isa = PBXGroup;
			children = (
				D6D010212AC6C60800EC51FB /* Greenovation.app */,
				D6D010372AC6C60900EC51FB /* GreenovationTests.xctest */,
				D6D010412AC6C60900EC51FB /* GreenovationUITests.xctest */,
			);
			name = Products;
			sourceTree = "<group>";
		};
		D6D010232AC6C60800EC51FB /* Greenovation */ = {
			isa = PBXGroup;
			children = (
				D6E50C1D2ACD60DF00375F9A /* Greenovation.entitlements */,
				D640E1E92AC730F2007E993F /* Data */,
				D640E1EA2AC730F6007E993F /* Domain */,
				D6D010572AC6DB6000EC51FB /* Bootstrap */,
				D6D010562AC6DB5000EC51FB /* Presenter */,
				D640E2002AC7A322007E993F /* Utils */,
				D6D010582AC6DBC900EC51FB /* Resources */,
			);
			path = Greenovation;
			sourceTree = "<group>";
		};
		D6D0103A2AC6C60900EC51FB /* GreenovationTests */ = {
			isa = PBXGroup;
			children = (
				D6D0103B2AC6C60900EC51FB /* GreenovationTests.swift */,
			);
			path = GreenovationTests;
			sourceTree = "<group>";
		};
		D6D010442AC6C60900EC51FB /* GreenovationUITests */ = {
			isa = PBXGroup;
			children = (
				D6D010452AC6C60900EC51FB /* GreenovationUITests.swift */,
				D6D010472AC6C60900EC51FB /* GreenovationUITestsLaunchTests.swift */,
			);
			path = GreenovationUITests;
			sourceTree = "<group>";
		};
		D6D010562AC6DB5000EC51FB /* Presenter */ = {
			isa = PBXGroup;
			children = (
				A72C06FF2AFA2660005395DB /* Register Formula */,
				A756C1D02AFA10F7004E58A0 /* Add Formula */,
				A71FC0B12AEBCF7A00875CBF /* Add Device */,
				A7E23C522AE922B00065F24F /* Edit Device */,
				D6917A2F2AEAB4E400CD7F5C /* Sign Up */,
				D6BB280D2AEA81250084FD00 /* Sign In */,
				D60892272AEA75EE00A1C530 /* Onboarding */,
				D6AC85862AD013B80033B665 /* Detail Device */,
				D6AC85702ACFF4860033B665 /* Main */,
			);
			path = Presenter;
			sourceTree = "<group>";
		};
		D6D010572AC6DB6000EC51FB /* Bootstrap */ = {
			isa = PBXGroup;
			children = (
				D6D010242AC6C60800EC51FB /* AppDelegate.swift */,
				D6D010262AC6C60800EC51FB /* SceneDelegate.swift */,
				D6D0102F2AC6C60900EC51FB /* LaunchScreen.storyboard */,
			);
			path = Bootstrap;
			sourceTree = "<group>";
		};
		D6D010582AC6DBC900EC51FB /* Resources */ = {
			isa = PBXGroup;
			children = (
				D630F4ED2AD8111700A355D0 /* Fonts */,
				D6D0102D2AC6C60900EC51FB /* Assets.xcassets */,
				D68D4E8D2AF6BFD500F61B1E /* GoogleService-Info.plist */,
				D6D010322AC6C60900EC51FB /* Info.plist */,
				D68003EA2ADB838D00AAED95 /* Localizable.xcstrings */,
			);
			path = Resources;
			sourceTree = "<group>";
		};
/* End PBXGroup section */

/* Begin PBXNativeTarget section */
		D6D010202AC6C60800EC51FB /* Greenovation */ = {
			isa = PBXNativeTarget;
			buildConfigurationList = D6D0104B2AC6C60900EC51FB /* Build configuration list for PBXNativeTarget "Greenovation" */;
			buildPhases = (
				D6D0101D2AC6C60800EC51FB /* Sources */,
				D6D0101E2AC6C60800EC51FB /* Frameworks */,
				D6D0101F2AC6C60800EC51FB /* Resources */,
				D60225B42AEFC5EA00F3800F /* Embed Frameworks */,
			);
			buildRules = (
			);
			dependencies = (
			);
			name = Greenovation;
			packageProductDependencies = (
				A72C07042AFA2C72005395DB /* GoogleSignIn */,
				A72C07062AFA2C72005395DB /* GoogleSignInSwift */,
				A72C07082AFA2D0B005395DB /* FirebaseAnalytics */,
				A72C070A2AFA2D0B005395DB /* FirebaseAnalyticsSwift */,
				A72C070C2AFA2D0B005395DB /* FirebaseAuth */,
				A72C070E2AFA2D0B005395DB /* FirebaseAuthCombine-Community */,
				A72C07102AFA2D0B005395DB /* FirebaseCrashlytics */,
				A72C07122AFA2D0B005395DB /* FirebaseDatabase */,
				A72C07142AFA2D0B005395DB /* FirebaseDatabaseSwift */,
				A72C07162AFA2D0B005395DB /* FirebaseFirestore */,
				A72C07182AFA2D0B005395DB /* FirebaseMessaging */,
				A72C071A2AFA2D3A005395DB /* Alamofire */,
				A72C071C2AFA2D5F005395DB /* DGCharts */,
			);
			productName = "Base Project";
			productReference = D6D010212AC6C60800EC51FB /* Greenovation.app */;
			productType = "com.apple.product-type.application";
		};
		D6D010362AC6C60900EC51FB /* GreenovationTests */ = {
			isa = PBXNativeTarget;
			buildConfigurationList = D6D0104E2AC6C60900EC51FB /* Build configuration list for PBXNativeTarget "GreenovationTests" */;
			buildPhases = (
				D6D010332AC6C60900EC51FB /* Sources */,
				D6D010342AC6C60900EC51FB /* Frameworks */,
				D6D010352AC6C60900EC51FB /* Resources */,
			);
			buildRules = (
			);
			dependencies = (
				D6D010392AC6C60900EC51FB /* PBXTargetDependency */,
			);
			name = GreenovationTests;
			productName = "Base ProjectTests";
			productReference = D6D010372AC6C60900EC51FB /* GreenovationTests.xctest */;
			productType = "com.apple.product-type.bundle.unit-test";
		};
		D6D010402AC6C60900EC51FB /* GreenovationUITests */ = {
			isa = PBXNativeTarget;
			buildConfigurationList = D6D010512AC6C60900EC51FB /* Build configuration list for PBXNativeTarget "GreenovationUITests" */;
			buildPhases = (
				D6D0103D2AC6C60900EC51FB /* Sources */,
				D6D0103E2AC6C60900EC51FB /* Frameworks */,
				D6D0103F2AC6C60900EC51FB /* Resources */,
			);
			buildRules = (
			);
			dependencies = (
				D6D010432AC6C60900EC51FB /* PBXTargetDependency */,
			);
			name = GreenovationUITests;
			productName = "Base ProjectUITests";
			productReference = D6D010412AC6C60900EC51FB /* GreenovationUITests.xctest */;
			productType = "com.apple.product-type.bundle.ui-testing";
		};
/* End PBXNativeTarget section */

/* Begin PBXProject section */
		D6D010192AC6C60800EC51FB /* Project object */ = {
			isa = PBXProject;
			attributes = {
				BuildIndependentTargetsInParallel = 1;
				LastSwiftUpdateCheck = 1500;
				LastUpgradeCheck = 1500;
				TargetAttributes = {
					D6D010202AC6C60800EC51FB = {
						CreatedOnToolsVersion = 15.0;
					};
					D6D010362AC6C60900EC51FB = {
						CreatedOnToolsVersion = 15.0;
						TestTargetID = D6D010202AC6C60800EC51FB;
					};
					D6D010402AC6C60900EC51FB = {
						CreatedOnToolsVersion = 15.0;
						TestTargetID = D6D010202AC6C60800EC51FB;
					};
				};
			};
			buildConfigurationList = D6D0101C2AC6C60800EC51FB /* Build configuration list for PBXProject "Greenovation" */;
			compatibilityVersion = "Xcode 14.0";
			developmentRegion = id;
			hasScannedForEncodings = 0;
			knownRegions = (
				en,
				Base,
				id,
			);
			mainGroup = D6D010182AC6C60800EC51FB;
			packageReferences = (
				D640E1F02AC73809007E993F /* XCRemoteSwiftPackageReference "Alamofire" */,
				D6E50C122ACD59CF00375F9A /* XCRemoteSwiftPackageReference "firebase-ios-sdk" */,
				D60950422AEF8BC000DD5FDD /* XCRemoteSwiftPackageReference "Charts" */,
				D68D4E7F2AF5FCC700F61B1E /* XCRemoteSwiftPackageReference "GoogleSignIn-iOS" */,
			);
			productRefGroup = D6D010222AC6C60800EC51FB /* Products */;
			projectDirPath = "";
			projectRoot = "";
			targets = (
				D6D010202AC6C60800EC51FB /* Greenovation */,
				D6D010362AC6C60900EC51FB /* GreenovationTests */,
				D6D010402AC6C60900EC51FB /* GreenovationUITests */,
			);
		};
/* End PBXProject section */

/* Begin PBXResourcesBuildPhase section */
		D6D0101F2AC6C60800EC51FB /* Resources */ = {
			isa = PBXResourcesBuildPhase;
			buildActionMask = 2147483647;
			files = (
				D69D172F2AEF805600A5347C /* DetailDeviceAlertTableViewCell.xib in Resources */,
				D630F5092AD8112A00A355D0 /* DMSans-Regular.ttf in Resources */,
				D6D010312AC6C60900EC51FB /* LaunchScreen.storyboard in Resources */,
				D69D17262AEED5A100A5347C /* DetailDeviceViewController.xib in Resources */,
				A756C1CF2AF8F29F004E58A0 /* FormulaTableViewCell.xib in Resources */,
				A756C1E12AFA1864004E58A0 /* PlantSearchViewController.xib in Resources */,
				D68D4E742AF5E99600F61B1E /* NotificationItemTableViewCell.xib in Resources */,
				D630F50A2AD8112A00A355D0 /* DMSans-BlackItalic.ttf in Resources */,
				D630F5052AD8112A00A355D0 /* DMSans-SemiBold.ttf in Resources */,
				A756C1E62AFA2028004E58A0 /* PlantSearchTableViewCell.xib in Resources */,
				A71FC0A82AEBA3F000875CBF /* ChooseFormulationViewController.xib in Resources */,
				A7D78E202AEA6CA6006577AE /* GrowthStepViewController.xib in Resources */,
				A756C1DB2AFA183E004E58A0 /* PlantEmptyViewController.xib in Resources */,
				D614AA4B2AF403F700B5BED7 /* ScanQRViewController.xib in Resources */,
				A7E23C582AE922E80065F24F /* EditDeviceViewController.xib in Resources */,
				D630F5042AD8112A00A355D0 /* DMSans-Bold.ttf in Resources */,
				D630F5032AD8112A00A355D0 /* DMSans-Thin.ttf in Resources */,
				D630F50C2AD8112A00A355D0 /* DMSans-Light.ttf in Resources */,
				D60950412AEF890000DD5FDD /* HistoryGraphTableViewCell.xib in Resources */,
				A79DB2C32AF39230003D768A /* SuccessDeleteDeviceViewController.xib in Resources */,
				D68D4E792AF5F7F400F61B1E /* CustomLoadingCell.xib in Resources */,
				D630F5022AD8112A00A355D0 /* DMSans-BoldItalic.ttf in Resources */,
				D630F5062AD8112A00A355D0 /* DMSans-Italic.ttf in Resources */,
				D630F50F2AD8112A00A355D0 /* DMSans-SemiBoldItalic.ttf in Resources */,
				A79DB2C72AF39786003D768A /* SaveSuccessViewController.xib in Resources */,
				D6D0102E2AC6C60900EC51FB /* Assets.xcassets in Resources */,
				A72C07032AFA266F005395DB /* RegisterFormulaViewController.xib in Resources */,
				D630F50D2AD8112A00A355D0 /* DMSans-LightItalic.ttf in Resources */,
				D630F5002AD8112A00A355D0 /* DMSans-MediumItalic.ttf in Resources */,
				D60225B02AEFB62900F3800F /* ConnectWifiViewController.xib in Resources */,
				D630F5112AD8112A00A355D0 /* DMSans-Medium.ttf in Resources */,
				D68003EB2ADB838D00AAED95 /* Localizable.xcstrings in Resources */,
				D681D5782AE68D0E005A0BAC /* DevicesItemTableViewCell.xib in Resources */,
				D630F50B2AD8112A00A355D0 /* DMSans-ThinItalic.ttf in Resources */,
				D6239CD22AF22BEF0097E8D1 /* AlertView.xib in Resources */,
				A71FC0B52AEBCF8A00875CBF /* AddDeviceViewController.xib in Resources */,
				D608922B2AEA760200A1C530 /* OnboardingViewController.xib in Resources */,
				D645470A2AEA96FE0077DA04 /* SignInViewController.xib in Resources */,
				D69D172B2AEF600900A5347C /* HeaderTableViewCell.xib in Resources */,
				D60225A32AEFB0D700F3800F /* CustomSearchItemCell.xib in Resources */,
				D6AC85742ACFFA000033B665 /* MainViewController.xib in Resources */,
				D68D4E7E2AF5FA4200F61B1E /* ProfileViewController.xib in Resources */,
				D6F463962AF38CFF00814C7D /* AlertLargeView.xib in Resources */,
				A756C1CA2AF8DFDE004E58A0 /* FormulaSettingViewController.xib in Resources */,
				D630F5082AD8112A00A355D0 /* DMSans-Black.ttf in Resources */,
				A756C1D42AFA110E004E58A0 /* AddNewFormulaViewController.xib in Resources */,
				D6917A332AEAB4F800CD7F5C /* SignUpViewController.xib in Resources */,
				D681D5732AE68CD3005A0BAC /* DevicesViewController.xib in Resources */,
				A71FC0DA2AF2519300875CBF /* DeleteDeviceViewController.xib in Resources */,
				D68D4E8E2AF6BFD500F61B1E /* GoogleService-Info.plist in Resources */,
				D69D17202AEEC80100A5347C /* NotificationViewController.xib in Resources */,
			);
			runOnlyForDeploymentPostprocessing = 0;
		};
		D6D010352AC6C60900EC51FB /* Resources */ = {
			isa = PBXResourcesBuildPhase;
			buildActionMask = 2147483647;
			files = (
			);
			runOnlyForDeploymentPostprocessing = 0;
		};
		D6D0103F2AC6C60900EC51FB /* Resources */ = {
			isa = PBXResourcesBuildPhase;
			buildActionMask = 2147483647;
			files = (
			);
			runOnlyForDeploymentPostprocessing = 0;
		};
/* End PBXResourcesBuildPhase section */

/* Begin PBXSourcesBuildPhase section */
		D6D0101D2AC6C60800EC51FB /* Sources */ = {
			isa = PBXSourcesBuildPhase;
			buildActionMask = 2147483647;
			files = (
				D65C58832AE26D2F00FE8D1E /* String+Extension.swift in Sources */,
				D6B607662AEFEEFC007D45C1 /* DetailDeviceViewModel.swift in Sources */,
				D602259F2AEFB0D700F3800F /* CustomGrowthStepView.swift in Sources */,
				D60225AA2AEFB3DD00F3800F /* HeaderTableViewCell.swift in Sources */,
				A7D78E162AE92822006577AE /* LocalizationStoryboard.swift in Sources */,
				D6917A2E2AEA9E6B00CD7F5C /* UITextField+Extensions.swift in Sources */,
				A756C1DA2AFA183E004E58A0 /* PlantEmptyViewController.swift in Sources */,
				D68D4E7D2AF5FA4200F61B1E /* ProfileViewController.swift in Sources */,
				D6BD3B772AD1224E005B85C3 /* HydrospaceRepositoryProtocol.swift in Sources */,
				A756C1D32AFA110E004E58A0 /* AddNewFormulaViewController.swift in Sources */,
				A79DB2C22AF39230003D768A /* SuccessDeleteDeviceViewController.swift in Sources */,
				A71FC0A72AEBA3F000875CBF /* ChooseFormulationViewController.swift in Sources */,
				D6A8ABBF2AEEBE6500D6466B /* NotificationResponse.swift in Sources */,
				D68D4E732AF5E99600F61B1E /* NotificationItemTableViewCell.swift in Sources */,
				D6AC857F2ACFFD2F0033B665 /* NotificationViewModel.swift in Sources */,
				D6BD3B732AD0CB39005B85C3 /* HydrospaceRTDBDataSource.swift in Sources */,
				D68D4E8A2AF6B83900F61B1E /* AuthenticationProtocol.swift in Sources */,
				D6BD3B712AD0CAB6005B85C3 /* DeviceResponse.swift in Sources */,
				D68D4E872AF6B66900F61B1E /* AuthenticationDataSource.swift in Sources */,
				D681D5772AE68D0E005A0BAC /* DevicesItemTableViewCell.swift in Sources */,
				D60225AF2AEFB62900F3800F /* ConnectWifiViewController.swift in Sources */,
				D646B4562AE902CA00BE78EC /* DevicesViewModel.swift in Sources */,
				A7E23C572AE922E80065F24F /* EditDeviceViewController.swift in Sources */,
				D64547092AEA96FE0077DA04 /* SignInViewController.swift in Sources */,
				D6F463942AF38CE600814C7D /* AlertLargeView.swift in Sources */,
				D60225AB2AEFB42200F3800F /* CustomFieldViewModel.swift in Sources */,
				D60225A02AEFB0D700F3800F /* BottomSheetView.swift in Sources */,
				D6BD3B792AD123C4005B85C3 /* DeviceModel.swift in Sources */,
				D6DFD64E2AE7DEE200215428 /* View+Extension.swift in Sources */,
				D6CF2CC62AF4CB7700BC6225 /* SignUpViewModel.swift in Sources */,
				D640E2022AC7A32D007E993F /* Box.swift in Sources */,
				D614AA4C2AF403F700B5BED7 /* ScanQRViewController.swift in Sources */,
				D602259E2AEFB0D700F3800F /* CustomFieldView.swift in Sources */,
				D60225A22AEFB0D700F3800F /* CustomChooseFormulationView.swift in Sources */,
				D60225A12AEFB0D700F3800F /* CustomMyChoiceView.swift in Sources */,
				D681D5722AE68CD3005A0BAC /* DevicesViewController.swift in Sources */,
				A756C1C92AF8DFDE004E58A0 /* FormulaSettingViewController.swift in Sources */,
				D6BD3B752AD1223C005B85C3 /* HydrospaceRepository.swift in Sources */,
				A71FC0D92AF2519300875CBF /* DeleteDeviceViewController.swift in Sources */,
				D60225A42AEFB0D700F3800F /* CustomSearchItemCell.swift in Sources */,
				A7D78E1F2AEA6CA6006577AE /* GrowthStepViewController.swift in Sources */,
				D68D4E8C2AF6B88100F61B1E /* AuthenticationRepository.swift in Sources */,
				D68D4E782AF5F7F400F61B1E /* CustomLoadingCell.swift in Sources */,
				D6AC85832ACFFD7E0033B665 /* FormulaSettingViewModel.swift in Sources */,
				A71FC0B42AEBCF8A00875CBF /* AddDeviceViewController.swift in Sources */,
				D6CF2CCA2AF4E01800BC6225 /* SignInViewModel.swift in Sources */,
				D6BD3B792AD123C4005B85C3 /* DeviceModel.swift in Sources */,
				D614AA4E2AF4043100B5BED7 /* CustomMyChoiceView.swift in Sources */,
				D6DFD64E2AE7DEE200215428 /* View+Extension.swift in Sources */,
				D640E2022AC7A32D007E993F /* Box.swift in Sources */,
				D6A8ABC42AEEC0C100D6466B /* NotificationRepositoryProtocol.swift in Sources */,
				D6A8ABC62AEEC0D400D6466B /* NotificationModel.swift in Sources */,
				D69D17222AEECA9800A5347C /* BaseResponse.swift in Sources */,
				D681D5722AE68CD3005A0BAC /* DevicesViewController.swift in Sources */,
				D6BD3B752AD1223C005B85C3 /* HydrospaceRepository.swift in Sources */,
				D6A8ABBD2AEEADD800D6466B /* HydrospaceAPIDataSource.swift in Sources */,
				D6AC85832ACFFD7E0033B665 /* FormulaSettingViewModel.swift in Sources */,
				D6917A322AEAB4F800CD7F5C /* SignUpViewController.swift in Sources */,
				D69D172E2AEF805600A5347C /* DetailDeviceAlertTableViewCell.swift in Sources */,
				D69D17252AEED5A100A5347C /* DetailDeviceViewController.swift in Sources */,
				D608922A2AEA760200A1C530 /* OnboardingViewController.swift in Sources */,
				D6D010252AC6C60800EC51FB /* AppDelegate.swift in Sources */,
				A79DB2C62AF39786003D768A /* SaveSuccessViewController.swift in Sources */,
				D6A8ABC22AEEC0B900D6466B /* NotificationRepository.swift in Sources */,
				D608922D2AEA7A8300A1C530 /* GradientView.swift in Sources */,
				D69D171F2AEEC80100A5347C /* NotificationViewController.swift in Sources */,
				D60950402AEF890000DD5FDD /* HistoryGraphTableViewCell.swift in Sources */,
				D60225902AEFA84700F3800F /* Date+Extension.swift in Sources */,
				A756C1E02AFA1864004E58A0 /* PlantSearchViewController.swift in Sources */,
				D6D010272AC6C60800EC51FB /* SceneDelegate.swift in Sources */,
				D6239CD42AF22C940097E8D1 /* AlertView.swift in Sources */,
				A72C07022AFA266F005395DB /* RegisterFormulaViewController.swift in Sources */,
				A756C1CE2AF8F29F004E58A0 /* FormulaTableViewCell.swift in Sources */,
				D6AC85722ACFF7700033B665 /* MainViewController.swift in Sources */,
				A756C1E52AFA2028004E58A0 /* PlantSearchTableViewCell.swift in Sources */,
			);
			runOnlyForDeploymentPostprocessing = 0;
		};
		D6D010332AC6C60900EC51FB /* Sources */ = {
			isa = PBXSourcesBuildPhase;
			buildActionMask = 2147483647;
			files = (
				D6D0103C2AC6C60900EC51FB /* GreenovationTests.swift in Sources */,
			);
			runOnlyForDeploymentPostprocessing = 0;
		};
		D6D0103D2AC6C60900EC51FB /* Sources */ = {
			isa = PBXSourcesBuildPhase;
			buildActionMask = 2147483647;
			files = (
				D6D010462AC6C60900EC51FB /* GreenovationUITests.swift in Sources */,
				D6D010482AC6C60900EC51FB /* GreenovationUITestsLaunchTests.swift in Sources */,
			);
			runOnlyForDeploymentPostprocessing = 0;
		};
/* End PBXSourcesBuildPhase section */

/* Begin PBXTargetDependency section */
		D6D010392AC6C60900EC51FB /* PBXTargetDependency */ = {
			isa = PBXTargetDependency;
			target = D6D010202AC6C60800EC51FB /* Greenovation */;
			targetProxy = D6D010382AC6C60900EC51FB /* PBXContainerItemProxy */;
		};
		D6D010432AC6C60900EC51FB /* PBXTargetDependency */ = {
			isa = PBXTargetDependency;
			target = D6D010202AC6C60800EC51FB /* Greenovation */;
			targetProxy = D6D010422AC6C60900EC51FB /* PBXContainerItemProxy */;
		};
/* End PBXTargetDependency section */

/* Begin PBXVariantGroup section */
		D6D0102F2AC6C60900EC51FB /* LaunchScreen.storyboard */ = {
			isa = PBXVariantGroup;
			children = (
				D6D010302AC6C60900EC51FB /* Base */,
			);
			name = LaunchScreen.storyboard;
			sourceTree = "<group>";
		};
/* End PBXVariantGroup section */

/* Begin XCBuildConfiguration section */
		D6D010492AC6C60900EC51FB /* Debug */ = {
			isa = XCBuildConfiguration;
			buildSettings = {
				ALWAYS_SEARCH_USER_PATHS = NO;
				ASSETCATALOG_COMPILER_GENERATE_SWIFT_ASSET_SYMBOL_EXTENSIONS = YES;
				CLANG_ANALYZER_NONNULL = YES;
				CLANG_ANALYZER_NUMBER_OBJECT_CONVERSION = YES_AGGRESSIVE;
				CLANG_CXX_LANGUAGE_STANDARD = "gnu++20";
				CLANG_ENABLE_MODULES = YES;
				CLANG_ENABLE_OBJC_ARC = YES;
				CLANG_ENABLE_OBJC_WEAK = YES;
				CLANG_WARN_BLOCK_CAPTURE_AUTORELEASING = YES;
				CLANG_WARN_BOOL_CONVERSION = YES;
				CLANG_WARN_COMMA = YES;
				CLANG_WARN_CONSTANT_CONVERSION = YES;
				CLANG_WARN_DEPRECATED_OBJC_IMPLEMENTATIONS = YES;
				CLANG_WARN_DIRECT_OBJC_ISA_USAGE = YES_ERROR;
				CLANG_WARN_DOCUMENTATION_COMMENTS = YES;
				CLANG_WARN_EMPTY_BODY = YES;
				CLANG_WARN_ENUM_CONVERSION = YES;
				CLANG_WARN_INFINITE_RECURSION = YES;
				CLANG_WARN_INT_CONVERSION = YES;
				CLANG_WARN_NON_LITERAL_NULL_CONVERSION = YES;
				CLANG_WARN_OBJC_IMPLICIT_RETAIN_SELF = YES;
				CLANG_WARN_OBJC_LITERAL_CONVERSION = YES;
				CLANG_WARN_OBJC_ROOT_CLASS = YES_ERROR;
				CLANG_WARN_QUOTED_INCLUDE_IN_FRAMEWORK_HEADER = YES;
				CLANG_WARN_RANGE_LOOP_ANALYSIS = YES;
				CLANG_WARN_STRICT_PROTOTYPES = YES;
				CLANG_WARN_SUSPICIOUS_MOVE = YES;
				CLANG_WARN_UNGUARDED_AVAILABILITY = YES_AGGRESSIVE;
				CLANG_WARN_UNREACHABLE_CODE = YES;
				CLANG_WARN__DUPLICATE_METHOD_MATCH = YES;
				COPY_PHASE_STRIP = NO;
				DEBUG_INFORMATION_FORMAT = dwarf;
				ENABLE_STRICT_OBJC_MSGSEND = YES;
				ENABLE_TESTABILITY = YES;
				ENABLE_USER_SCRIPT_SANDBOXING = YES;
				GCC_C_LANGUAGE_STANDARD = gnu17;
				GCC_DYNAMIC_NO_PIC = NO;
				GCC_NO_COMMON_BLOCKS = YES;
				GCC_OPTIMIZATION_LEVEL = 0;
				GCC_PREPROCESSOR_DEFINITIONS = (
					"DEBUG=1",
					"$(inherited)",
				);
				GCC_WARN_64_TO_32_BIT_CONVERSION = YES;
				GCC_WARN_ABOUT_RETURN_TYPE = YES_ERROR;
				GCC_WARN_UNDECLARED_SELECTOR = YES;
				GCC_WARN_UNINITIALIZED_AUTOS = YES_AGGRESSIVE;
				GCC_WARN_UNUSED_FUNCTION = YES;
				GCC_WARN_UNUSED_VARIABLE = YES;
				IPHONEOS_DEPLOYMENT_TARGET = 17.0;
				LOCALIZATION_PREFERS_STRING_CATALOGS = YES;
				MTL_ENABLE_DEBUG_INFO = INCLUDE_SOURCE;
				MTL_FAST_MATH = YES;
				ONLY_ACTIVE_ARCH = YES;
				SDKROOT = iphoneos;
				SWIFT_ACTIVE_COMPILATION_CONDITIONS = "DEBUG $(inherited)";
				SWIFT_OPTIMIZATION_LEVEL = "-Onone";
			};
			name = Debug;
		};
		D6D0104A2AC6C60900EC51FB /* Release */ = {
			isa = XCBuildConfiguration;
			buildSettings = {
				ALWAYS_SEARCH_USER_PATHS = NO;
				ASSETCATALOG_COMPILER_GENERATE_SWIFT_ASSET_SYMBOL_EXTENSIONS = YES;
				CLANG_ANALYZER_NONNULL = YES;
				CLANG_ANALYZER_NUMBER_OBJECT_CONVERSION = YES_AGGRESSIVE;
				CLANG_CXX_LANGUAGE_STANDARD = "gnu++20";
				CLANG_ENABLE_MODULES = YES;
				CLANG_ENABLE_OBJC_ARC = YES;
				CLANG_ENABLE_OBJC_WEAK = YES;
				CLANG_WARN_BLOCK_CAPTURE_AUTORELEASING = YES;
				CLANG_WARN_BOOL_CONVERSION = YES;
				CLANG_WARN_COMMA = YES;
				CLANG_WARN_CONSTANT_CONVERSION = YES;
				CLANG_WARN_DEPRECATED_OBJC_IMPLEMENTATIONS = YES;
				CLANG_WARN_DIRECT_OBJC_ISA_USAGE = YES_ERROR;
				CLANG_WARN_DOCUMENTATION_COMMENTS = YES;
				CLANG_WARN_EMPTY_BODY = YES;
				CLANG_WARN_ENUM_CONVERSION = YES;
				CLANG_WARN_INFINITE_RECURSION = YES;
				CLANG_WARN_INT_CONVERSION = YES;
				CLANG_WARN_NON_LITERAL_NULL_CONVERSION = YES;
				CLANG_WARN_OBJC_IMPLICIT_RETAIN_SELF = YES;
				CLANG_WARN_OBJC_LITERAL_CONVERSION = YES;
				CLANG_WARN_OBJC_ROOT_CLASS = YES_ERROR;
				CLANG_WARN_QUOTED_INCLUDE_IN_FRAMEWORK_HEADER = YES;
				CLANG_WARN_RANGE_LOOP_ANALYSIS = YES;
				CLANG_WARN_STRICT_PROTOTYPES = YES;
				CLANG_WARN_SUSPICIOUS_MOVE = YES;
				CLANG_WARN_UNGUARDED_AVAILABILITY = YES_AGGRESSIVE;
				CLANG_WARN_UNREACHABLE_CODE = YES;
				CLANG_WARN__DUPLICATE_METHOD_MATCH = YES;
				COPY_PHASE_STRIP = NO;
				DEBUG_INFORMATION_FORMAT = "dwarf-with-dsym";
				ENABLE_NS_ASSERTIONS = NO;
				ENABLE_STRICT_OBJC_MSGSEND = YES;
				ENABLE_USER_SCRIPT_SANDBOXING = YES;
				GCC_C_LANGUAGE_STANDARD = gnu17;
				GCC_NO_COMMON_BLOCKS = YES;
				GCC_WARN_64_TO_32_BIT_CONVERSION = YES;
				GCC_WARN_ABOUT_RETURN_TYPE = YES_ERROR;
				GCC_WARN_UNDECLARED_SELECTOR = YES;
				GCC_WARN_UNINITIALIZED_AUTOS = YES_AGGRESSIVE;
				GCC_WARN_UNUSED_FUNCTION = YES;
				GCC_WARN_UNUSED_VARIABLE = YES;
				IPHONEOS_DEPLOYMENT_TARGET = 17.0;
				LOCALIZATION_PREFERS_STRING_CATALOGS = YES;
				MTL_ENABLE_DEBUG_INFO = NO;
				MTL_FAST_MATH = YES;
				SDKROOT = iphoneos;
				SWIFT_COMPILATION_MODE = wholemodule;
				VALIDATE_PRODUCT = YES;
			};
			name = Release;
		};
		D6D0104C2AC6C60900EC51FB /* Debug */ = {
			isa = XCBuildConfiguration;
			buildSettings = {
				ASSETCATALOG_COMPILER_APPICON_NAME = "app-icon";
				ASSETCATALOG_COMPILER_GLOBAL_ACCENT_COLOR_NAME = "primary-accent";
				CODE_SIGN_ENTITLEMENTS = Greenovation/Greenovation.entitlements;
				CODE_SIGN_IDENTITY = "Apple Development";
				CODE_SIGN_STYLE = Automatic;
				CURRENT_PROJECT_VERSION = 1;
				DEVELOPMENT_TEAM = 47BZXPDJKC;
				GENERATE_INFOPLIST_FILE = YES;
				INFOPLIST_FILE = Greenovation/Resources/Info.plist;
				INFOPLIST_KEY_CFBundleDisplayName = Greenovation;
				INFOPLIST_KEY_LSApplicationCategoryType = "public.app-category.productivity";
				INFOPLIST_KEY_NSCameraUsageDescription = "We use this camera for scan QR";
				INFOPLIST_KEY_UIApplicationSupportsIndirectInputEvents = YES;
				INFOPLIST_KEY_UILaunchStoryboardName = LaunchScreen;
				INFOPLIST_KEY_UISupportedInterfaceOrientations = UIInterfaceOrientationPortrait;
				INFOPLIST_KEY_UISupportedInterfaceOrientations_iPad = "UIInterfaceOrientationLandscapeLeft UIInterfaceOrientationLandscapeRight UIInterfaceOrientationPortrait UIInterfaceOrientationPortraitUpsideDown";
				IPHONEOS_DEPLOYMENT_TARGET = 15.0;
				LD_RUNPATH_SEARCH_PATHS = (
					"$(inherited)",
					"@executable_path/Frameworks",
				);
				MARKETING_VERSION = 1.0;
				PRODUCT_BUNDLE_IDENTIFIER = "id.pak-eco.greenovation";
				PRODUCT_NAME = "$(TARGET_NAME)";
				PROVISIONING_PROFILE_SPECIFIER = "";
				SWIFT_EMIT_LOC_STRINGS = YES;
				SWIFT_VERSION = 5.0;
				TARGETED_DEVICE_FAMILY = "1,2";
			};
			name = Debug;
		};
		D6D0104D2AC6C60900EC51FB /* Release */ = {
			isa = XCBuildConfiguration;
			buildSettings = {
				ASSETCATALOG_COMPILER_APPICON_NAME = "app-icon";
				ASSETCATALOG_COMPILER_GLOBAL_ACCENT_COLOR_NAME = "primary-accent";
				CODE_SIGN_ENTITLEMENTS = Greenovation/Greenovation.entitlements;
				CODE_SIGN_IDENTITY = "Apple Development";
				CODE_SIGN_STYLE = Automatic;
				CURRENT_PROJECT_VERSION = 1;
				DEVELOPMENT_TEAM = 47BZXPDJKC;
				GENERATE_INFOPLIST_FILE = YES;
				INFOPLIST_FILE = Greenovation/Resources/Info.plist;
				INFOPLIST_KEY_CFBundleDisplayName = Greenovation;
				INFOPLIST_KEY_LSApplicationCategoryType = "public.app-category.productivity";
				INFOPLIST_KEY_NSCameraUsageDescription = "We use this camera for scan QR";
				INFOPLIST_KEY_UIApplicationSupportsIndirectInputEvents = YES;
				INFOPLIST_KEY_UILaunchStoryboardName = LaunchScreen;
				INFOPLIST_KEY_UISupportedInterfaceOrientations = UIInterfaceOrientationPortrait;
				INFOPLIST_KEY_UISupportedInterfaceOrientations_iPad = "UIInterfaceOrientationLandscapeLeft UIInterfaceOrientationLandscapeRight UIInterfaceOrientationPortrait UIInterfaceOrientationPortraitUpsideDown";
				IPHONEOS_DEPLOYMENT_TARGET = 15.0;
				LD_RUNPATH_SEARCH_PATHS = (
					"$(inherited)",
					"@executable_path/Frameworks",
				);
				MARKETING_VERSION = 1.0;
				PRODUCT_BUNDLE_IDENTIFIER = "id.pak-eco.greenovation";
				PRODUCT_NAME = "$(TARGET_NAME)";
				PROVISIONING_PROFILE_SPECIFIER = "";
				SWIFT_EMIT_LOC_STRINGS = YES;
				SWIFT_VERSION = 5.0;
				TARGETED_DEVICE_FAMILY = "1,2";
			};
			name = Release;
		};
		D6D0104F2AC6C60900EC51FB /* Debug */ = {
			isa = XCBuildConfiguration;
			buildSettings = {
				ALWAYS_EMBED_SWIFT_STANDARD_LIBRARIES = YES;
				BUNDLE_LOADER = "$(TEST_HOST)";
				CODE_SIGN_STYLE = Automatic;
				CURRENT_PROJECT_VERSION = 1;
				DEVELOPMENT_TEAM = 47BZXPDJKC;
				GENERATE_INFOPLIST_FILE = YES;
				IPHONEOS_DEPLOYMENT_TARGET = 17.0;
				MARKETING_VERSION = 1.0;
				PRODUCT_BUNDLE_IDENTIFIER = "id.pak-eco.Base-ProjectTests";
				PRODUCT_NAME = "$(TARGET_NAME)";
				SWIFT_EMIT_LOC_STRINGS = NO;
				SWIFT_VERSION = 5.0;
				TARGETED_DEVICE_FAMILY = "1,2";
				TEST_HOST = "$(BUILT_PRODUCTS_DIR)/Greenovation.app/$(BUNDLE_EXECUTABLE_FOLDER_PATH)/Greenovation";
			};
			name = Debug;
		};
		D6D010502AC6C60900EC51FB /* Release */ = {
			isa = XCBuildConfiguration;
			buildSettings = {
				ALWAYS_EMBED_SWIFT_STANDARD_LIBRARIES = YES;
				BUNDLE_LOADER = "$(TEST_HOST)";
				CODE_SIGN_STYLE = Automatic;
				CURRENT_PROJECT_VERSION = 1;
				DEVELOPMENT_TEAM = 47BZXPDJKC;
				GENERATE_INFOPLIST_FILE = YES;
				IPHONEOS_DEPLOYMENT_TARGET = 17.0;
				MARKETING_VERSION = 1.0;
				PRODUCT_BUNDLE_IDENTIFIER = "id.pak-eco.Base-ProjectTests";
				PRODUCT_NAME = "$(TARGET_NAME)";
				SWIFT_EMIT_LOC_STRINGS = NO;
				SWIFT_VERSION = 5.0;
				TARGETED_DEVICE_FAMILY = "1,2";
				TEST_HOST = "$(BUILT_PRODUCTS_DIR)/Greenovation.app/$(BUNDLE_EXECUTABLE_FOLDER_PATH)/Greenovation";
			};
			name = Release;
		};
		D6D010522AC6C60900EC51FB /* Debug */ = {
			isa = XCBuildConfiguration;
			buildSettings = {
				ALWAYS_EMBED_SWIFT_STANDARD_LIBRARIES = YES;
				CODE_SIGN_STYLE = Automatic;
				CURRENT_PROJECT_VERSION = 1;
				DEVELOPMENT_TEAM = 47BZXPDJKC;
				GENERATE_INFOPLIST_FILE = YES;
				MARKETING_VERSION = 1.0;
				PRODUCT_BUNDLE_IDENTIFIER = "id.pak-eco.Base-ProjectUITests";
				PRODUCT_NAME = "$(TARGET_NAME)";
				SWIFT_EMIT_LOC_STRINGS = NO;
				SWIFT_VERSION = 5.0;
				TARGETED_DEVICE_FAMILY = "1,2";
				TEST_TARGET_NAME = "Base Project";
			};
			name = Debug;
		};
		D6D010532AC6C60900EC51FB /* Release */ = {
			isa = XCBuildConfiguration;
			buildSettings = {
				ALWAYS_EMBED_SWIFT_STANDARD_LIBRARIES = YES;
				CODE_SIGN_STYLE = Automatic;
				CURRENT_PROJECT_VERSION = 1;
				DEVELOPMENT_TEAM = 47BZXPDJKC;
				GENERATE_INFOPLIST_FILE = YES;
				MARKETING_VERSION = 1.0;
				PRODUCT_BUNDLE_IDENTIFIER = "id.pak-eco.Base-ProjectUITests";
				PRODUCT_NAME = "$(TARGET_NAME)";
				SWIFT_EMIT_LOC_STRINGS = NO;
				SWIFT_VERSION = 5.0;
				TARGETED_DEVICE_FAMILY = "1,2";
				TEST_TARGET_NAME = "Base Project";
			};
			name = Release;
		};
/* End XCBuildConfiguration section */

/* Begin XCConfigurationList section */
		D6D0101C2AC6C60800EC51FB /* Build configuration list for PBXProject "Greenovation" */ = {
			isa = XCConfigurationList;
			buildConfigurations = (
				D6D010492AC6C60900EC51FB /* Debug */,
				D6D0104A2AC6C60900EC51FB /* Release */,
			);
			defaultConfigurationIsVisible = 0;
			defaultConfigurationName = Release;
		};
		D6D0104B2AC6C60900EC51FB /* Build configuration list for PBXNativeTarget "Greenovation" */ = {
			isa = XCConfigurationList;
			buildConfigurations = (
				D6D0104C2AC6C60900EC51FB /* Debug */,
				D6D0104D2AC6C60900EC51FB /* Release */,
			);
			defaultConfigurationIsVisible = 0;
			defaultConfigurationName = Release;
		};
		D6D0104E2AC6C60900EC51FB /* Build configuration list for PBXNativeTarget "GreenovationTests" */ = {
			isa = XCConfigurationList;
			buildConfigurations = (
				D6D0104F2AC6C60900EC51FB /* Debug */,
				D6D010502AC6C60900EC51FB /* Release */,
			);
			defaultConfigurationIsVisible = 0;
			defaultConfigurationName = Release;
		};
		D6D010512AC6C60900EC51FB /* Build configuration list for PBXNativeTarget "GreenovationUITests" */ = {
			isa = XCConfigurationList;
			buildConfigurations = (
				D6D010522AC6C60900EC51FB /* Debug */,
				D6D010532AC6C60900EC51FB /* Release */,
			);
			defaultConfigurationIsVisible = 0;
			defaultConfigurationName = Release;
		};
/* End XCConfigurationList section */

/* Begin XCRemoteSwiftPackageReference section */
		D60950422AEF8BC000DD5FDD /* XCRemoteSwiftPackageReference "Charts" */ = {
			isa = XCRemoteSwiftPackageReference;
			repositoryURL = "https://github.com/danielgindi/Charts.git";
			requirement = {
				kind = upToNextMajorVersion;
				minimumVersion = 5.0.0;
			};
		};
		D640E1F02AC73809007E993F /* XCRemoteSwiftPackageReference "Alamofire" */ = {
			isa = XCRemoteSwiftPackageReference;
			repositoryURL = "https://github.com/Alamofire/Alamofire.git";
			requirement = {
				kind = upToNextMajorVersion;
				minimumVersion = 5.8.0;
			};
		};
		D68D4E7F2AF5FCC700F61B1E /* XCRemoteSwiftPackageReference "GoogleSignIn-iOS" */ = {
			isa = XCRemoteSwiftPackageReference;
			repositoryURL = "https://github.com/google/GoogleSignIn-iOS";
			requirement = {
				kind = upToNextMajorVersion;
				minimumVersion = 7.0.0;
			};
		};
		D6E50C122ACD59CF00375F9A /* XCRemoteSwiftPackageReference "firebase-ios-sdk" */ = {
			isa = XCRemoteSwiftPackageReference;
			repositoryURL = "https://github.com/firebase/firebase-ios-sdk";
			requirement = {
				kind = upToNextMajorVersion;
				minimumVersion = 10.16.0;
			};
		};
/* End XCRemoteSwiftPackageReference section */

/* Begin XCSwiftPackageProductDependency section */
		A72C07042AFA2C72005395DB /* GoogleSignIn */ = {
			isa = XCSwiftPackageProductDependency;
			package = D68D4E7F2AF5FCC700F61B1E /* XCRemoteSwiftPackageReference "GoogleSignIn-iOS" */;
			productName = GoogleSignIn;
		};
		A72C07062AFA2C72005395DB /* GoogleSignInSwift */ = {
			isa = XCSwiftPackageProductDependency;
			package = D68D4E7F2AF5FCC700F61B1E /* XCRemoteSwiftPackageReference "GoogleSignIn-iOS" */;
			productName = GoogleSignInSwift;
		};
		A72C07082AFA2D0B005395DB /* FirebaseAnalytics */ = {
			isa = XCSwiftPackageProductDependency;
			package = D6E50C122ACD59CF00375F9A /* XCRemoteSwiftPackageReference "firebase-ios-sdk" */;
			productName = FirebaseAnalytics;
		};
		A72C070A2AFA2D0B005395DB /* FirebaseAnalyticsSwift */ = {
			isa = XCSwiftPackageProductDependency;
			package = D6E50C122ACD59CF00375F9A /* XCRemoteSwiftPackageReference "firebase-ios-sdk" */;
			productName = FirebaseAnalyticsSwift;
		};
		A72C070C2AFA2D0B005395DB /* FirebaseAuth */ = {
			isa = XCSwiftPackageProductDependency;
			package = D6E50C122ACD59CF00375F9A /* XCRemoteSwiftPackageReference "firebase-ios-sdk" */;
			productName = FirebaseAuth;
		};
		A72C070E2AFA2D0B005395DB /* FirebaseAuthCombine-Community */ = {
			isa = XCSwiftPackageProductDependency;
			package = D6E50C122ACD59CF00375F9A /* XCRemoteSwiftPackageReference "firebase-ios-sdk" */;
			productName = "FirebaseAuthCombine-Community";
		};
		A72C07102AFA2D0B005395DB /* FirebaseCrashlytics */ = {
			isa = XCSwiftPackageProductDependency;
			package = D6E50C122ACD59CF00375F9A /* XCRemoteSwiftPackageReference "firebase-ios-sdk" */;
			productName = FirebaseCrashlytics;
		};
		A72C07122AFA2D0B005395DB /* FirebaseDatabase */ = {
			isa = XCSwiftPackageProductDependency;
			package = D6E50C122ACD59CF00375F9A /* XCRemoteSwiftPackageReference "firebase-ios-sdk" */;
			productName = FirebaseDatabase;
		};
		A72C07142AFA2D0B005395DB /* FirebaseDatabaseSwift */ = {
			isa = XCSwiftPackageProductDependency;
			package = D6E50C122ACD59CF00375F9A /* XCRemoteSwiftPackageReference "firebase-ios-sdk" */;
			productName = FirebaseDatabaseSwift;
		};
		A72C07162AFA2D0B005395DB /* FirebaseFirestore */ = {
			isa = XCSwiftPackageProductDependency;
			package = D6E50C122ACD59CF00375F9A /* XCRemoteSwiftPackageReference "firebase-ios-sdk" */;
			productName = FirebaseFirestore;
		};
		A72C07182AFA2D0B005395DB /* FirebaseMessaging */ = {
			isa = XCSwiftPackageProductDependency;
			package = D6E50C122ACD59CF00375F9A /* XCRemoteSwiftPackageReference "firebase-ios-sdk" */;
			productName = FirebaseMessaging;
		};
		A72C071A2AFA2D3A005395DB /* Alamofire */ = {
			isa = XCSwiftPackageProductDependency;
			productName = Alamofire;
		};
		A72C071C2AFA2D5F005395DB /* DGCharts */ = {
			isa = XCSwiftPackageProductDependency;
			productName = DGCharts;
		};
/* End XCSwiftPackageProductDependency section */
	};
	rootObject = D6D010192AC6C60800EC51FB /* Project object */;
}
