// !$*UTF8*$!
{
	archiveVersion = 1;
	classes = {
	};
	objectVersion = 56;
	objects = {

/* Begin PBXBuildFile section */
		A71FC0A72AEBA3F000875CBF /* ChooseFormulationViewController.swift in Sources */ = {isa = PBXBuildFile; fileRef = A71FC0A52AEBA3F000875CBF /* ChooseFormulationViewController.swift */; };
		A71FC0A82AEBA3F000875CBF /* ChooseFormulationViewController.xib in Resources */ = {isa = PBXBuildFile; fileRef = A71FC0A62AEBA3F000875CBF /* ChooseFormulationViewController.xib */; };
		A71FC0AA2AEBA40E00875CBF /* CustomChooseFormulationView.swift in Sources */ = {isa = PBXBuildFile; fileRef = A71FC0A92AEBA40E00875CBF /* CustomChooseFormulationView.swift */; };
		A71FC0B42AEBCF8A00875CBF /* AddDeviceViewController.swift in Sources */ = {isa = PBXBuildFile; fileRef = A71FC0B22AEBCF8A00875CBF /* AddDeviceViewController.swift */; };
		A71FC0B52AEBCF8A00875CBF /* AddDeviceViewController.xib in Resources */ = {isa = PBXBuildFile; fileRef = A71FC0B32AEBCF8A00875CBF /* AddDeviceViewController.xib */; };
		A7D78E162AE92822006577AE /* LocalizationStoryboard.swift in Sources */ = {isa = PBXBuildFile; fileRef = A7D78E152AE92822006577AE /* LocalizationStoryboard.swift */; };
		A7D78E182AE929F6006577AE /* CustomMyChoiceView.swift in Sources */ = {isa = PBXBuildFile; fileRef = A7D78E172AE929F6006577AE /* CustomMyChoiceView.swift */; };
		A7D78E1A2AEA6C26006577AE /* CustomGrowthStepView.swift in Sources */ = {isa = PBXBuildFile; fileRef = A7D78E192AEA6C26006577AE /* CustomGrowthStepView.swift */; };
		A7D78E1F2AEA6CA6006577AE /* GrowthStepViewController.swift in Sources */ = {isa = PBXBuildFile; fileRef = A7D78E1D2AEA6CA6006577AE /* GrowthStepViewController.swift */; };
		A7D78E202AEA6CA6006577AE /* GrowthStepViewController.xib in Resources */ = {isa = PBXBuildFile; fileRef = A7D78E1E2AEA6CA6006577AE /* GrowthStepViewController.xib */; };
		A7E23C572AE922E80065F24F /* EditDeviceViewController.swift in Sources */ = {isa = PBXBuildFile; fileRef = A7E23C552AE922E80065F24F /* EditDeviceViewController.swift */; };
		A7E23C582AE922E80065F24F /* EditDeviceViewController.xib in Resources */ = {isa = PBXBuildFile; fileRef = A7E23C562AE922E80065F24F /* EditDeviceViewController.xib */; };
		A7E23C5A2AE924A10065F24F /* CustomFieldView.swift in Sources */ = {isa = PBXBuildFile; fileRef = A7E23C592AE924A10065F24F /* CustomFieldView.swift */; };
		D630F5002AD8112A00A355D0 /* DMSans-MediumItalic.ttf in Resources */ = {isa = PBXBuildFile; fileRef = D630F4EE2AD8112900A355D0 /* DMSans-MediumItalic.ttf */; };
		D630F5022AD8112A00A355D0 /* DMSans-BoldItalic.ttf in Resources */ = {isa = PBXBuildFile; fileRef = D630F4F02AD8112A00A355D0 /* DMSans-BoldItalic.ttf */; };
		D630F5032AD8112A00A355D0 /* DMSans-Thin.ttf in Resources */ = {isa = PBXBuildFile; fileRef = D630F4F12AD8112A00A355D0 /* DMSans-Thin.ttf */; };
		D630F5042AD8112A00A355D0 /* DMSans-Bold.ttf in Resources */ = {isa = PBXBuildFile; fileRef = D630F4F22AD8112A00A355D0 /* DMSans-Bold.ttf */; };
		D630F5052AD8112A00A355D0 /* DMSans-SemiBold.ttf in Resources */ = {isa = PBXBuildFile; fileRef = D630F4F32AD8112A00A355D0 /* DMSans-SemiBold.ttf */; };
		D630F5062AD8112A00A355D0 /* DMSans-Italic.ttf in Resources */ = {isa = PBXBuildFile; fileRef = D630F4F42AD8112A00A355D0 /* DMSans-Italic.ttf */; };
		D630F5082AD8112A00A355D0 /* DMSans-Black.ttf in Resources */ = {isa = PBXBuildFile; fileRef = D630F4F62AD8112A00A355D0 /* DMSans-Black.ttf */; };
		D630F5092AD8112A00A355D0 /* DMSans-Regular.ttf in Resources */ = {isa = PBXBuildFile; fileRef = D630F4F72AD8112A00A355D0 /* DMSans-Regular.ttf */; };
		D630F50A2AD8112A00A355D0 /* DMSans-BlackItalic.ttf in Resources */ = {isa = PBXBuildFile; fileRef = D630F4F82AD8112A00A355D0 /* DMSans-BlackItalic.ttf */; };
		D630F50B2AD8112A00A355D0 /* DMSans-ThinItalic.ttf in Resources */ = {isa = PBXBuildFile; fileRef = D630F4F92AD8112A00A355D0 /* DMSans-ThinItalic.ttf */; };
		D630F50C2AD8112A00A355D0 /* DMSans-Light.ttf in Resources */ = {isa = PBXBuildFile; fileRef = D630F4FA2AD8112A00A355D0 /* DMSans-Light.ttf */; };
		D630F50D2AD8112A00A355D0 /* DMSans-LightItalic.ttf in Resources */ = {isa = PBXBuildFile; fileRef = D630F4FB2AD8112A00A355D0 /* DMSans-LightItalic.ttf */; };
		D630F50F2AD8112A00A355D0 /* DMSans-SemiBoldItalic.ttf in Resources */ = {isa = PBXBuildFile; fileRef = D630F4FD2AD8112A00A355D0 /* DMSans-SemiBoldItalic.ttf */; };
		D630F5112AD8112A00A355D0 /* DMSans-Medium.ttf in Resources */ = {isa = PBXBuildFile; fileRef = D630F4FF2AD8112A00A355D0 /* DMSans-Medium.ttf */; };
		D630F5132AD84BEF00A355D0 /* CustomTextStyle.swift in Sources */ = {isa = PBXBuildFile; fileRef = D630F5122AD84BEF00A355D0 /* CustomTextStyle.swift */; };
		D640E2022AC7A32D007E993F /* Box.swift in Sources */ = {isa = PBXBuildFile; fileRef = D640E2012AC7A32D007E993F /* Box.swift */; };
		D646B4562AE902CA00BE78EC /* DevicesViewModel.swift in Sources */ = {isa = PBXBuildFile; fileRef = D646B4552AE902CA00BE78EC /* DevicesViewModel.swift */; };
		D65C58832AE26D2F00FE8D1E /* String+Extension.swift in Sources */ = {isa = PBXBuildFile; fileRef = D65C58822AE26D2F00FE8D1E /* String+Extension.swift */; };
		D68003EB2ADB838D00AAED95 /* Localizable.xcstrings in Resources */ = {isa = PBXBuildFile; fileRef = D68003EA2ADB838D00AAED95 /* Localizable.xcstrings */; };
		D68003ED2ADB860600AAED95 /* NavigatorDelegate.swift in Sources */ = {isa = PBXBuildFile; fileRef = D68003EC2ADB860600AAED95 /* NavigatorDelegate.swift */; };
		D681D5722AE68CD3005A0BAC /* DevicesViewController.swift in Sources */ = {isa = PBXBuildFile; fileRef = D681D5702AE68CD3005A0BAC /* DevicesViewController.swift */; };
		D681D5732AE68CD3005A0BAC /* DevicesViewController.xib in Resources */ = {isa = PBXBuildFile; fileRef = D681D5712AE68CD3005A0BAC /* DevicesViewController.xib */; };
		D681D5772AE68D0E005A0BAC /* DevicesItemTableViewCell.swift in Sources */ = {isa = PBXBuildFile; fileRef = D681D5752AE68D0E005A0BAC /* DevicesItemTableViewCell.swift */; };
		D681D5782AE68D0E005A0BAC /* DevicesItemTableViewCell.xib in Resources */ = {isa = PBXBuildFile; fileRef = D681D5762AE68D0E005A0BAC /* DevicesItemTableViewCell.xib */; };
		D6AC85722ACFF7700033B665 /* MainViewController.swift in Sources */ = {isa = PBXBuildFile; fileRef = D6AC85712ACFF7700033B665 /* MainViewController.swift */; };
		D6AC85742ACFFA000033B665 /* MainViewController.xib in Resources */ = {isa = PBXBuildFile; fileRef = D6AC85732ACFFA000033B665 /* MainViewController.xib */; };
		D6AC857D2ACFFD260033B665 /* NotificationView.swift in Sources */ = {isa = PBXBuildFile; fileRef = D6AC857C2ACFFD260033B665 /* NotificationView.swift */; };
		D6AC857F2ACFFD2F0033B665 /* NotificationViewModel.swift in Sources */ = {isa = PBXBuildFile; fileRef = D6AC857E2ACFFD2F0033B665 /* NotificationViewModel.swift */; };
		D6AC85812ACFFD6C0033B665 /* FormulaSettingView.swift in Sources */ = {isa = PBXBuildFile; fileRef = D6AC85802ACFFD6C0033B665 /* FormulaSettingView.swift */; };
		D6AC85832ACFFD7E0033B665 /* FormulaSettingViewModel.swift in Sources */ = {isa = PBXBuildFile; fileRef = D6AC85822ACFFD7E0033B665 /* FormulaSettingViewModel.swift */; };
		D6AC85882AD013D60033B665 /* DetailDeviceView.swift in Sources */ = {isa = PBXBuildFile; fileRef = D6AC85872AD013D60033B665 /* DetailDeviceView.swift */; };
		D6AC858A2AD013DF0033B665 /* DetailDeviceViewModel.swift in Sources */ = {isa = PBXBuildFile; fileRef = D6AC85892AD013DF0033B665 /* DetailDeviceViewModel.swift */; };
		D6B98BFD2AE7BE7F0077E33E /* GoogleService-Info.plist in Resources */ = {isa = PBXBuildFile; fileRef = D6B98BFC2AE7BE7F0077E33E /* GoogleService-Info.plist */; };
		D6BD3B712AD0CAB6005B85C3 /* DeviceResponse.swift in Sources */ = {isa = PBXBuildFile; fileRef = D6BD3B702AD0CAB6005B85C3 /* DeviceResponse.swift */; };
		D6BD3B732AD0CB39005B85C3 /* HydrospaceRTDBDataSource.swift in Sources */ = {isa = PBXBuildFile; fileRef = D6BD3B722AD0CB39005B85C3 /* HydrospaceRTDBDataSource.swift */; };
		D6BD3B752AD1223C005B85C3 /* HydrospaceRepository.swift in Sources */ = {isa = PBXBuildFile; fileRef = D6BD3B742AD1223C005B85C3 /* HydrospaceRepository.swift */; };
		D6BD3B772AD1224E005B85C3 /* HydrospaceRepositoryProtocol.swift in Sources */ = {isa = PBXBuildFile; fileRef = D6BD3B762AD1224E005B85C3 /* HydrospaceRepositoryProtocol.swift */; };
		D6BD3B792AD123C4005B85C3 /* DeviceModel.swift in Sources */ = {isa = PBXBuildFile; fileRef = D6BD3B782AD123C3005B85C3 /* DeviceModel.swift */; };
		D6D010252AC6C60800EC51FB /* AppDelegate.swift in Sources */ = {isa = PBXBuildFile; fileRef = D6D010242AC6C60800EC51FB /* AppDelegate.swift */; };
		D6D010272AC6C60800EC51FB /* SceneDelegate.swift in Sources */ = {isa = PBXBuildFile; fileRef = D6D010262AC6C60800EC51FB /* SceneDelegate.swift */; };
		D6D0102E2AC6C60900EC51FB /* Assets.xcassets in Resources */ = {isa = PBXBuildFile; fileRef = D6D0102D2AC6C60900EC51FB /* Assets.xcassets */; };
		D6D010312AC6C60900EC51FB /* LaunchScreen.storyboard in Resources */ = {isa = PBXBuildFile; fileRef = D6D0102F2AC6C60900EC51FB /* LaunchScreen.storyboard */; };
		D6D0103C2AC6C60900EC51FB /* Base_ProjectTests.swift in Sources */ = {isa = PBXBuildFile; fileRef = D6D0103B2AC6C60900EC51FB /* Base_ProjectTests.swift */; };
		D6D010462AC6C60900EC51FB /* Base_ProjectUITests.swift in Sources */ = {isa = PBXBuildFile; fileRef = D6D010452AC6C60900EC51FB /* Base_ProjectUITests.swift */; };
		D6D010482AC6C60900EC51FB /* Base_ProjectUITestsLaunchTests.swift in Sources */ = {isa = PBXBuildFile; fileRef = D6D010472AC6C60900EC51FB /* Base_ProjectUITestsLaunchTests.swift */; };
		D6DFD63C2AE7C6DF00215428 /* Alamofire in Frameworks */ = {isa = PBXBuildFile; productRef = D6DFD63B2AE7C6DF00215428 /* Alamofire */; };
		D6DFD63E2AE7C6DF00215428 /* FirebaseAnalytics in Frameworks */ = {isa = PBXBuildFile; productRef = D6DFD63D2AE7C6DF00215428 /* FirebaseAnalytics */; };
		D6DFD6402AE7C6DF00215428 /* FirebaseAnalyticsSwift in Frameworks */ = {isa = PBXBuildFile; productRef = D6DFD63F2AE7C6DF00215428 /* FirebaseAnalyticsSwift */; };
		D6DFD6422AE7C6DF00215428 /* FirebaseAuth in Frameworks */ = {isa = PBXBuildFile; productRef = D6DFD6412AE7C6DF00215428 /* FirebaseAuth */; };
		D6DFD6442AE7C6DF00215428 /* FirebaseDatabase in Frameworks */ = {isa = PBXBuildFile; productRef = D6DFD6432AE7C6DF00215428 /* FirebaseDatabase */; };
		D6DFD6462AE7C6DF00215428 /* FirebaseDatabaseSwift in Frameworks */ = {isa = PBXBuildFile; productRef = D6DFD6452AE7C6DF00215428 /* FirebaseDatabaseSwift */; };
		D6DFD6482AE7C6DF00215428 /* FirebaseFirestore in Frameworks */ = {isa = PBXBuildFile; productRef = D6DFD6472AE7C6DF00215428 /* FirebaseFirestore */; };
		D6DFD64A2AE7C6DF00215428 /* FirebaseFirestoreSwift in Frameworks */ = {isa = PBXBuildFile; productRef = D6DFD6492AE7C6DF00215428 /* FirebaseFirestoreSwift */; };
		D6DFD64C2AE7C6DF00215428 /* FirebaseMessaging in Frameworks */ = {isa = PBXBuildFile; productRef = D6DFD64B2AE7C6DF00215428 /* FirebaseMessaging */; };
		D6DFD64E2AE7DEE200215428 /* View+Extension.swift in Sources */ = {isa = PBXBuildFile; fileRef = D6DFD64D2AE7DEE200215428 /* View+Extension.swift */; };
/* End PBXBuildFile section */

/* Begin PBXContainerItemProxy section */
		D6D010382AC6C60900EC51FB /* PBXContainerItemProxy */ = {
			isa = PBXContainerItemProxy;
			containerPortal = D6D010192AC6C60800EC51FB /* Project object */;
			proxyType = 1;
			remoteGlobalIDString = D6D010202AC6C60800EC51FB;
			remoteInfo = "Base Project";
		};
		D6D010422AC6C60900EC51FB /* PBXContainerItemProxy */ = {
			isa = PBXContainerItemProxy;
			containerPortal = D6D010192AC6C60800EC51FB /* Project object */;
			proxyType = 1;
			remoteGlobalIDString = D6D010202AC6C60800EC51FB;
			remoteInfo = "Base Project";
		};
/* End PBXContainerItemProxy section */

/* Begin PBXFileReference section */
		A71FC0A52AEBA3F000875CBF /* ChooseFormulationViewController.swift */ = {isa = PBXFileReference; lastKnownFileType = sourcecode.swift; path = ChooseFormulationViewController.swift; sourceTree = "<group>"; };
		A71FC0A62AEBA3F000875CBF /* ChooseFormulationViewController.xib */ = {isa = PBXFileReference; lastKnownFileType = file.xib; path = ChooseFormulationViewController.xib; sourceTree = "<group>"; };
		A71FC0A92AEBA40E00875CBF /* CustomChooseFormulationView.swift */ = {isa = PBXFileReference; lastKnownFileType = sourcecode.swift; path = CustomChooseFormulationView.swift; sourceTree = "<group>"; };
		A71FC0B22AEBCF8A00875CBF /* AddDeviceViewController.swift */ = {isa = PBXFileReference; lastKnownFileType = sourcecode.swift; path = AddDeviceViewController.swift; sourceTree = "<group>"; };
		A71FC0B32AEBCF8A00875CBF /* AddDeviceViewController.xib */ = {isa = PBXFileReference; lastKnownFileType = file.xib; path = AddDeviceViewController.xib; sourceTree = "<group>"; };
		A7D78E152AE92822006577AE /* LocalizationStoryboard.swift */ = {isa = PBXFileReference; lastKnownFileType = sourcecode.swift; name = LocalizationStoryboard.swift; path = Greenovation/Utils/LocalizationStoryboard.swift; sourceTree = SOURCE_ROOT; };
		A7D78E172AE929F6006577AE /* CustomMyChoiceView.swift */ = {isa = PBXFileReference; lastKnownFileType = sourcecode.swift; name = CustomMyChoiceView.swift; path = Greenovation/Utils/Components/CustomMyChoiceView.swift; sourceTree = SOURCE_ROOT; };
		A7D78E192AEA6C26006577AE /* CustomGrowthStepView.swift */ = {isa = PBXFileReference; lastKnownFileType = sourcecode.swift; path = CustomGrowthStepView.swift; sourceTree = "<group>"; };
		A7D78E1D2AEA6CA6006577AE /* GrowthStepViewController.swift */ = {isa = PBXFileReference; lastKnownFileType = sourcecode.swift; path = GrowthStepViewController.swift; sourceTree = "<group>"; };
		A7D78E1E2AEA6CA6006577AE /* GrowthStepViewController.xib */ = {isa = PBXFileReference; lastKnownFileType = file.xib; path = GrowthStepViewController.xib; sourceTree = "<group>"; };
		A7E23C552AE922E80065F24F /* EditDeviceViewController.swift */ = {isa = PBXFileReference; lastKnownFileType = sourcecode.swift; path = EditDeviceViewController.swift; sourceTree = "<group>"; };
		A7E23C562AE922E80065F24F /* EditDeviceViewController.xib */ = {isa = PBXFileReference; lastKnownFileType = file.xib; path = EditDeviceViewController.xib; sourceTree = "<group>"; };
		A7E23C592AE924A10065F24F /* CustomFieldView.swift */ = {isa = PBXFileReference; lastKnownFileType = sourcecode.swift; name = CustomFieldView.swift; path = Greenovation/Utils/Components/CustomFieldView.swift; sourceTree = SOURCE_ROOT; };
		D630F4EE2AD8112900A355D0 /* DMSans-MediumItalic.ttf */ = {isa = PBXFileReference; lastKnownFileType = file; path = "DMSans-MediumItalic.ttf"; sourceTree = "<group>"; };
		D630F4F02AD8112A00A355D0 /* DMSans-BoldItalic.ttf */ = {isa = PBXFileReference; lastKnownFileType = file; path = "DMSans-BoldItalic.ttf"; sourceTree = "<group>"; };
		D630F4F12AD8112A00A355D0 /* DMSans-Thin.ttf */ = {isa = PBXFileReference; lastKnownFileType = file; path = "DMSans-Thin.ttf"; sourceTree = "<group>"; };
		D630F4F22AD8112A00A355D0 /* DMSans-Bold.ttf */ = {isa = PBXFileReference; lastKnownFileType = file; path = "DMSans-Bold.ttf"; sourceTree = "<group>"; };
		D630F4F32AD8112A00A355D0 /* DMSans-SemiBold.ttf */ = {isa = PBXFileReference; lastKnownFileType = file; path = "DMSans-SemiBold.ttf"; sourceTree = "<group>"; };
		D630F4F42AD8112A00A355D0 /* DMSans-Italic.ttf */ = {isa = PBXFileReference; lastKnownFileType = file; path = "DMSans-Italic.ttf"; sourceTree = "<group>"; };
		D630F4F62AD8112A00A355D0 /* DMSans-Black.ttf */ = {isa = PBXFileReference; lastKnownFileType = file; path = "DMSans-Black.ttf"; sourceTree = "<group>"; };
		D630F4F72AD8112A00A355D0 /* DMSans-Regular.ttf */ = {isa = PBXFileReference; lastKnownFileType = file; path = "DMSans-Regular.ttf"; sourceTree = "<group>"; };
		D630F4F82AD8112A00A355D0 /* DMSans-BlackItalic.ttf */ = {isa = PBXFileReference; lastKnownFileType = file; path = "DMSans-BlackItalic.ttf"; sourceTree = "<group>"; };
		D630F4F92AD8112A00A355D0 /* DMSans-ThinItalic.ttf */ = {isa = PBXFileReference; lastKnownFileType = file; path = "DMSans-ThinItalic.ttf"; sourceTree = "<group>"; };
		D630F4FA2AD8112A00A355D0 /* DMSans-Light.ttf */ = {isa = PBXFileReference; lastKnownFileType = file; path = "DMSans-Light.ttf"; sourceTree = "<group>"; };
		D630F4FB2AD8112A00A355D0 /* DMSans-LightItalic.ttf */ = {isa = PBXFileReference; lastKnownFileType = file; path = "DMSans-LightItalic.ttf"; sourceTree = "<group>"; };
		D630F4FD2AD8112A00A355D0 /* DMSans-SemiBoldItalic.ttf */ = {isa = PBXFileReference; lastKnownFileType = file; path = "DMSans-SemiBoldItalic.ttf"; sourceTree = "<group>"; };
		D630F4FF2AD8112A00A355D0 /* DMSans-Medium.ttf */ = {isa = PBXFileReference; lastKnownFileType = file; path = "DMSans-Medium.ttf"; sourceTree = "<group>"; };
		D630F5122AD84BEF00A355D0 /* CustomTextStyle.swift */ = {isa = PBXFileReference; lastKnownFileType = sourcecode.swift; path = CustomTextStyle.swift; sourceTree = "<group>"; };
		D640E2012AC7A32D007E993F /* Box.swift */ = {isa = PBXFileReference; lastKnownFileType = sourcecode.swift; path = Box.swift; sourceTree = "<group>"; };
		D646B4552AE902CA00BE78EC /* DevicesViewModel.swift */ = {isa = PBXFileReference; lastKnownFileType = sourcecode.swift; path = DevicesViewModel.swift; sourceTree = "<group>"; };
		D65C58822AE26D2F00FE8D1E /* String+Extension.swift */ = {isa = PBXFileReference; lastKnownFileType = sourcecode.swift; path = "String+Extension.swift"; sourceTree = "<group>"; };
		D68003EA2ADB838D00AAED95 /* Localizable.xcstrings */ = {isa = PBXFileReference; lastKnownFileType = text.json.xcstrings; path = Localizable.xcstrings; sourceTree = "<group>"; };
		D68003EC2ADB860600AAED95 /* NavigatorDelegate.swift */ = {isa = PBXFileReference; lastKnownFileType = sourcecode.swift; path = NavigatorDelegate.swift; sourceTree = "<group>"; };
		D681D5702AE68CD3005A0BAC /* DevicesViewController.swift */ = {isa = PBXFileReference; lastKnownFileType = sourcecode.swift; path = DevicesViewController.swift; sourceTree = "<group>"; };
		D681D5712AE68CD3005A0BAC /* DevicesViewController.xib */ = {isa = PBXFileReference; lastKnownFileType = file.xib; path = DevicesViewController.xib; sourceTree = "<group>"; };
		D681D5752AE68D0E005A0BAC /* DevicesItemTableViewCell.swift */ = {isa = PBXFileReference; lastKnownFileType = sourcecode.swift; path = DevicesItemTableViewCell.swift; sourceTree = "<group>"; };
		D681D5762AE68D0E005A0BAC /* DevicesItemTableViewCell.xib */ = {isa = PBXFileReference; lastKnownFileType = file.xib; path = DevicesItemTableViewCell.xib; sourceTree = "<group>"; };
		D6AC85712ACFF7700033B665 /* MainViewController.swift */ = {isa = PBXFileReference; lastKnownFileType = sourcecode.swift; path = MainViewController.swift; sourceTree = "<group>"; };
		D6AC85732ACFFA000033B665 /* MainViewController.xib */ = {isa = PBXFileReference; lastKnownFileType = file.xib; path = MainViewController.xib; sourceTree = "<group>"; };
		D6AC857C2ACFFD260033B665 /* NotificationView.swift */ = {isa = PBXFileReference; lastKnownFileType = sourcecode.swift; path = NotificationView.swift; sourceTree = "<group>"; };
		D6AC857E2ACFFD2F0033B665 /* NotificationViewModel.swift */ = {isa = PBXFileReference; lastKnownFileType = sourcecode.swift; path = NotificationViewModel.swift; sourceTree = "<group>"; };
		D6AC85802ACFFD6C0033B665 /* FormulaSettingView.swift */ = {isa = PBXFileReference; lastKnownFileType = sourcecode.swift; path = FormulaSettingView.swift; sourceTree = "<group>"; };
		D6AC85822ACFFD7E0033B665 /* FormulaSettingViewModel.swift */ = {isa = PBXFileReference; lastKnownFileType = sourcecode.swift; path = FormulaSettingViewModel.swift; sourceTree = "<group>"; };
		D6AC85872AD013D60033B665 /* DetailDeviceView.swift */ = {isa = PBXFileReference; lastKnownFileType = sourcecode.swift; path = DetailDeviceView.swift; sourceTree = "<group>"; };
		D6AC85892AD013DF0033B665 /* DetailDeviceViewModel.swift */ = {isa = PBXFileReference; lastKnownFileType = sourcecode.swift; path = DetailDeviceViewModel.swift; sourceTree = "<group>"; };
		D6B98BFC2AE7BE7F0077E33E /* GoogleService-Info.plist */ = {isa = PBXFileReference; fileEncoding = 4; lastKnownFileType = text.plist.xml; path = "GoogleService-Info.plist"; sourceTree = "<group>"; };
		D6BD3B702AD0CAB6005B85C3 /* DeviceResponse.swift */ = {isa = PBXFileReference; lastKnownFileType = sourcecode.swift; path = DeviceResponse.swift; sourceTree = "<group>"; };
		D6BD3B722AD0CB39005B85C3 /* HydrospaceRTDBDataSource.swift */ = {isa = PBXFileReference; lastKnownFileType = sourcecode.swift; path = HydrospaceRTDBDataSource.swift; sourceTree = "<group>"; };
		D6BD3B742AD1223C005B85C3 /* HydrospaceRepository.swift */ = {isa = PBXFileReference; lastKnownFileType = sourcecode.swift; path = HydrospaceRepository.swift; sourceTree = "<group>"; };
		D6BD3B762AD1224E005B85C3 /* HydrospaceRepositoryProtocol.swift */ = {isa = PBXFileReference; lastKnownFileType = sourcecode.swift; path = HydrospaceRepositoryProtocol.swift; sourceTree = "<group>"; };
		D6BD3B782AD123C3005B85C3 /* DeviceModel.swift */ = {isa = PBXFileReference; lastKnownFileType = sourcecode.swift; path = DeviceModel.swift; sourceTree = "<group>"; };
		D6D010212AC6C60800EC51FB /* Greenovation.app */ = {isa = PBXFileReference; explicitFileType = wrapper.application; includeInIndex = 0; path = Greenovation.app; sourceTree = BUILT_PRODUCTS_DIR; };
		D6D010242AC6C60800EC51FB /* AppDelegate.swift */ = {isa = PBXFileReference; lastKnownFileType = sourcecode.swift; path = AppDelegate.swift; sourceTree = "<group>"; };
		D6D010262AC6C60800EC51FB /* SceneDelegate.swift */ = {isa = PBXFileReference; lastKnownFileType = sourcecode.swift; path = SceneDelegate.swift; sourceTree = "<group>"; };
		D6D0102D2AC6C60900EC51FB /* Assets.xcassets */ = {isa = PBXFileReference; lastKnownFileType = folder.assetcatalog; path = Assets.xcassets; sourceTree = "<group>"; };
		D6D010302AC6C60900EC51FB /* Base */ = {isa = PBXFileReference; lastKnownFileType = file.storyboard; name = Base; path = Base.lproj/LaunchScreen.storyboard; sourceTree = "<group>"; };
		D6D010322AC6C60900EC51FB /* Info.plist */ = {isa = PBXFileReference; lastKnownFileType = text.plist.xml; path = Info.plist; sourceTree = "<group>"; };
		D6D010372AC6C60900EC51FB /* GreenovationTests.xctest */ = {isa = PBXFileReference; explicitFileType = wrapper.cfbundle; includeInIndex = 0; path = GreenovationTests.xctest; sourceTree = BUILT_PRODUCTS_DIR; };
		D6D0103B2AC6C60900EC51FB /* Base_ProjectTests.swift */ = {isa = PBXFileReference; lastKnownFileType = sourcecode.swift; path = Base_ProjectTests.swift; sourceTree = "<group>"; };
		D6D010412AC6C60900EC51FB /* GreenovationUITests.xctest */ = {isa = PBXFileReference; explicitFileType = wrapper.cfbundle; includeInIndex = 0; path = GreenovationUITests.xctest; sourceTree = BUILT_PRODUCTS_DIR; };
		D6D010452AC6C60900EC51FB /* Base_ProjectUITests.swift */ = {isa = PBXFileReference; lastKnownFileType = sourcecode.swift; path = Base_ProjectUITests.swift; sourceTree = "<group>"; };
		D6D010472AC6C60900EC51FB /* Base_ProjectUITestsLaunchTests.swift */ = {isa = PBXFileReference; lastKnownFileType = sourcecode.swift; path = Base_ProjectUITestsLaunchTests.swift; sourceTree = "<group>"; };
		D6DFD64D2AE7DEE200215428 /* View+Extension.swift */ = {isa = PBXFileReference; lastKnownFileType = sourcecode.swift; path = "View+Extension.swift"; sourceTree = "<group>"; };
		D6E50C1D2ACD60DF00375F9A /* Greenovation.entitlements */ = {isa = PBXFileReference; lastKnownFileType = text.plist.entitlements; path = Greenovation.entitlements; sourceTree = "<group>"; };
/* End PBXFileReference section */

/* Begin PBXFrameworksBuildPhase section */
		D6D0101E2AC6C60800EC51FB /* Frameworks */ = {
			isa = PBXFrameworksBuildPhase;
			buildActionMask = 2147483647;
			files = (
				D6DFD64C2AE7C6DF00215428 /* FirebaseMessaging in Frameworks */,
				D6DFD6462AE7C6DF00215428 /* FirebaseDatabaseSwift in Frameworks */,
				D6DFD6442AE7C6DF00215428 /* FirebaseDatabase in Frameworks */,
				D6DFD6402AE7C6DF00215428 /* FirebaseAnalyticsSwift in Frameworks */,
				D6DFD63E2AE7C6DF00215428 /* FirebaseAnalytics in Frameworks */,
				D6DFD63C2AE7C6DF00215428 /* Alamofire in Frameworks */,
				D6DFD6422AE7C6DF00215428 /* FirebaseAuth in Frameworks */,
				D6DFD6482AE7C6DF00215428 /* FirebaseFirestore in Frameworks */,
				D6DFD64A2AE7C6DF00215428 /* FirebaseFirestoreSwift in Frameworks */,
			);
			runOnlyForDeploymentPostprocessing = 0;
		};
		D6D010342AC6C60900EC51FB /* Frameworks */ = {
			isa = PBXFrameworksBuildPhase;
			buildActionMask = 2147483647;
			files = (
			);
			runOnlyForDeploymentPostprocessing = 0;
		};
		D6D0103E2AC6C60900EC51FB /* Frameworks */ = {
			isa = PBXFrameworksBuildPhase;
			buildActionMask = 2147483647;
			files = (
			);
			runOnlyForDeploymentPostprocessing = 0;
		};
/* End PBXFrameworksBuildPhase section */

/* Begin PBXGroup section */
		A71FC0A22AEBA3B700875CBF /* Choose Formulation Bottom Sheet */ = {
			isa = PBXGroup;
			children = (
				A71FC0A52AEBA3F000875CBF /* ChooseFormulationViewController.swift */,
				A71FC0A62AEBA3F000875CBF /* ChooseFormulationViewController.xib */,
			);
			path = "Choose Formulation Bottom Sheet";
			sourceTree = "<group>";
		};
		A71FC0B12AEBCF7A00875CBF /* Add Device */ = {
			isa = PBXGroup;
			children = (
				A71FC0B22AEBCF8A00875CBF /* AddDeviceViewController.swift */,
				A71FC0B32AEBCF8A00875CBF /* AddDeviceViewController.xib */,
			);
			path = "Add Device";
			sourceTree = "<group>";
		};
		A7D78E1B2AEA6C62006577AE /* Bottom Sheet */ = {
			isa = PBXGroup;
			children = (
				A71FC0A22AEBA3B700875CBF /* Choose Formulation Bottom Sheet */,
				A7D78E1C2AEA6C87006577AE /* Growth Step Bottom Sheet */,
			);
			path = "Bottom Sheet";
			sourceTree = "<group>";
		};
		A7D78E1C2AEA6C87006577AE /* Growth Step Bottom Sheet */ = {
			isa = PBXGroup;
			children = (
				A7D78E1D2AEA6CA6006577AE /* GrowthStepViewController.swift */,
				A7D78E1E2AEA6CA6006577AE /* GrowthStepViewController.xib */,
			);
			path = "Growth Step Bottom Sheet";
			sourceTree = "<group>";
		};
		A7E23C522AE922B00065F24F /* Edit Device */ = {
			isa = PBXGroup;
			children = (
				A7E23C552AE922E80065F24F /* EditDeviceViewController.swift */,
				A7E23C562AE922E80065F24F /* EditDeviceViewController.xib */,
			);
			path = "Edit Device";
			sourceTree = "<group>";
		};
		D630F4ED2AD8111700A355D0 /* Fonts */ = {
			isa = PBXGroup;
			children = (
				D630F4F62AD8112A00A355D0 /* DMSans-Black.ttf */,
				D630F4F82AD8112A00A355D0 /* DMSans-BlackItalic.ttf */,
				D630F4F22AD8112A00A355D0 /* DMSans-Bold.ttf */,
				D630F4F02AD8112A00A355D0 /* DMSans-BoldItalic.ttf */,
				D630F4F42AD8112A00A355D0 /* DMSans-Italic.ttf */,
				D630F4FA2AD8112A00A355D0 /* DMSans-Light.ttf */,
				D630F4FB2AD8112A00A355D0 /* DMSans-LightItalic.ttf */,
				D630F4FF2AD8112A00A355D0 /* DMSans-Medium.ttf */,
				D630F4EE2AD8112900A355D0 /* DMSans-MediumItalic.ttf */,
				D630F4F72AD8112A00A355D0 /* DMSans-Regular.ttf */,
				D630F4F32AD8112A00A355D0 /* DMSans-SemiBold.ttf */,
				D630F4FD2AD8112A00A355D0 /* DMSans-SemiBoldItalic.ttf */,
				D630F4F12AD8112A00A355D0 /* DMSans-Thin.ttf */,
				D630F4F92AD8112A00A355D0 /* DMSans-ThinItalic.ttf */,
			);
			path = Fonts;
			sourceTree = "<group>";
		};
		D640E1E92AC730F2007E993F /* Data */ = {
			isa = PBXGroup;
			children = (
				D640E1EC2AC732DF007E993F /* Local */,
				D640E1EB2AC732DA007E993F /* Network */,
			);
			path = Data;
			sourceTree = "<group>";
		};
		D640E1EA2AC730F6007E993F /* Domain */ = {
			isa = PBXGroup;
			children = (
				D640E1EE2AC732F3007E993F /* Models */,
				D640E1EF2AC732F7007E993F /* Repository */,
			);
			path = Domain;
			sourceTree = "<group>";
		};
		D640E1EB2AC732DA007E993F /* Network */ = {
			isa = PBXGroup;
			children = (
				D640E1F52AC7387A007E993F /* Responses */,
				D6BD3B722AD0CB39005B85C3 /* HydrospaceRTDBDataSource.swift */,
			);
			path = Network;
			sourceTree = "<group>";
		};
		D640E1EC2AC732DF007E993F /* Local */ = {
			isa = PBXGroup;
			children = (
			);
			path = Local;
			sourceTree = "<group>";
		};
		D640E1EE2AC732F3007E993F /* Models */ = {
			isa = PBXGroup;
			children = (
				D6BD3B782AD123C3005B85C3 /* DeviceModel.swift */,
			);
			path = Models;
			sourceTree = "<group>";
		};
		D640E1EF2AC732F7007E993F /* Repository */ = {
			isa = PBXGroup;
			children = (
				D6BD3B762AD1224E005B85C3 /* HydrospaceRepositoryProtocol.swift */,
				D6BD3B742AD1223C005B85C3 /* HydrospaceRepository.swift */,
			);
			path = Repository;
			sourceTree = "<group>";
		};
		D640E1F52AC7387A007E993F /* Responses */ = {
			isa = PBXGroup;
			children = (
				D6BD3B702AD0CAB6005B85C3 /* DeviceResponse.swift */,
			);
			path = Responses;
			sourceTree = "<group>";
		};
		D640E2002AC7A322007E993F /* Utils */ = {
			isa = PBXGroup;
			children = (
				D646B4572AE91F0700BE78EC /* Components */,
				D640E2012AC7A32D007E993F /* Box.swift */,
				D630F5122AD84BEF00A355D0 /* CustomTextStyle.swift */,
				D68003EC2ADB860600AAED95 /* NavigatorDelegate.swift */,
				D65C58822AE26D2F00FE8D1E /* String+Extension.swift */,
				D6DFD64D2AE7DEE200215428 /* View+Extension.swift */,
				A7D78E152AE92822006577AE /* LocalizationStoryboard.swift */,
			);
			path = Utils;
			sourceTree = "<group>";
		};
		D646B4572AE91F0700BE78EC /* Components */ = {
			isa = PBXGroup;
			children = (
				A7D78E192AEA6C26006577AE /* CustomGrowthStepView.swift */,
				A7E23C592AE924A10065F24F /* CustomFieldView.swift */,
				A7D78E172AE929F6006577AE /* CustomMyChoiceView.swift */,
				A71FC0A92AEBA40E00875CBF /* CustomChooseFormulationView.swift */,
			);
			path = Components;
			sourceTree = "<group>";
		};
		D681D56F2AE68CB3005A0BAC /* Devices */ = {
			isa = PBXGroup;
			children = (
				D681D5742AE68CF6005A0BAC /* Components */,
				D681D5702AE68CD3005A0BAC /* DevicesViewController.swift */,
				D681D5712AE68CD3005A0BAC /* DevicesViewController.xib */,
				D646B4552AE902CA00BE78EC /* DevicesViewModel.swift */,
			);
			path = Devices;
			sourceTree = "<group>";
		};
		D681D5742AE68CF6005A0BAC /* Components */ = {
			isa = PBXGroup;
			children = (
				D681D5752AE68D0E005A0BAC /* DevicesItemTableViewCell.swift */,
				D681D5762AE68D0E005A0BAC /* DevicesItemTableViewCell.xib */,
			);
			path = Components;
			sourceTree = "<group>";
		};
		D6AC85702ACFF4860033B665 /* Main */ = {
			isa = PBXGroup;
			children = (
				D681D56F2AE68CB3005A0BAC /* Devices */,
				D6AC857B2ACFFD0C0033B665 /* FormulaSetting */,
				D6AC857A2ACFFD060033B665 /* Notification */,
				D6AC85712ACFF7700033B665 /* MainViewController.swift */,
				D6AC85732ACFFA000033B665 /* MainViewController.xib */,
			);
			path = Main;
			sourceTree = "<group>";
		};
		D6AC857A2ACFFD060033B665 /* Notification */ = {
			isa = PBXGroup;
			children = (
				D6AC857C2ACFFD260033B665 /* NotificationView.swift */,
				D6AC857E2ACFFD2F0033B665 /* NotificationViewModel.swift */,
			);
			path = Notification;
			sourceTree = "<group>";
		};
		D6AC857B2ACFFD0C0033B665 /* FormulaSetting */ = {
			isa = PBXGroup;
			children = (
				D6AC85802ACFFD6C0033B665 /* FormulaSettingView.swift */,
				D6AC85822ACFFD7E0033B665 /* FormulaSettingViewModel.swift */,
			);
			path = FormulaSetting;
			sourceTree = "<group>";
		};
		D6AC85862AD013B80033B665 /* Detail Device */ = {
			isa = PBXGroup;
			children = (
				D6AC85872AD013D60033B665 /* DetailDeviceView.swift */,
				D6AC85892AD013DF0033B665 /* DetailDeviceViewModel.swift */,
			);
			path = "Detail Device";
			sourceTree = "<group>";
		};
		D6D010182AC6C60800EC51FB = {
			isa = PBXGroup;
			children = (
				D6D010232AC6C60800EC51FB /* Greenovation */,
				D6D0103A2AC6C60900EC51FB /* HydrospaceTests */,
				D6D010442AC6C60900EC51FB /* HydrospaceUITests */,
				D6D010222AC6C60800EC51FB /* Products */,
				D6DFD63A2AE7C6DF00215428 /* Frameworks */,
			);
			sourceTree = "<group>";
		};
		D6D010222AC6C60800EC51FB /* Products */ = {
			isa = PBXGroup;
			children = (
				D6D010212AC6C60800EC51FB /* Greenovation.app */,
				D6D010372AC6C60900EC51FB /* GreenovationTests.xctest */,
				D6D010412AC6C60900EC51FB /* GreenovationUITests.xctest */,
			);
			name = Products;
			sourceTree = "<group>";
		};
		D6D010232AC6C60800EC51FB /* Greenovation */ = {
			isa = PBXGroup;
			children = (
				D6E50C1D2ACD60DF00375F9A /* Greenovation.entitlements */,
				D640E1E92AC730F2007E993F /* Data */,
				D640E1EA2AC730F6007E993F /* Domain */,
				D6D010572AC6DB6000EC51FB /* Bootstrap */,
				D6D010562AC6DB5000EC51FB /* Presenter */,
				D640E2002AC7A322007E993F /* Utils */,
				D6D010582AC6DBC900EC51FB /* Resources */,
			);
			path = Greenovation;
			sourceTree = "<group>";
		};
		D6D0103A2AC6C60900EC51FB /* HydrospaceTests */ = {
			isa = PBXGroup;
			children = (
				D6D0103B2AC6C60900EC51FB /* Base_ProjectTests.swift */,
			);
			path = HydrospaceTests;
			sourceTree = "<group>";
		};
		D6D010442AC6C60900EC51FB /* HydrospaceUITests */ = {
			isa = PBXGroup;
			children = (
				D6D010452AC6C60900EC51FB /* Base_ProjectUITests.swift */,
				D6D010472AC6C60900EC51FB /* Base_ProjectUITestsLaunchTests.swift */,
			);
			path = HydrospaceUITests;
			sourceTree = "<group>";
		};
		D6D010562AC6DB5000EC51FB /* Presenter */ = {
			isa = PBXGroup;
			children = (
				A71FC0B12AEBCF7A00875CBF /* Add Device */,
				A7D78E1B2AEA6C62006577AE /* Bottom Sheet */,
				A7E23C522AE922B00065F24F /* Edit Device */,
				D6AC85862AD013B80033B665 /* Detail Device */,
				D6AC85702ACFF4860033B665 /* Main */,
			);
			path = Presenter;
			sourceTree = "<group>";
		};
		D6D010572AC6DB6000EC51FB /* Bootstrap */ = {
			isa = PBXGroup;
			children = (
				D6D010242AC6C60800EC51FB /* AppDelegate.swift */,
				D6D010262AC6C60800EC51FB /* SceneDelegate.swift */,
				D6D0102F2AC6C60900EC51FB /* LaunchScreen.storyboard */,
			);
			path = Bootstrap;
			sourceTree = "<group>";
		};
		D6D010582AC6DBC900EC51FB /* Resources */ = {
			isa = PBXGroup;
			children = (
				D630F4ED2AD8111700A355D0 /* Fonts */,
				D6D0102D2AC6C60900EC51FB /* Assets.xcassets */,
				D6D010322AC6C60900EC51FB /* Info.plist */,
				D6B98BFC2AE7BE7F0077E33E /* GoogleService-Info.plist */,
				D68003EA2ADB838D00AAED95 /* Localizable.xcstrings */,
			);
			path = Resources;
			sourceTree = "<group>";
		};
		D6DFD63A2AE7C6DF00215428 /* Frameworks */ = {
			isa = PBXGroup;
			children = (
			);
			name = Frameworks;
			sourceTree = "<group>";
		};
/* End PBXGroup section */

/* Begin PBXNativeTarget section */
		D6D010202AC6C60800EC51FB /* Greenovation */ = {
			isa = PBXNativeTarget;
			buildConfigurationList = D6D0104B2AC6C60900EC51FB /* Build configuration list for PBXNativeTarget "Greenovation" */;
			buildPhases = (
				D6D0101D2AC6C60800EC51FB /* Sources */,
				D6D0101E2AC6C60800EC51FB /* Frameworks */,
				D6D0101F2AC6C60800EC51FB /* Resources */,
			);
			buildRules = (
			);
			dependencies = (
			);
			name = Greenovation;
			packageProductDependencies = (
				D6DFD63B2AE7C6DF00215428 /* Alamofire */,
				D6DFD63D2AE7C6DF00215428 /* FirebaseAnalytics */,
				D6DFD63F2AE7C6DF00215428 /* FirebaseAnalyticsSwift */,
				D6DFD6412AE7C6DF00215428 /* FirebaseAuth */,
				D6DFD6432AE7C6DF00215428 /* FirebaseDatabase */,
				D6DFD6452AE7C6DF00215428 /* FirebaseDatabaseSwift */,
				D6DFD6472AE7C6DF00215428 /* FirebaseFirestore */,
				D6DFD6492AE7C6DF00215428 /* FirebaseFirestoreSwift */,
				D6DFD64B2AE7C6DF00215428 /* FirebaseMessaging */,
			);
			productName = "Base Project";
			productReference = D6D010212AC6C60800EC51FB /* Greenovation.app */;
			productType = "com.apple.product-type.application";
		};
		D6D010362AC6C60900EC51FB /* GreenovationTests */ = {
			isa = PBXNativeTarget;
			buildConfigurationList = D6D0104E2AC6C60900EC51FB /* Build configuration list for PBXNativeTarget "GreenovationTests" */;
			buildPhases = (
				D6D010332AC6C60900EC51FB /* Sources */,
				D6D010342AC6C60900EC51FB /* Frameworks */,
				D6D010352AC6C60900EC51FB /* Resources */,
			);
			buildRules = (
			);
			dependencies = (
				D6D010392AC6C60900EC51FB /* PBXTargetDependency */,
			);
			name = GreenovationTests;
			productName = "Base ProjectTests";
			productReference = D6D010372AC6C60900EC51FB /* GreenovationTests.xctest */;
			productType = "com.apple.product-type.bundle.unit-test";
		};
		D6D010402AC6C60900EC51FB /* GreenovationUITests */ = {
			isa = PBXNativeTarget;
			buildConfigurationList = D6D010512AC6C60900EC51FB /* Build configuration list for PBXNativeTarget "GreenovationUITests" */;
			buildPhases = (
				D6D0103D2AC6C60900EC51FB /* Sources */,
				D6D0103E2AC6C60900EC51FB /* Frameworks */,
				D6D0103F2AC6C60900EC51FB /* Resources */,
			);
			buildRules = (
			);
			dependencies = (
				D6D010432AC6C60900EC51FB /* PBXTargetDependency */,
			);
			name = GreenovationUITests;
			productName = "Base ProjectUITests";
			productReference = D6D010412AC6C60900EC51FB /* GreenovationUITests.xctest */;
			productType = "com.apple.product-type.bundle.ui-testing";
		};
/* End PBXNativeTarget section */

/* Begin PBXProject section */
		D6D010192AC6C60800EC51FB /* Project object */ = {
			isa = PBXProject;
			attributes = {
				BuildIndependentTargetsInParallel = 1;
				LastSwiftUpdateCheck = 1500;
				LastUpgradeCheck = 1500;
				TargetAttributes = {
					D6D010202AC6C60800EC51FB = {
						CreatedOnToolsVersion = 15.0;
					};
					D6D010362AC6C60900EC51FB = {
						CreatedOnToolsVersion = 15.0;
						TestTargetID = D6D010202AC6C60800EC51FB;
					};
					D6D010402AC6C60900EC51FB = {
						CreatedOnToolsVersion = 15.0;
						TestTargetID = D6D010202AC6C60800EC51FB;
					};
				};
			};
			buildConfigurationList = D6D0101C2AC6C60800EC51FB /* Build configuration list for PBXProject "Greenovation" */;
			compatibilityVersion = "Xcode 14.0";
			developmentRegion = id;
			hasScannedForEncodings = 0;
			knownRegions = (
				en,
				Base,
				id,
			);
			mainGroup = D6D010182AC6C60800EC51FB;
			packageReferences = (
				D640E1F02AC73809007E993F /* XCRemoteSwiftPackageReference "Alamofire" */,
				D6E50C122ACD59CF00375F9A /* XCRemoteSwiftPackageReference "firebase-ios-sdk" */,
			);
			productRefGroup = D6D010222AC6C60800EC51FB /* Products */;
			projectDirPath = "";
			projectRoot = "";
			targets = (
				D6D010202AC6C60800EC51FB /* Greenovation */,
				D6D010362AC6C60900EC51FB /* GreenovationTests */,
				D6D010402AC6C60900EC51FB /* GreenovationUITests */,
			);
		};
/* End PBXProject section */

/* Begin PBXResourcesBuildPhase section */
		D6D0101F2AC6C60800EC51FB /* Resources */ = {
			isa = PBXResourcesBuildPhase;
			buildActionMask = 2147483647;
			files = (
				D630F5092AD8112A00A355D0 /* DMSans-Regular.ttf in Resources */,
				D6D010312AC6C60900EC51FB /* LaunchScreen.storyboard in Resources */,
				D630F50A2AD8112A00A355D0 /* DMSans-BlackItalic.ttf in Resources */,
				D630F5052AD8112A00A355D0 /* DMSans-SemiBold.ttf in Resources */,
				A71FC0A82AEBA3F000875CBF /* ChooseFormulationViewController.xib in Resources */,
				A7D78E202AEA6CA6006577AE /* GrowthStepViewController.xib in Resources */,
				A7E23C582AE922E80065F24F /* EditDeviceViewController.xib in Resources */,
				D630F5042AD8112A00A355D0 /* DMSans-Bold.ttf in Resources */,
				D630F5032AD8112A00A355D0 /* DMSans-Thin.ttf in Resources */,
				D630F50C2AD8112A00A355D0 /* DMSans-Light.ttf in Resources */,
				D630F5022AD8112A00A355D0 /* DMSans-BoldItalic.ttf in Resources */,
				D630F5062AD8112A00A355D0 /* DMSans-Italic.ttf in Resources */,
				D630F50F2AD8112A00A355D0 /* DMSans-SemiBoldItalic.ttf in Resources */,
				D6D0102E2AC6C60900EC51FB /* Assets.xcassets in Resources */,
				D630F50D2AD8112A00A355D0 /* DMSans-LightItalic.ttf in Resources */,
				D630F5002AD8112A00A355D0 /* DMSans-MediumItalic.ttf in Resources */,
				D630F5112AD8112A00A355D0 /* DMSans-Medium.ttf in Resources */,
				D68003EB2ADB838D00AAED95 /* Localizable.xcstrings in Resources */,
				D681D5782AE68D0E005A0BAC /* DevicesItemTableViewCell.xib in Resources */,
				D630F50B2AD8112A00A355D0 /* DMSans-ThinItalic.ttf in Resources */,
				A71FC0B52AEBCF8A00875CBF /* AddDeviceViewController.xib in Resources */,
				D6B98BFD2AE7BE7F0077E33E /* GoogleService-Info.plist in Resources */,
				D6AC85742ACFFA000033B665 /* MainViewController.xib in Resources */,
				D630F5082AD8112A00A355D0 /* DMSans-Black.ttf in Resources */,
				D681D5732AE68CD3005A0BAC /* DevicesViewController.xib in Resources */,
			);
			runOnlyForDeploymentPostprocessing = 0;
		};
		D6D010352AC6C60900EC51FB /* Resources */ = {
			isa = PBXResourcesBuildPhase;
			buildActionMask = 2147483647;
			files = (
			);
			runOnlyForDeploymentPostprocessing = 0;
		};
		D6D0103F2AC6C60900EC51FB /* Resources */ = {
			isa = PBXResourcesBuildPhase;
			buildActionMask = 2147483647;
			files = (
			);
			runOnlyForDeploymentPostprocessing = 0;
		};
/* End PBXResourcesBuildPhase section */

/* Begin PBXSourcesBuildPhase section */
		D6D0101D2AC6C60800EC51FB /* Sources */ = {
			isa = PBXSourcesBuildPhase;
			buildActionMask = 2147483647;
			files = (
				D65C58832AE26D2F00FE8D1E /* String+Extension.swift in Sources */,
				D68003ED2ADB860600AAED95 /* NavigatorDelegate.swift in Sources */,
				A7E23C5A2AE924A10065F24F /* CustomFieldView.swift in Sources */,
				A71FC0AA2AEBA40E00875CBF /* CustomChooseFormulationView.swift in Sources */,
				A7D78E162AE92822006577AE /* LocalizationStoryboard.swift in Sources */,
				D6BD3B772AD1224E005B85C3 /* HydrospaceRepositoryProtocol.swift in Sources */,
				A71FC0A72AEBA3F000875CBF /* ChooseFormulationViewController.swift in Sources */,
				D6AC857F2ACFFD2F0033B665 /* NotificationViewModel.swift in Sources */,
				D6BD3B732AD0CB39005B85C3 /* HydrospaceRTDBDataSource.swift in Sources */,
				D6BD3B712AD0CAB6005B85C3 /* DeviceResponse.swift in Sources */,
				D681D5772AE68D0E005A0BAC /* DevicesItemTableViewCell.swift in Sources */,
				D646B4562AE902CA00BE78EC /* DevicesViewModel.swift in Sources */,
				A7E23C572AE922E80065F24F /* EditDeviceViewController.swift in Sources */,
				D6AC857D2ACFFD260033B665 /* NotificationView.swift in Sources */,
				D6BD3B792AD123C4005B85C3 /* DeviceModel.swift in Sources */,
				D6DFD64E2AE7DEE200215428 /* View+Extension.swift in Sources */,
				D640E2022AC7A32D007E993F /* Box.swift in Sources */,
				D681D5722AE68CD3005A0BAC /* DevicesViewController.swift in Sources */,
				D6BD3B752AD1223C005B85C3 /* HydrospaceRepository.swift in Sources */,
				D6AC858A2AD013DF0033B665 /* DetailDeviceViewModel.swift in Sources */,
				D630F5132AD84BEF00A355D0 /* CustomTextStyle.swift in Sources */,
				A7D78E1F2AEA6CA6006577AE /* GrowthStepViewController.swift in Sources */,
				D6AC85832ACFFD7E0033B665 /* FormulaSettingViewModel.swift in Sources */,
				D6AC85882AD013D60033B665 /* DetailDeviceView.swift in Sources */,
				A71FC0B42AEBCF8A00875CBF /* AddDeviceViewController.swift in Sources */,
				D6AC85812ACFFD6C0033B665 /* FormulaSettingView.swift in Sources */,
				A7D78E182AE929F6006577AE /* CustomMyChoiceView.swift in Sources */,
				D6D010252AC6C60800EC51FB /* AppDelegate.swift in Sources */,
				D6D010272AC6C60800EC51FB /* SceneDelegate.swift in Sources */,
				A7D78E1A2AEA6C26006577AE /* CustomGrowthStepView.swift in Sources */,
				D6AC85722ACFF7700033B665 /* MainViewController.swift in Sources */,
			);
			runOnlyForDeploymentPostprocessing = 0;
		};
		D6D010332AC6C60900EC51FB /* Sources */ = {
			isa = PBXSourcesBuildPhase;
			buildActionMask = 2147483647;
			files = (
				D6D0103C2AC6C60900EC51FB /* Base_ProjectTests.swift in Sources */,
			);
			runOnlyForDeploymentPostprocessing = 0;
		};
		D6D0103D2AC6C60900EC51FB /* Sources */ = {
			isa = PBXSourcesBuildPhase;
			buildActionMask = 2147483647;
			files = (
				D6D010462AC6C60900EC51FB /* Base_ProjectUITests.swift in Sources */,
				D6D010482AC6C60900EC51FB /* Base_ProjectUITestsLaunchTests.swift in Sources */,
			);
			runOnlyForDeploymentPostprocessing = 0;
		};
/* End PBXSourcesBuildPhase section */

/* Begin PBXTargetDependency section */
		D6D010392AC6C60900EC51FB /* PBXTargetDependency */ = {
			isa = PBXTargetDependency;
			target = D6D010202AC6C60800EC51FB /* Greenovation */;
			targetProxy = D6D010382AC6C60900EC51FB /* PBXContainerItemProxy */;
		};
		D6D010432AC6C60900EC51FB /* PBXTargetDependency */ = {
			isa = PBXTargetDependency;
			target = D6D010202AC6C60800EC51FB /* Greenovation */;
			targetProxy = D6D010422AC6C60900EC51FB /* PBXContainerItemProxy */;
		};
/* End PBXTargetDependency section */

/* Begin PBXVariantGroup section */
		D6D0102F2AC6C60900EC51FB /* LaunchScreen.storyboard */ = {
			isa = PBXVariantGroup;
			children = (
				D6D010302AC6C60900EC51FB /* Base */,
			);
			name = LaunchScreen.storyboard;
			sourceTree = "<group>";
		};
/* End PBXVariantGroup section */

/* Begin XCBuildConfiguration section */
		D6D010492AC6C60900EC51FB /* Debug */ = {
			isa = XCBuildConfiguration;
			buildSettings = {
				ALWAYS_SEARCH_USER_PATHS = NO;
				ASSETCATALOG_COMPILER_GENERATE_SWIFT_ASSET_SYMBOL_EXTENSIONS = YES;
				CLANG_ANALYZER_NONNULL = YES;
				CLANG_ANALYZER_NUMBER_OBJECT_CONVERSION = YES_AGGRESSIVE;
				CLANG_CXX_LANGUAGE_STANDARD = "gnu++20";
				CLANG_ENABLE_MODULES = YES;
				CLANG_ENABLE_OBJC_ARC = YES;
				CLANG_ENABLE_OBJC_WEAK = YES;
				CLANG_WARN_BLOCK_CAPTURE_AUTORELEASING = YES;
				CLANG_WARN_BOOL_CONVERSION = YES;
				CLANG_WARN_COMMA = YES;
				CLANG_WARN_CONSTANT_CONVERSION = YES;
				CLANG_WARN_DEPRECATED_OBJC_IMPLEMENTATIONS = YES;
				CLANG_WARN_DIRECT_OBJC_ISA_USAGE = YES_ERROR;
				CLANG_WARN_DOCUMENTATION_COMMENTS = YES;
				CLANG_WARN_EMPTY_BODY = YES;
				CLANG_WARN_ENUM_CONVERSION = YES;
				CLANG_WARN_INFINITE_RECURSION = YES;
				CLANG_WARN_INT_CONVERSION = YES;
				CLANG_WARN_NON_LITERAL_NULL_CONVERSION = YES;
				CLANG_WARN_OBJC_IMPLICIT_RETAIN_SELF = YES;
				CLANG_WARN_OBJC_LITERAL_CONVERSION = YES;
				CLANG_WARN_OBJC_ROOT_CLASS = YES_ERROR;
				CLANG_WARN_QUOTED_INCLUDE_IN_FRAMEWORK_HEADER = YES;
				CLANG_WARN_RANGE_LOOP_ANALYSIS = YES;
				CLANG_WARN_STRICT_PROTOTYPES = YES;
				CLANG_WARN_SUSPICIOUS_MOVE = YES;
				CLANG_WARN_UNGUARDED_AVAILABILITY = YES_AGGRESSIVE;
				CLANG_WARN_UNREACHABLE_CODE = YES;
				CLANG_WARN__DUPLICATE_METHOD_MATCH = YES;
				COPY_PHASE_STRIP = NO;
				DEBUG_INFORMATION_FORMAT = dwarf;
				ENABLE_STRICT_OBJC_MSGSEND = YES;
				ENABLE_TESTABILITY = YES;
				ENABLE_USER_SCRIPT_SANDBOXING = YES;
				GCC_C_LANGUAGE_STANDARD = gnu17;
				GCC_DYNAMIC_NO_PIC = NO;
				GCC_NO_COMMON_BLOCKS = YES;
				GCC_OPTIMIZATION_LEVEL = 0;
				GCC_PREPROCESSOR_DEFINITIONS = (
					"DEBUG=1",
					"$(inherited)",
				);
				GCC_WARN_64_TO_32_BIT_CONVERSION = YES;
				GCC_WARN_ABOUT_RETURN_TYPE = YES_ERROR;
				GCC_WARN_UNDECLARED_SELECTOR = YES;
				GCC_WARN_UNINITIALIZED_AUTOS = YES_AGGRESSIVE;
				GCC_WARN_UNUSED_FUNCTION = YES;
				GCC_WARN_UNUSED_VARIABLE = YES;
				IPHONEOS_DEPLOYMENT_TARGET = 17.0;
				LOCALIZATION_PREFERS_STRING_CATALOGS = YES;
				MTL_ENABLE_DEBUG_INFO = INCLUDE_SOURCE;
				MTL_FAST_MATH = YES;
				ONLY_ACTIVE_ARCH = YES;
				SDKROOT = iphoneos;
				SWIFT_ACTIVE_COMPILATION_CONDITIONS = "DEBUG $(inherited)";
				SWIFT_OPTIMIZATION_LEVEL = "-Onone";
			};
			name = Debug;
		};
		D6D0104A2AC6C60900EC51FB /* Release */ = {
			isa = XCBuildConfiguration;
			buildSettings = {
				ALWAYS_SEARCH_USER_PATHS = NO;
				ASSETCATALOG_COMPILER_GENERATE_SWIFT_ASSET_SYMBOL_EXTENSIONS = YES;
				CLANG_ANALYZER_NONNULL = YES;
				CLANG_ANALYZER_NUMBER_OBJECT_CONVERSION = YES_AGGRESSIVE;
				CLANG_CXX_LANGUAGE_STANDARD = "gnu++20";
				CLANG_ENABLE_MODULES = YES;
				CLANG_ENABLE_OBJC_ARC = YES;
				CLANG_ENABLE_OBJC_WEAK = YES;
				CLANG_WARN_BLOCK_CAPTURE_AUTORELEASING = YES;
				CLANG_WARN_BOOL_CONVERSION = YES;
				CLANG_WARN_COMMA = YES;
				CLANG_WARN_CONSTANT_CONVERSION = YES;
				CLANG_WARN_DEPRECATED_OBJC_IMPLEMENTATIONS = YES;
				CLANG_WARN_DIRECT_OBJC_ISA_USAGE = YES_ERROR;
				CLANG_WARN_DOCUMENTATION_COMMENTS = YES;
				CLANG_WARN_EMPTY_BODY = YES;
				CLANG_WARN_ENUM_CONVERSION = YES;
				CLANG_WARN_INFINITE_RECURSION = YES;
				CLANG_WARN_INT_CONVERSION = YES;
				CLANG_WARN_NON_LITERAL_NULL_CONVERSION = YES;
				CLANG_WARN_OBJC_IMPLICIT_RETAIN_SELF = YES;
				CLANG_WARN_OBJC_LITERAL_CONVERSION = YES;
				CLANG_WARN_OBJC_ROOT_CLASS = YES_ERROR;
				CLANG_WARN_QUOTED_INCLUDE_IN_FRAMEWORK_HEADER = YES;
				CLANG_WARN_RANGE_LOOP_ANALYSIS = YES;
				CLANG_WARN_STRICT_PROTOTYPES = YES;
				CLANG_WARN_SUSPICIOUS_MOVE = YES;
				CLANG_WARN_UNGUARDED_AVAILABILITY = YES_AGGRESSIVE;
				CLANG_WARN_UNREACHABLE_CODE = YES;
				CLANG_WARN__DUPLICATE_METHOD_MATCH = YES;
				COPY_PHASE_STRIP = NO;
				DEBUG_INFORMATION_FORMAT = "dwarf-with-dsym";
				ENABLE_NS_ASSERTIONS = NO;
				ENABLE_STRICT_OBJC_MSGSEND = YES;
				ENABLE_USER_SCRIPT_SANDBOXING = YES;
				GCC_C_LANGUAGE_STANDARD = gnu17;
				GCC_NO_COMMON_BLOCKS = YES;
				GCC_WARN_64_TO_32_BIT_CONVERSION = YES;
				GCC_WARN_ABOUT_RETURN_TYPE = YES_ERROR;
				GCC_WARN_UNDECLARED_SELECTOR = YES;
				GCC_WARN_UNINITIALIZED_AUTOS = YES_AGGRESSIVE;
				GCC_WARN_UNUSED_FUNCTION = YES;
				GCC_WARN_UNUSED_VARIABLE = YES;
				IPHONEOS_DEPLOYMENT_TARGET = 17.0;
				LOCALIZATION_PREFERS_STRING_CATALOGS = YES;
				MTL_ENABLE_DEBUG_INFO = NO;
				MTL_FAST_MATH = YES;
				SDKROOT = iphoneos;
				SWIFT_COMPILATION_MODE = wholemodule;
				VALIDATE_PRODUCT = YES;
			};
			name = Release;
		};
		D6D0104C2AC6C60900EC51FB /* Debug */ = {
			isa = XCBuildConfiguration;
			buildSettings = {
				ASSETCATALOG_COMPILER_APPICON_NAME = "app-icon";
				ASSETCATALOG_COMPILER_GLOBAL_ACCENT_COLOR_NAME = "primary-accent";
				CODE_SIGN_ENTITLEMENTS = Greenovation/Greenovation.entitlements;
				CODE_SIGN_IDENTITY = "Apple Development";
				CODE_SIGN_STYLE = Automatic;
				CURRENT_PROJECT_VERSION = 1;
				DEVELOPMENT_TEAM = 47BZXPDJKC;
				GENERATE_INFOPLIST_FILE = YES;
				INFOPLIST_FILE = Greenovation/Resources/Info.plist;
				INFOPLIST_KEY_CFBundleDisplayName = Greenovation;
				INFOPLIST_KEY_LSApplicationCategoryType = "public.app-category.productivity";
				INFOPLIST_KEY_UIApplicationSupportsIndirectInputEvents = YES;
				INFOPLIST_KEY_UILaunchStoryboardName = LaunchScreen;
				INFOPLIST_KEY_UISupportedInterfaceOrientations_iPad = "UIInterfaceOrientationPortrait UIInterfaceOrientationPortraitUpsideDown UIInterfaceOrientationLandscapeLeft UIInterfaceOrientationLandscapeRight";
				INFOPLIST_KEY_UISupportedInterfaceOrientations_iPhone = "UIInterfaceOrientationPortrait UIInterfaceOrientationLandscapeLeft UIInterfaceOrientationLandscapeRight";
				LD_RUNPATH_SEARCH_PATHS = (
					"$(inherited)",
					"@executable_path/Frameworks",
				);
				MARKETING_VERSION = 1.0;
				PRODUCT_BUNDLE_IDENTIFIER = "id.pak-eco.greenovation";
				PRODUCT_NAME = "$(TARGET_NAME)";
				PROVISIONING_PROFILE_SPECIFIER = "";
				SWIFT_EMIT_LOC_STRINGS = YES;
				SWIFT_VERSION = 5.0;
				TARGETED_DEVICE_FAMILY = "1,2";
			};
			name = Debug;
		};
		D6D0104D2AC6C60900EC51FB /* Release */ = {
			isa = XCBuildConfiguration;
			buildSettings = {
				ASSETCATALOG_COMPILER_APPICON_NAME = "app-icon";
				ASSETCATALOG_COMPILER_GLOBAL_ACCENT_COLOR_NAME = "primary-accent";
				CODE_SIGN_ENTITLEMENTS = Greenovation/Greenovation.entitlements;
				CODE_SIGN_IDENTITY = "Apple Development";
				CODE_SIGN_STYLE = Automatic;
				CURRENT_PROJECT_VERSION = 1;
				DEVELOPMENT_TEAM = 47BZXPDJKC;
				GENERATE_INFOPLIST_FILE = YES;
				INFOPLIST_FILE = Greenovation/Resources/Info.plist;
				INFOPLIST_KEY_CFBundleDisplayName = Greenovation;
				INFOPLIST_KEY_LSApplicationCategoryType = "public.app-category.productivity";
				INFOPLIST_KEY_UIApplicationSupportsIndirectInputEvents = YES;
				INFOPLIST_KEY_UILaunchStoryboardName = LaunchScreen;
				INFOPLIST_KEY_UISupportedInterfaceOrientations_iPad = "UIInterfaceOrientationPortrait UIInterfaceOrientationPortraitUpsideDown UIInterfaceOrientationLandscapeLeft UIInterfaceOrientationLandscapeRight";
				INFOPLIST_KEY_UISupportedInterfaceOrientations_iPhone = "UIInterfaceOrientationPortrait UIInterfaceOrientationLandscapeLeft UIInterfaceOrientationLandscapeRight";
				LD_RUNPATH_SEARCH_PATHS = (
					"$(inherited)",
					"@executable_path/Frameworks",
				);
				MARKETING_VERSION = 1.0;
				PRODUCT_BUNDLE_IDENTIFIER = "id.pak-eco.greenovation";
				PRODUCT_NAME = "$(TARGET_NAME)";
				PROVISIONING_PROFILE_SPECIFIER = "";
				SWIFT_EMIT_LOC_STRINGS = YES;
				SWIFT_VERSION = 5.0;
				TARGETED_DEVICE_FAMILY = "1,2";
			};
			name = Release;
		};
		D6D0104F2AC6C60900EC51FB /* Debug */ = {
			isa = XCBuildConfiguration;
			buildSettings = {
				ALWAYS_EMBED_SWIFT_STANDARD_LIBRARIES = YES;
				BUNDLE_LOADER = "$(TEST_HOST)";
				CODE_SIGN_STYLE = Automatic;
				CURRENT_PROJECT_VERSION = 1;
				DEVELOPMENT_TEAM = 47BZXPDJKC;
				GENERATE_INFOPLIST_FILE = YES;
				IPHONEOS_DEPLOYMENT_TARGET = 17.0;
				MARKETING_VERSION = 1.0;
				PRODUCT_BUNDLE_IDENTIFIER = "id.pak-eco.Base-ProjectTests";
				PRODUCT_NAME = "$(TARGET_NAME)";
				SWIFT_EMIT_LOC_STRINGS = NO;
				SWIFT_VERSION = 5.0;
				TARGETED_DEVICE_FAMILY = "1,2";
				TEST_HOST = "$(BUILT_PRODUCTS_DIR)/Greenovation.app/$(BUNDLE_EXECUTABLE_FOLDER_PATH)/Greenovation";
			};
			name = Debug;
		};
		D6D010502AC6C60900EC51FB /* Release */ = {
			isa = XCBuildConfiguration;
			buildSettings = {
				ALWAYS_EMBED_SWIFT_STANDARD_LIBRARIES = YES;
				BUNDLE_LOADER = "$(TEST_HOST)";
				CODE_SIGN_STYLE = Automatic;
				CURRENT_PROJECT_VERSION = 1;
				DEVELOPMENT_TEAM = 47BZXPDJKC;
				GENERATE_INFOPLIST_FILE = YES;
				IPHONEOS_DEPLOYMENT_TARGET = 17.0;
				MARKETING_VERSION = 1.0;
				PRODUCT_BUNDLE_IDENTIFIER = "id.pak-eco.Base-ProjectTests";
				PRODUCT_NAME = "$(TARGET_NAME)";
				SWIFT_EMIT_LOC_STRINGS = NO;
				SWIFT_VERSION = 5.0;
				TARGETED_DEVICE_FAMILY = "1,2";
				TEST_HOST = "$(BUILT_PRODUCTS_DIR)/Greenovation.app/$(BUNDLE_EXECUTABLE_FOLDER_PATH)/Greenovation";
			};
			name = Release;
		};
		D6D010522AC6C60900EC51FB /* Debug */ = {
			isa = XCBuildConfiguration;
			buildSettings = {
				ALWAYS_EMBED_SWIFT_STANDARD_LIBRARIES = YES;
				CODE_SIGN_STYLE = Automatic;
				CURRENT_PROJECT_VERSION = 1;
				DEVELOPMENT_TEAM = 47BZXPDJKC;
				GENERATE_INFOPLIST_FILE = YES;
				MARKETING_VERSION = 1.0;
				PRODUCT_BUNDLE_IDENTIFIER = "id.pak-eco.Base-ProjectUITests";
				PRODUCT_NAME = "$(TARGET_NAME)";
				SWIFT_EMIT_LOC_STRINGS = NO;
				SWIFT_VERSION = 5.0;
				TARGETED_DEVICE_FAMILY = "1,2";
				TEST_TARGET_NAME = "Base Project";
			};
			name = Debug;
		};
		D6D010532AC6C60900EC51FB /* Release */ = {
			isa = XCBuildConfiguration;
			buildSettings = {
				ALWAYS_EMBED_SWIFT_STANDARD_LIBRARIES = YES;
				CODE_SIGN_STYLE = Automatic;
				CURRENT_PROJECT_VERSION = 1;
				DEVELOPMENT_TEAM = 47BZXPDJKC;
				GENERATE_INFOPLIST_FILE = YES;
				MARKETING_VERSION = 1.0;
				PRODUCT_BUNDLE_IDENTIFIER = "id.pak-eco.Base-ProjectUITests";
				PRODUCT_NAME = "$(TARGET_NAME)";
				SWIFT_EMIT_LOC_STRINGS = NO;
				SWIFT_VERSION = 5.0;
				TARGETED_DEVICE_FAMILY = "1,2";
				TEST_TARGET_NAME = "Base Project";
			};
			name = Release;
		};
/* End XCBuildConfiguration section */

/* Begin XCConfigurationList section */
		D6D0101C2AC6C60800EC51FB /* Build configuration list for PBXProject "Greenovation" */ = {
			isa = XCConfigurationList;
			buildConfigurations = (
				D6D010492AC6C60900EC51FB /* Debug */,
				D6D0104A2AC6C60900EC51FB /* Release */,
			);
			defaultConfigurationIsVisible = 0;
			defaultConfigurationName = Release;
		};
		D6D0104B2AC6C60900EC51FB /* Build configuration list for PBXNativeTarget "Greenovation" */ = {
			isa = XCConfigurationList;
			buildConfigurations = (
				D6D0104C2AC6C60900EC51FB /* Debug */,
				D6D0104D2AC6C60900EC51FB /* Release */,
			);
			defaultConfigurationIsVisible = 0;
			defaultConfigurationName = Release;
		};
		D6D0104E2AC6C60900EC51FB /* Build configuration list for PBXNativeTarget "GreenovationTests" */ = {
			isa = XCConfigurationList;
			buildConfigurations = (
				D6D0104F2AC6C60900EC51FB /* Debug */,
				D6D010502AC6C60900EC51FB /* Release */,
			);
			defaultConfigurationIsVisible = 0;
			defaultConfigurationName = Release;
		};
		D6D010512AC6C60900EC51FB /* Build configuration list for PBXNativeTarget "GreenovationUITests" */ = {
			isa = XCConfigurationList;
			buildConfigurations = (
				D6D010522AC6C60900EC51FB /* Debug */,
				D6D010532AC6C60900EC51FB /* Release */,
			);
			defaultConfigurationIsVisible = 0;
			defaultConfigurationName = Release;
		};
/* End XCConfigurationList section */

/* Begin XCRemoteSwiftPackageReference section */
		D640E1F02AC73809007E993F /* XCRemoteSwiftPackageReference "Alamofire" */ = {
			isa = XCRemoteSwiftPackageReference;
			repositoryURL = "https://github.com/Alamofire/Alamofire.git";
			requirement = {
				kind = upToNextMajorVersion;
				minimumVersion = 5.8.0;
			};
		};
		D6E50C122ACD59CF00375F9A /* XCRemoteSwiftPackageReference "firebase-ios-sdk" */ = {
			isa = XCRemoteSwiftPackageReference;
			repositoryURL = "https://github.com/firebase/firebase-ios-sdk";
			requirement = {
				kind = upToNextMajorVersion;
				minimumVersion = 10.16.0;
			};
		};
/* End XCRemoteSwiftPackageReference section */

/* Begin XCSwiftPackageProductDependency section */
		D6DFD63B2AE7C6DF00215428 /* Alamofire */ = {
			isa = XCSwiftPackageProductDependency;
			package = D640E1F02AC73809007E993F /* XCRemoteSwiftPackageReference "Alamofire" */;
			productName = Alamofire;
		};
		D6DFD63D2AE7C6DF00215428 /* FirebaseAnalytics */ = {
			isa = XCSwiftPackageProductDependency;
			package = D6E50C122ACD59CF00375F9A /* XCRemoteSwiftPackageReference "firebase-ios-sdk" */;
			productName = FirebaseAnalytics;
		};
		D6DFD63F2AE7C6DF00215428 /* FirebaseAnalyticsSwift */ = {
			isa = XCSwiftPackageProductDependency;
			package = D6E50C122ACD59CF00375F9A /* XCRemoteSwiftPackageReference "firebase-ios-sdk" */;
			productName = FirebaseAnalyticsSwift;
		};
		D6DFD6412AE7C6DF00215428 /* FirebaseAuth */ = {
			isa = XCSwiftPackageProductDependency;
			package = D6E50C122ACD59CF00375F9A /* XCRemoteSwiftPackageReference "firebase-ios-sdk" */;
			productName = FirebaseAuth;
		};
		D6DFD6432AE7C6DF00215428 /* FirebaseDatabase */ = {
			isa = XCSwiftPackageProductDependency;
			package = D6E50C122ACD59CF00375F9A /* XCRemoteSwiftPackageReference "firebase-ios-sdk" */;
			productName = FirebaseDatabase;
		};
		D6DFD6452AE7C6DF00215428 /* FirebaseDatabaseSwift */ = {
			isa = XCSwiftPackageProductDependency;
			package = D6E50C122ACD59CF00375F9A /* XCRemoteSwiftPackageReference "firebase-ios-sdk" */;
			productName = FirebaseDatabaseSwift;
		};
		D6DFD6472AE7C6DF00215428 /* FirebaseFirestore */ = {
			isa = XCSwiftPackageProductDependency;
			package = D6E50C122ACD59CF00375F9A /* XCRemoteSwiftPackageReference "firebase-ios-sdk" */;
			productName = FirebaseFirestore;
		};
		D6DFD6492AE7C6DF00215428 /* FirebaseFirestoreSwift */ = {
			isa = XCSwiftPackageProductDependency;
			package = D6E50C122ACD59CF00375F9A /* XCRemoteSwiftPackageReference "firebase-ios-sdk" */;
			productName = FirebaseFirestoreSwift;
		};
		D6DFD64B2AE7C6DF00215428 /* FirebaseMessaging */ = {
			isa = XCSwiftPackageProductDependency;
			package = D6E50C122ACD59CF00375F9A /* XCRemoteSwiftPackageReference "firebase-ios-sdk" */;
			productName = FirebaseMessaging;
		};
/* End XCSwiftPackageProductDependency section */
	};
	rootObject = D6D010192AC6C60800EC51FB /* Project object */;
}
